// !$*UTF8*$!
{
	archiveVersion = 1;
	classes = {
	};
	objectVersion = 52;
	objects = {

/* Begin PBXBuildFile section */
		3864D5C624A768CB00A94E05 /* Tests_iOS.swift in Sources */ = {isa = PBXBuildFile; fileRef = 3864D5C524A768CB00A94E05 /* Tests_iOS.swift */; };
		3864D5D124A768CB00A94E05 /* Tests_macOS.swift in Sources */ = {isa = PBXBuildFile; fileRef = 3864D5D024A768CB00A94E05 /* Tests_macOS.swift */; };
		3864D5D324A768CB00A94E05 /* LicensesApp.swift in Sources */ = {isa = PBXBuildFile; fileRef = 3864D5AA24A768C900A94E05 /* LicensesApp.swift */; };
		3864D5D424A768CB00A94E05 /* LicensesApp.swift in Sources */ = {isa = PBXBuildFile; fileRef = 3864D5AA24A768C900A94E05 /* LicensesApp.swift */; };
		3864D5EA24A7695900A94E05 /* Aphrodite in Frameworks */ = {isa = PBXBuildFile; productRef = 3864D5E924A7695900A94E05 /* Aphrodite */; };
		3864D5ED24A7695F00A94E05 /* Aphrodite in Frameworks */ = {isa = PBXBuildFile; productRef = 3864D5EC24A7695F00A94E05 /* Aphrodite */; };
		3864D64424A7698800A94E05 /* Colors.xcassets in Resources */ = {isa = PBXBuildFile; fileRef = 3864D5F124A7698800A94E05 /* Colors.xcassets */; };
		3864D64524A7698800A94E05 /* Colors.xcassets in Resources */ = {isa = PBXBuildFile; fileRef = 3864D5F124A7698800A94E05 /* Colors.xcassets */; };
		3864D64824A7698800A94E05 /* JSONDecoderExtensions.swift in Sources */ = {isa = PBXBuildFile; fileRef = 3864D5F624A7698800A94E05 /* JSONDecoderExtensions.swift */; };
		3864D64924A7698800A94E05 /* JSONDecoderExtensions.swift in Sources */ = {isa = PBXBuildFile; fileRef = 3864D5F624A7698800A94E05 /* JSONDecoderExtensions.swift */; };
		3864D64A24A7698800A94E05 /* NSRegularExpressionExtensions.swift in Sources */ = {isa = PBXBuildFile; fileRef = 3864D5F724A7698800A94E05 /* NSRegularExpressionExtensions.swift */; };
		3864D64B24A7698800A94E05 /* NSRegularExpressionExtensions.swift in Sources */ = {isa = PBXBuildFile; fileRef = 3864D5F724A7698800A94E05 /* NSRegularExpressionExtensions.swift */; };
		3864D64C24A7698800A94E05 /* StringExtensions.swift in Sources */ = {isa = PBXBuildFile; fileRef = 3864D5F824A7698800A94E05 /* StringExtensions.swift */; };
		3864D64D24A7698800A94E05 /* StringExtensions.swift in Sources */ = {isa = PBXBuildFile; fileRef = 3864D5F824A7698800A94E05 /* StringExtensions.swift */; };
		3864D64E24A7698800A94E05 /* JSONEncoderExtensions.swift in Sources */ = {isa = PBXBuildFile; fileRef = 3864D5F924A7698800A94E05 /* JSONEncoderExtensions.swift */; };
		3864D64F24A7698800A94E05 /* JSONEncoderExtensions.swift in Sources */ = {isa = PBXBuildFile; fileRef = 3864D5F924A7698800A94E05 /* JSONEncoderExtensions.swift */; };
		3864D65024A7698800A94E05 /* FileDropArea.swift in Sources */ = {isa = PBXBuildFile; fileRef = 3864D5FB24A7698800A94E05 /* FileDropArea.swift */; };
		3864D65124A7698800A94E05 /* FileDropArea.swift in Sources */ = {isa = PBXBuildFile; fileRef = 3864D5FB24A7698800A94E05 /* FileDropArea.swift */; };
		3864D65224A7698800A94E05 /* RepositoryDetail.swift in Sources */ = {isa = PBXBuildFile; fileRef = 3864D5FC24A7698800A94E05 /* RepositoryDetail.swift */; };
		3864D65324A7698800A94E05 /* RepositoryDetail.swift in Sources */ = {isa = PBXBuildFile; fileRef = 3864D5FC24A7698800A94E05 /* RepositoryDetail.swift */; };
		3864D65624A7698800A94E05 /* ProgressBar.swift in Sources */ = {isa = PBXBuildFile; fileRef = 3864D5FE24A7698800A94E05 /* ProgressBar.swift */; };
		3864D65724A7698800A94E05 /* ProgressBar.swift in Sources */ = {isa = PBXBuildFile; fileRef = 3864D5FE24A7698800A94E05 /* ProgressBar.swift */; };
		3864D65824A7698800A94E05 /* RespositoryList.swift in Sources */ = {isa = PBXBuildFile; fileRef = 3864D5FF24A7698800A94E05 /* RespositoryList.swift */; };
		3864D65924A7698800A94E05 /* RespositoryList.swift in Sources */ = {isa = PBXBuildFile; fileRef = 3864D5FF24A7698800A94E05 /* RespositoryList.swift */; };
		3864D65A24A7698800A94E05 /* ContentView.swift in Sources */ = {isa = PBXBuildFile; fileRef = 3864D60024A7698800A94E05 /* ContentView.swift */; };
		3864D65B24A7698800A94E05 /* ContentView.swift in Sources */ = {isa = PBXBuildFile; fileRef = 3864D60024A7698800A94E05 /* ContentView.swift */; };
		3864D65C24A7698800A94E05 /* GithubRequestLimitView.swift in Sources */ = {isa = PBXBuildFile; fileRef = 3864D60124A7698800A94E05 /* GithubRequestLimitView.swift */; };
		3864D65D24A7698800A94E05 /* GithubRequestLimitView.swift in Sources */ = {isa = PBXBuildFile; fileRef = 3864D60124A7698800A94E05 /* GithubRequestLimitView.swift */; };
		3864D65E24A7698800A94E05 /* StoreProvider.swift in Sources */ = {isa = PBXBuildFile; fileRef = 3864D60224A7698800A94E05 /* StoreProvider.swift */; };
		3864D65F24A7698800A94E05 /* StoreProvider.swift in Sources */ = {isa = PBXBuildFile; fileRef = 3864D60224A7698800A94E05 /* StoreProvider.swift */; };
		3864D66024A7698800A94E05 /* Github.swift in Sources */ = {isa = PBXBuildFile; fileRef = 3864D60524A7698800A94E05 /* Github.swift */; };
		3864D66124A7698800A94E05 /* Github.swift in Sources */ = {isa = PBXBuildFile; fileRef = 3864D60524A7698800A94E05 /* Github.swift */; };
		3864D66224A7698800A94E05 /* CocoaPodsTrunk.swift in Sources */ = {isa = PBXBuildFile; fileRef = 3864D60624A7698800A94E05 /* CocoaPodsTrunk.swift */; };
		3864D66324A7698800A94E05 /* CocoaPodsTrunk.swift in Sources */ = {isa = PBXBuildFile; fileRef = 3864D60624A7698800A94E05 /* CocoaPodsTrunk.swift */; };
		3864D66424A7698800A94E05 /* Generic.swift in Sources */ = {isa = PBXBuildFile; fileRef = 3864D60724A7698800A94E05 /* Generic.swift */; };
		3864D66524A7698800A94E05 /* Generic.swift in Sources */ = {isa = PBXBuildFile; fileRef = 3864D60724A7698800A94E05 /* Generic.swift */; };
		3864D66624A7698800A94E05 /* GithubRequestStatusFactory.swift in Sources */ = {isa = PBXBuildFile; fileRef = 3864D60924A7698800A94E05 /* GithubRequestStatusFactory.swift */; };
		3864D66724A7698800A94E05 /* GithubRequestStatusFactory.swift in Sources */ = {isa = PBXBuildFile; fileRef = 3864D60924A7698800A94E05 /* GithubRequestStatusFactory.swift */; };
		3864D66824A7698800A94E05 /* AuthPlugin.swift in Sources */ = {isa = PBXBuildFile; fileRef = 3864D60A24A7698800A94E05 /* AuthPlugin.swift */; };
		3864D66924A7698800A94E05 /* AuthPlugin.swift in Sources */ = {isa = PBXBuildFile; fileRef = 3864D60A24A7698800A94E05 /* AuthPlugin.swift */; };
		3864D66A24A7698800A94E05 /* RemainingGithubRequestsPlugin.swift in Sources */ = {isa = PBXBuildFile; fileRef = 3864D60B24A7698800A94E05 /* RemainingGithubRequestsPlugin.swift */; };
		3864D66B24A7698800A94E05 /* RemainingGithubRequestsPlugin.swift in Sources */ = {isa = PBXBuildFile; fileRef = 3864D60B24A7698800A94E05 /* RemainingGithubRequestsPlugin.swift */; };
		3864D66C24A7698800A94E05 /* DomainErrorFactory.swift in Sources */ = {isa = PBXBuildFile; fileRef = 3864D60C24A7698800A94E05 /* DomainErrorFactory.swift */; };
		3864D66D24A7698800A94E05 /* DomainErrorFactory.swift in Sources */ = {isa = PBXBuildFile; fileRef = 3864D60C24A7698800A94E05 /* DomainErrorFactory.swift */; };
		3864D66E24A7698800A94E05 /* API.swift in Sources */ = {isa = PBXBuildFile; fileRef = 3864D60D24A7698800A94E05 /* API.swift */; };
		3864D66F24A7698800A94E05 /* API.swift in Sources */ = {isa = PBXBuildFile; fileRef = 3864D60D24A7698800A94E05 /* API.swift */; };
		3864D67024A7698800A94E05 /* PodSpecEntity.swift in Sources */ = {isa = PBXBuildFile; fileRef = 3864D60F24A7698800A94E05 /* PodSpecEntity.swift */; };
		3864D67124A7698800A94E05 /* PodSpecEntity.swift in Sources */ = {isa = PBXBuildFile; fileRef = 3864D60F24A7698800A94E05 /* PodSpecEntity.swift */; };
		3864D67224A7698800A94E05 /* LicenseEntity.swift in Sources */ = {isa = PBXBuildFile; fileRef = 3864D61024A7698800A94E05 /* LicenseEntity.swift */; };
		3864D67324A7698800A94E05 /* LicenseEntity.swift in Sources */ = {isa = PBXBuildFile; fileRef = 3864D61024A7698800A94E05 /* LicenseEntity.swift */; };
		3864D67424A7698800A94E05 /* LinksEntity.swift in Sources */ = {isa = PBXBuildFile; fileRef = 3864D61124A7698800A94E05 /* LinksEntity.swift */; };
		3864D67524A7698800A94E05 /* LinksEntity.swift in Sources */ = {isa = PBXBuildFile; fileRef = 3864D61124A7698800A94E05 /* LinksEntity.swift */; };
		3864D67624A7698800A94E05 /* TrunkResponseModelMapper.swift in Sources */ = {isa = PBXBuildFile; fileRef = 3864D61224A7698800A94E05 /* TrunkResponseModelMapper.swift */; };
		3864D67724A7698800A94E05 /* TrunkResponseModelMapper.swift in Sources */ = {isa = PBXBuildFile; fileRef = 3864D61224A7698800A94E05 /* TrunkResponseModelMapper.swift */; };
		3864D67824A7698800A94E05 /* TrunkResponse.swift in Sources */ = {isa = PBXBuildFile; fileRef = 3864D61324A7698800A94E05 /* TrunkResponse.swift */; };
		3864D67924A7698800A94E05 /* TrunkResponse.swift in Sources */ = {isa = PBXBuildFile; fileRef = 3864D61324A7698800A94E05 /* TrunkResponse.swift */; };
		3864D67A24A7698800A94E05 /* GithubLicenseEntity.swift in Sources */ = {isa = PBXBuildFile; fileRef = 3864D61424A7698800A94E05 /* GithubLicenseEntity.swift */; };
		3864D67B24A7698800A94E05 /* GithubLicenseEntity.swift in Sources */ = {isa = PBXBuildFile; fileRef = 3864D61424A7698800A94E05 /* GithubLicenseEntity.swift */; };
		3864D67C24A7698800A94E05 /* TrunkResponseEntity.swift in Sources */ = {isa = PBXBuildFile; fileRef = 3864D61524A7698800A94E05 /* TrunkResponseEntity.swift */; };
		3864D67D24A7698800A94E05 /* TrunkResponseEntity.swift in Sources */ = {isa = PBXBuildFile; fileRef = 3864D61524A7698800A94E05 /* TrunkResponseEntity.swift */; };
		3864D67E24A7698800A94E05 /* AppState.swift in Sources */ = {isa = PBXBuildFile; fileRef = 3864D61724A7698800A94E05 /* AppState.swift */; };
		3864D67F24A7698800A94E05 /* AppState.swift in Sources */ = {isa = PBXBuildFile; fileRef = 3864D61724A7698800A94E05 /* AppState.swift */; };
		3864D68024A7698800A94E05 /* Reducer.swift in Sources */ = {isa = PBXBuildFile; fileRef = 3864D61824A7698800A94E05 /* Reducer.swift */; };
		3864D68124A7698800A94E05 /* Reducer.swift in Sources */ = {isa = PBXBuildFile; fileRef = 3864D61824A7698800A94E05 /* Reducer.swift */; };
		3864D68224A7698800A94E05 /* ViewStoreProvider.swift in Sources */ = {isa = PBXBuildFile; fileRef = 3864D61924A7698800A94E05 /* ViewStoreProvider.swift */; };
		3864D68324A7698800A94E05 /* ViewStoreProvider.swift in Sources */ = {isa = PBXBuildFile; fileRef = 3864D61924A7698800A94E05 /* ViewStoreProvider.swift */; };
		3864D68424A7698800A94E05 /* AppAction.swift in Sources */ = {isa = PBXBuildFile; fileRef = 3864D61A24A7698800A94E05 /* AppAction.swift */; };
		3864D68524A7698800A94E05 /* AppAction.swift in Sources */ = {isa = PBXBuildFile; fileRef = 3864D61A24A7698800A94E05 /* AppAction.swift */; };
		3864D68624A7698800A94E05 /* ReducerFactory.swift in Sources */ = {isa = PBXBuildFile; fileRef = 3864D61B24A7698800A94E05 /* ReducerFactory.swift */; };
		3864D68724A7698800A94E05 /* ReducerFactory.swift in Sources */ = {isa = PBXBuildFile; fileRef = 3864D61B24A7698800A94E05 /* ReducerFactory.swift */; };
		3864D68824A7698800A94E05 /* Store.swift in Sources */ = {isa = PBXBuildFile; fileRef = 3864D61C24A7698800A94E05 /* Store.swift */; };
		3864D68924A7698800A94E05 /* Store.swift in Sources */ = {isa = PBXBuildFile; fileRef = 3864D61C24A7698800A94E05 /* Store.swift */; };
		3864D68A24A7698800A94E05 /* SideEffect.swift in Sources */ = {isa = PBXBuildFile; fileRef = 3864D61D24A7698800A94E05 /* SideEffect.swift */; };
		3864D68B24A7698800A94E05 /* SideEffect.swift in Sources */ = {isa = PBXBuildFile; fileRef = 3864D61D24A7698800A94E05 /* SideEffect.swift */; };
		3864D68C24A7698800A94E05 /* AppEnvironment.swift in Sources */ = {isa = PBXBuildFile; fileRef = 3864D61E24A7698800A94E05 /* AppEnvironment.swift */; };
		3864D68D24A7698800A94E05 /* AppEnvironment.swift in Sources */ = {isa = PBXBuildFile; fileRef = 3864D61E24A7698800A94E05 /* AppEnvironment.swift */; };
		3864D68E24A7698800A94E05 /* ViewStore.swift in Sources */ = {isa = PBXBuildFile; fileRef = 3864D61F24A7698800A94E05 /* ViewStore.swift */; };
		3864D68F24A7698800A94E05 /* ViewStore.swift in Sources */ = {isa = PBXBuildFile; fileRef = 3864D61F24A7698800A94E05 /* ViewStore.swift */; };
		3864D69224A7698800A94E05 /* ResolvedPackages.swift in Sources */ = {isa = PBXBuildFile; fileRef = 3864D62324A7698800A94E05 /* ResolvedPackages.swift */; };
		3864D69324A7698800A94E05 /* ResolvedPackages.swift in Sources */ = {isa = PBXBuildFile; fileRef = 3864D62324A7698800A94E05 /* ResolvedPackages.swift */; };
		3864D69424A7698800A94E05 /* ManifestDecoder.swift in Sources */ = {isa = PBXBuildFile; fileRef = 3864D62624A7698800A94E05 /* ManifestDecoder.swift */; };
		3864D69524A7698800A94E05 /* ManifestDecoder.swift in Sources */ = {isa = PBXBuildFile; fileRef = 3864D62624A7698800A94E05 /* ManifestDecoder.swift */; };
		3864D69624A7698800A94E05 /* ManifestCollector.swift in Sources */ = {isa = PBXBuildFile; fileRef = 3864D62724A7698800A94E05 /* ManifestCollector.swift */; };
		3864D69724A7698800A94E05 /* ManifestCollector.swift in Sources */ = {isa = PBXBuildFile; fileRef = 3864D62724A7698800A94E05 /* ManifestCollector.swift */; };
		3864D69824A7698800A94E05 /* CarthageManifestDecodingStrategy.swift in Sources */ = {isa = PBXBuildFile; fileRef = 3864D62924A7698800A94E05 /* CarthageManifestDecodingStrategy.swift */; };
		3864D69924A7698800A94E05 /* CarthageManifestDecodingStrategy.swift in Sources */ = {isa = PBXBuildFile; fileRef = 3864D62924A7698800A94E05 /* CarthageManifestDecodingStrategy.swift */; };
		3864D69A24A7698800A94E05 /* ManifestDecodingStrategy.swift in Sources */ = {isa = PBXBuildFile; fileRef = 3864D62A24A7698800A94E05 /* ManifestDecodingStrategy.swift */; };
		3864D69B24A7698800A94E05 /* ManifestDecodingStrategy.swift in Sources */ = {isa = PBXBuildFile; fileRef = 3864D62A24A7698800A94E05 /* ManifestDecodingStrategy.swift */; };
		3864D69C24A7698800A94E05 /* CocoaPodsPackageDecodingStrategy.swift in Sources */ = {isa = PBXBuildFile; fileRef = 3864D62B24A7698800A94E05 /* CocoaPodsPackageDecodingStrategy.swift */; };
		3864D69D24A7698800A94E05 /* CocoaPodsPackageDecodingStrategy.swift in Sources */ = {isa = PBXBuildFile; fileRef = 3864D62B24A7698800A94E05 /* CocoaPodsPackageDecodingStrategy.swift */; };
		3864D69E24A7698800A94E05 /* SwiftPmManifestDecodingStrategy.swift in Sources */ = {isa = PBXBuildFile; fileRef = 3864D62C24A7698800A94E05 /* SwiftPmManifestDecodingStrategy.swift */; };
		3864D69F24A7698800A94E05 /* SwiftPmManifestDecodingStrategy.swift in Sources */ = {isa = PBXBuildFile; fileRef = 3864D62C24A7698800A94E05 /* SwiftPmManifestDecodingStrategy.swift */; };
		3864D6A024A7698800A94E05 /* RegexPatterns.swift in Sources */ = {isa = PBXBuildFile; fileRef = 3864D62D24A7698800A94E05 /* RegexPatterns.swift */; };
		3864D6A124A7698800A94E05 /* RegexPatterns.swift in Sources */ = {isa = PBXBuildFile; fileRef = 3864D62D24A7698800A94E05 /* RegexPatterns.swift */; };
		3864D6A224A7698800A94E05 /* LicenseProcessor.swift in Sources */ = {isa = PBXBuildFile; fileRef = 3864D62F24A7698800A94E05 /* LicenseProcessor.swift */; };
		3864D6A324A7698800A94E05 /* LicenseProcessor.swift in Sources */ = {isa = PBXBuildFile; fileRef = 3864D62F24A7698800A94E05 /* LicenseProcessor.swift */; };
		3864D6A424A7698800A94E05 /* CocoaPodsRepositoryProcessor.swift in Sources */ = {isa = PBXBuildFile; fileRef = 3864D63024A7698800A94E05 /* CocoaPodsRepositoryProcessor.swift */; };
		3864D6A524A7698800A94E05 /* CocoaPodsRepositoryProcessor.swift in Sources */ = {isa = PBXBuildFile; fileRef = 3864D63024A7698800A94E05 /* CocoaPodsRepositoryProcessor.swift */; };
		3864D6A624A7698800A94E05 /* GithubLicenseModelMapper.swift in Sources */ = {isa = PBXBuildFile; fileRef = 3864D63224A7698800A94E05 /* GithubLicenseModelMapper.swift */; };
		3864D6A724A7698800A94E05 /* GithubLicenseModelMapper.swift in Sources */ = {isa = PBXBuildFile; fileRef = 3864D63224A7698800A94E05 /* GithubLicenseModelMapper.swift */; };
		3864D6A824A7698800A94E05 /* GithubRepositoryUrlEncoder.swift in Sources */ = {isa = PBXBuildFile; fileRef = 3864D63324A7698800A94E05 /* GithubRepositoryUrlEncoder.swift */; };
		3864D6A924A7698800A94E05 /* GithubRepositoryUrlEncoder.swift in Sources */ = {isa = PBXBuildFile; fileRef = 3864D63324A7698800A94E05 /* GithubRepositoryUrlEncoder.swift */; };
		3864D6AA24A7698800A94E05 /* LicenseModelMapper.swift in Sources */ = {isa = PBXBuildFile; fileRef = 3864D63424A7698800A94E05 /* LicenseModelMapper.swift */; };
		3864D6AB24A7698800A94E05 /* LicenseModelMapper.swift in Sources */ = {isa = PBXBuildFile; fileRef = 3864D63424A7698800A94E05 /* LicenseModelMapper.swift */; };
		3864D6AC24A7698800A94E05 /* GithubRequestStatus.swift in Sources */ = {isa = PBXBuildFile; fileRef = 3864D63524A7698800A94E05 /* GithubRequestStatus.swift */; };
		3864D6AD24A7698800A94E05 /* GithubRequestStatus.swift in Sources */ = {isa = PBXBuildFile; fileRef = 3864D63524A7698800A94E05 /* GithubRequestStatus.swift */; };
		3864D6AE24A7698800A94E05 /* Links.swift in Sources */ = {isa = PBXBuildFile; fileRef = 3864D63624A7698800A94E05 /* Links.swift */; };
		3864D6AF24A7698800A94E05 /* Links.swift in Sources */ = {isa = PBXBuildFile; fileRef = 3864D63624A7698800A94E05 /* Links.swift */; };
		3864D6B024A7698800A94E05 /* GithubRepository.swift in Sources */ = {isa = PBXBuildFile; fileRef = 3864D63724A7698800A94E05 /* GithubRepository.swift */; };
		3864D6B124A7698800A94E05 /* GithubRepository.swift in Sources */ = {isa = PBXBuildFile; fileRef = 3864D63724A7698800A94E05 /* GithubRepository.swift */; };
		3864D6B224A7698800A94E05 /* GithubRepositoryUrlDecoder.swift in Sources */ = {isa = PBXBuildFile; fileRef = 3864D63824A7698800A94E05 /* GithubRepositoryUrlDecoder.swift */; };
		3864D6B324A7698800A94E05 /* GithubRepositoryUrlDecoder.swift in Sources */ = {isa = PBXBuildFile; fileRef = 3864D63824A7698800A94E05 /* GithubRepositoryUrlDecoder.swift */; };
		3864D6B424A7698800A94E05 /* GithubLicense.swift in Sources */ = {isa = PBXBuildFile; fileRef = 3864D63924A7698800A94E05 /* GithubLicense.swift */; };
		3864D6B524A7698800A94E05 /* GithubLicense.swift in Sources */ = {isa = PBXBuildFile; fileRef = 3864D63924A7698800A94E05 /* GithubLicense.swift */; };
		3864D6B624A7698800A94E05 /* License.swift in Sources */ = {isa = PBXBuildFile; fileRef = 3864D63A24A7698800A94E05 /* License.swift */; };
		3864D6B724A7698800A94E05 /* License.swift in Sources */ = {isa = PBXBuildFile; fileRef = 3864D63A24A7698800A94E05 /* License.swift */; };
		3864D6B824A7698800A94E05 /* Repository.swift in Sources */ = {isa = PBXBuildFile; fileRef = 3864D63B24A7698800A94E05 /* Repository.swift */; };
		3864D6B924A7698800A94E05 /* Repository.swift in Sources */ = {isa = PBXBuildFile; fileRef = 3864D63B24A7698800A94E05 /* Repository.swift */; };
		3864D6BA24A7698800A94E05 /* LinksModelMapper.swift in Sources */ = {isa = PBXBuildFile; fileRef = 3864D63C24A7698800A94E05 /* LinksModelMapper.swift */; };
		3864D6BB24A7698800A94E05 /* LinksModelMapper.swift in Sources */ = {isa = PBXBuildFile; fileRef = 3864D63C24A7698800A94E05 /* LinksModelMapper.swift */; };
		3864D6BC24A7698800A94E05 /* PackageManager.swift in Sources */ = {isa = PBXBuildFile; fileRef = 3864D63D24A7698800A94E05 /* PackageManager.swift */; };
		3864D6BD24A7698800A94E05 /* PackageManager.swift in Sources */ = {isa = PBXBuildFile; fileRef = 3864D63D24A7698800A94E05 /* PackageManager.swift */; };
		3864D6CF24A76BBF00A94E05 /* .swiftlint.yml in Resources */ = {isa = PBXBuildFile; fileRef = 3864D6CE24A76BBF00A94E05 /* .swiftlint.yml */; };
		3864D6D024A76BBF00A94E05 /* .swiftlint.yml in Resources */ = {isa = PBXBuildFile; fileRef = 3864D6CE24A76BBF00A94E05 /* .swiftlint.yml */; };
		3864D6D724A76CE500A94E05 /* Test.swift in Sources */ = {isa = PBXBuildFile; fileRef = 3864D6D624A76CE500A94E05 /* Test.swift */; };
		3864D6D824A76CE500A94E05 /* Test.swift in Sources */ = {isa = PBXBuildFile; fileRef = 3864D6D624A76CE500A94E05 /* Test.swift */; };
		3864D6DA24A76CEC00A94E05 /* Test2.swift in Sources */ = {isa = PBXBuildFile; fileRef = 3864D6D924A76CEC00A94E05 /* Test2.swift */; };
		3864D6DB24A76CEC00A94E05 /* Test2.swift in Sources */ = {isa = PBXBuildFile; fileRef = 3864D6D924A76CEC00A94E05 /* Test2.swift */; };
		3864D6DD24A76DA600A94E05 /* Assets.swift in Sources */ = {isa = PBXBuildFile; fileRef = 3864D6DC24A76DA600A94E05 /* Assets.swift */; };
		3864D6DE24A76DA600A94E05 /* Assets.swift in Sources */ = {isa = PBXBuildFile; fileRef = 3864D6DC24A76DA600A94E05 /* Assets.swift */; };
		3864D6E024A76EA800A94E05 /* Images.xcassets in Resources */ = {isa = PBXBuildFile; fileRef = 3864D6DF24A76EA800A94E05 /* Images.xcassets */; };
		3864D6E124A76EA800A94E05 /* Images.xcassets in Resources */ = {isa = PBXBuildFile; fileRef = 3864D6DF24A76EA800A94E05 /* Images.xcassets */; };
		3864D6E524A770BD00A94E05 /* Localizable.strings in Resources */ = {isa = PBXBuildFile; fileRef = 3864D6E824A770BD00A94E05 /* Localizable.strings */; };
		3864D6E624A770BD00A94E05 /* Localizable.strings in Resources */ = {isa = PBXBuildFile; fileRef = 3864D6E824A770BD00A94E05 /* Localizable.strings */; };
		3864D6EB24A7717700A94E05 /* Strings.swift in Sources */ = {isa = PBXBuildFile; fileRef = 3864D6EA24A7717700A94E05 /* Strings.swift */; };
		3864D6EC24A7717700A94E05 /* Strings.swift in Sources */ = {isa = PBXBuildFile; fileRef = 3864D6EA24A7717700A94E05 /* Strings.swift */; };
		388F5A0824A77BC800D2C098 /* Manifest.swift in Sources */ = {isa = PBXBuildFile; fileRef = 388F5A0724A77BC800D2C098 /* Manifest.swift */; };
		388F5A0924A77BC800D2C098 /* Manifest.swift in Sources */ = {isa = PBXBuildFile; fileRef = 388F5A0724A77BC800D2C098 /* Manifest.swift */; };
/* End PBXBuildFile section */

/* Begin PBXContainerItemProxy section */
		3864D5C224A768CB00A94E05 /* PBXContainerItemProxy */ = {
			isa = PBXContainerItemProxy;
			containerPortal = 3864D5A524A768C900A94E05 /* Project object */;
			proxyType = 1;
			remoteGlobalIDString = 3864D5B024A768CB00A94E05;
			remoteInfo = iOS;
		};
		3864D5CD24A768CB00A94E05 /* PBXContainerItemProxy */ = {
			isa = PBXContainerItemProxy;
			containerPortal = 3864D5A524A768C900A94E05 /* Project object */;
			proxyType = 1;
			remoteGlobalIDString = 3864D5B824A768CB00A94E05;
			remoteInfo = macOS;
		};
/* End PBXContainerItemProxy section */

/* Begin PBXFileReference section */
		3864D5AA24A768C900A94E05 /* LicensesApp.swift */ = {isa = PBXFileReference; lastKnownFileType = sourcecode.swift; name = LicensesApp.swift; path = ../LicensesApp.swift; sourceTree = "<group>"; };
		3864D5B124A768CB00A94E05 /* Licenses.app */ = {isa = PBXFileReference; explicitFileType = wrapper.application; includeInIndex = 0; path = Licenses.app; sourceTree = BUILT_PRODUCTS_DIR; };
		3864D5B424A768CB00A94E05 /* Info.plist */ = {isa = PBXFileReference; lastKnownFileType = text.plist.xml; path = Info.plist; sourceTree = "<group>"; };
		3864D5B924A768CB00A94E05 /* Licenses.app */ = {isa = PBXFileReference; explicitFileType = wrapper.application; includeInIndex = 0; path = Licenses.app; sourceTree = BUILT_PRODUCTS_DIR; };
		3864D5BB24A768CB00A94E05 /* Info.plist */ = {isa = PBXFileReference; lastKnownFileType = text.plist.xml; path = Info.plist; sourceTree = "<group>"; };
		3864D5BC24A768CB00A94E05 /* Info.plist */ = {isa = PBXFileReference; lastKnownFileType = text.plist.xml; path = Info.plist; sourceTree = "<group>"; };
		3864D5C124A768CB00A94E05 /* Tests iOS.xctest */ = {isa = PBXFileReference; explicitFileType = wrapper.cfbundle; includeInIndex = 0; path = "Tests iOS.xctest"; sourceTree = BUILT_PRODUCTS_DIR; };
		3864D5C524A768CB00A94E05 /* Tests_iOS.swift */ = {isa = PBXFileReference; lastKnownFileType = sourcecode.swift; name = Tests_iOS.swift; path = ../Tests_iOS.swift; sourceTree = "<group>"; };
		3864D5C724A768CB00A94E05 /* Info.plist */ = {isa = PBXFileReference; lastKnownFileType = text.plist.xml; name = Info.plist; path = ../Info.plist; sourceTree = "<group>"; };
		3864D5CC24A768CB00A94E05 /* Tests macOS.xctest */ = {isa = PBXFileReference; explicitFileType = wrapper.cfbundle; includeInIndex = 0; path = "Tests macOS.xctest"; sourceTree = BUILT_PRODUCTS_DIR; };
		3864D5D024A768CB00A94E05 /* Tests_macOS.swift */ = {isa = PBXFileReference; lastKnownFileType = sourcecode.swift; name = Tests_macOS.swift; path = ../Tests_macOS.swift; sourceTree = "<group>"; };
		3864D5D224A768CB00A94E05 /* Info.plist */ = {isa = PBXFileReference; lastKnownFileType = text.plist.xml; name = Info.plist; path = ../Info.plist; sourceTree = "<group>"; };
		3864D5F124A7698800A94E05 /* Colors.xcassets */ = {isa = PBXFileReference; lastKnownFileType = folder.assetcatalog; path = Colors.xcassets; sourceTree = "<group>"; };
		3864D5F624A7698800A94E05 /* JSONDecoderExtensions.swift */ = {isa = PBXFileReference; fileEncoding = 4; lastKnownFileType = sourcecode.swift; path = JSONDecoderExtensions.swift; sourceTree = "<group>"; };
		3864D5F724A7698800A94E05 /* NSRegularExpressionExtensions.swift */ = {isa = PBXFileReference; fileEncoding = 4; lastKnownFileType = sourcecode.swift; path = NSRegularExpressionExtensions.swift; sourceTree = "<group>"; };
		3864D5F824A7698800A94E05 /* StringExtensions.swift */ = {isa = PBXFileReference; fileEncoding = 4; lastKnownFileType = sourcecode.swift; path = StringExtensions.swift; sourceTree = "<group>"; };
		3864D5F924A7698800A94E05 /* JSONEncoderExtensions.swift */ = {isa = PBXFileReference; fileEncoding = 4; lastKnownFileType = sourcecode.swift; path = JSONEncoderExtensions.swift; sourceTree = "<group>"; };
		3864D5FB24A7698800A94E05 /* FileDropArea.swift */ = {isa = PBXFileReference; fileEncoding = 4; lastKnownFileType = sourcecode.swift; path = FileDropArea.swift; sourceTree = "<group>"; };
		3864D5FC24A7698800A94E05 /* RepositoryDetail.swift */ = {isa = PBXFileReference; fileEncoding = 4; lastKnownFileType = sourcecode.swift; path = RepositoryDetail.swift; sourceTree = "<group>"; };
		3864D5FE24A7698800A94E05 /* ProgressBar.swift */ = {isa = PBXFileReference; fileEncoding = 4; lastKnownFileType = sourcecode.swift; path = ProgressBar.swift; sourceTree = "<group>"; };
		3864D5FF24A7698800A94E05 /* RespositoryList.swift */ = {isa = PBXFileReference; fileEncoding = 4; lastKnownFileType = sourcecode.swift; path = RespositoryList.swift; sourceTree = "<group>"; };
		3864D60024A7698800A94E05 /* ContentView.swift */ = {isa = PBXFileReference; fileEncoding = 4; lastKnownFileType = sourcecode.swift; path = ContentView.swift; sourceTree = "<group>"; };
		3864D60124A7698800A94E05 /* GithubRequestLimitView.swift */ = {isa = PBXFileReference; fileEncoding = 4; lastKnownFileType = sourcecode.swift; path = GithubRequestLimitView.swift; sourceTree = "<group>"; };
		3864D60224A7698800A94E05 /* StoreProvider.swift */ = {isa = PBXFileReference; fileEncoding = 4; lastKnownFileType = sourcecode.swift; path = StoreProvider.swift; sourceTree = "<group>"; };
		3864D60524A7698800A94E05 /* Github.swift */ = {isa = PBXFileReference; fileEncoding = 4; lastKnownFileType = sourcecode.swift; path = Github.swift; sourceTree = "<group>"; };
		3864D60624A7698800A94E05 /* CocoaPodsTrunk.swift */ = {isa = PBXFileReference; fileEncoding = 4; lastKnownFileType = sourcecode.swift; path = CocoaPodsTrunk.swift; sourceTree = "<group>"; };
		3864D60724A7698800A94E05 /* Generic.swift */ = {isa = PBXFileReference; fileEncoding = 4; lastKnownFileType = sourcecode.swift; path = Generic.swift; sourceTree = "<group>"; };
		3864D60924A7698800A94E05 /* GithubRequestStatusFactory.swift */ = {isa = PBXFileReference; fileEncoding = 4; lastKnownFileType = sourcecode.swift; path = GithubRequestStatusFactory.swift; sourceTree = "<group>"; };
		3864D60A24A7698800A94E05 /* AuthPlugin.swift */ = {isa = PBXFileReference; fileEncoding = 4; lastKnownFileType = sourcecode.swift; path = AuthPlugin.swift; sourceTree = "<group>"; };
		3864D60B24A7698800A94E05 /* RemainingGithubRequestsPlugin.swift */ = {isa = PBXFileReference; fileEncoding = 4; lastKnownFileType = sourcecode.swift; path = RemainingGithubRequestsPlugin.swift; sourceTree = "<group>"; };
		3864D60C24A7698800A94E05 /* DomainErrorFactory.swift */ = {isa = PBXFileReference; fileEncoding = 4; lastKnownFileType = sourcecode.swift; path = DomainErrorFactory.swift; sourceTree = "<group>"; };
		3864D60D24A7698800A94E05 /* API.swift */ = {isa = PBXFileReference; fileEncoding = 4; lastKnownFileType = sourcecode.swift; path = API.swift; sourceTree = "<group>"; };
		3864D60F24A7698800A94E05 /* PodSpecEntity.swift */ = {isa = PBXFileReference; fileEncoding = 4; lastKnownFileType = sourcecode.swift; path = PodSpecEntity.swift; sourceTree = "<group>"; };
		3864D61024A7698800A94E05 /* LicenseEntity.swift */ = {isa = PBXFileReference; fileEncoding = 4; lastKnownFileType = sourcecode.swift; path = LicenseEntity.swift; sourceTree = "<group>"; };
		3864D61124A7698800A94E05 /* LinksEntity.swift */ = {isa = PBXFileReference; fileEncoding = 4; lastKnownFileType = sourcecode.swift; path = LinksEntity.swift; sourceTree = "<group>"; };
		3864D61224A7698800A94E05 /* TrunkResponseModelMapper.swift */ = {isa = PBXFileReference; fileEncoding = 4; lastKnownFileType = sourcecode.swift; path = TrunkResponseModelMapper.swift; sourceTree = "<group>"; };
		3864D61324A7698800A94E05 /* TrunkResponse.swift */ = {isa = PBXFileReference; fileEncoding = 4; lastKnownFileType = sourcecode.swift; path = TrunkResponse.swift; sourceTree = "<group>"; };
		3864D61424A7698800A94E05 /* GithubLicenseEntity.swift */ = {isa = PBXFileReference; fileEncoding = 4; lastKnownFileType = sourcecode.swift; path = GithubLicenseEntity.swift; sourceTree = "<group>"; };
		3864D61524A7698800A94E05 /* TrunkResponseEntity.swift */ = {isa = PBXFileReference; fileEncoding = 4; lastKnownFileType = sourcecode.swift; path = TrunkResponseEntity.swift; sourceTree = "<group>"; };
		3864D61724A7698800A94E05 /* AppState.swift */ = {isa = PBXFileReference; fileEncoding = 4; lastKnownFileType = sourcecode.swift; path = AppState.swift; sourceTree = "<group>"; };
		3864D61824A7698800A94E05 /* Reducer.swift */ = {isa = PBXFileReference; fileEncoding = 4; lastKnownFileType = sourcecode.swift; path = Reducer.swift; sourceTree = "<group>"; };
		3864D61924A7698800A94E05 /* ViewStoreProvider.swift */ = {isa = PBXFileReference; fileEncoding = 4; lastKnownFileType = sourcecode.swift; path = ViewStoreProvider.swift; sourceTree = "<group>"; };
		3864D61A24A7698800A94E05 /* AppAction.swift */ = {isa = PBXFileReference; fileEncoding = 4; lastKnownFileType = sourcecode.swift; path = AppAction.swift; sourceTree = "<group>"; };
		3864D61B24A7698800A94E05 /* ReducerFactory.swift */ = {isa = PBXFileReference; fileEncoding = 4; lastKnownFileType = sourcecode.swift; path = ReducerFactory.swift; sourceTree = "<group>"; };
		3864D61C24A7698800A94E05 /* Store.swift */ = {isa = PBXFileReference; fileEncoding = 4; lastKnownFileType = sourcecode.swift; path = Store.swift; sourceTree = "<group>"; };
		3864D61D24A7698800A94E05 /* SideEffect.swift */ = {isa = PBXFileReference; fileEncoding = 4; lastKnownFileType = sourcecode.swift; path = SideEffect.swift; sourceTree = "<group>"; };
		3864D61E24A7698800A94E05 /* AppEnvironment.swift */ = {isa = PBXFileReference; fileEncoding = 4; lastKnownFileType = sourcecode.swift; path = AppEnvironment.swift; sourceTree = "<group>"; };
		3864D61F24A7698800A94E05 /* ViewStore.swift */ = {isa = PBXFileReference; fileEncoding = 4; lastKnownFileType = sourcecode.swift; path = ViewStore.swift; sourceTree = "<group>"; };
		3864D62324A7698800A94E05 /* ResolvedPackages.swift */ = {isa = PBXFileReference; fileEncoding = 4; lastKnownFileType = sourcecode.swift; path = ResolvedPackages.swift; sourceTree = "<group>"; };
		3864D62624A7698800A94E05 /* ManifestDecoder.swift */ = {isa = PBXFileReference; fileEncoding = 4; lastKnownFileType = sourcecode.swift; path = ManifestDecoder.swift; sourceTree = "<group>"; };
		3864D62724A7698800A94E05 /* ManifestCollector.swift */ = {isa = PBXFileReference; fileEncoding = 4; lastKnownFileType = sourcecode.swift; path = ManifestCollector.swift; sourceTree = "<group>"; };
		3864D62924A7698800A94E05 /* CarthageManifestDecodingStrategy.swift */ = {isa = PBXFileReference; fileEncoding = 4; lastKnownFileType = sourcecode.swift; path = CarthageManifestDecodingStrategy.swift; sourceTree = "<group>"; };
		3864D62A24A7698800A94E05 /* ManifestDecodingStrategy.swift */ = {isa = PBXFileReference; fileEncoding = 4; lastKnownFileType = sourcecode.swift; path = ManifestDecodingStrategy.swift; sourceTree = "<group>"; };
		3864D62B24A7698800A94E05 /* CocoaPodsPackageDecodingStrategy.swift */ = {isa = PBXFileReference; fileEncoding = 4; lastKnownFileType = sourcecode.swift; path = CocoaPodsPackageDecodingStrategy.swift; sourceTree = "<group>"; };
		3864D62C24A7698800A94E05 /* SwiftPmManifestDecodingStrategy.swift */ = {isa = PBXFileReference; fileEncoding = 4; lastKnownFileType = sourcecode.swift; path = SwiftPmManifestDecodingStrategy.swift; sourceTree = "<group>"; };
		3864D62D24A7698800A94E05 /* RegexPatterns.swift */ = {isa = PBXFileReference; fileEncoding = 4; lastKnownFileType = sourcecode.swift; path = RegexPatterns.swift; sourceTree = "<group>"; };
		3864D62F24A7698800A94E05 /* LicenseProcessor.swift */ = {isa = PBXFileReference; fileEncoding = 4; lastKnownFileType = sourcecode.swift; path = LicenseProcessor.swift; sourceTree = "<group>"; };
		3864D63024A7698800A94E05 /* CocoaPodsRepositoryProcessor.swift */ = {isa = PBXFileReference; fileEncoding = 4; lastKnownFileType = sourcecode.swift; path = CocoaPodsRepositoryProcessor.swift; sourceTree = "<group>"; };
		3864D63224A7698800A94E05 /* GithubLicenseModelMapper.swift */ = {isa = PBXFileReference; fileEncoding = 4; lastKnownFileType = sourcecode.swift; path = GithubLicenseModelMapper.swift; sourceTree = "<group>"; };
		3864D63324A7698800A94E05 /* GithubRepositoryUrlEncoder.swift */ = {isa = PBXFileReference; fileEncoding = 4; lastKnownFileType = sourcecode.swift; path = GithubRepositoryUrlEncoder.swift; sourceTree = "<group>"; };
		3864D63424A7698800A94E05 /* LicenseModelMapper.swift */ = {isa = PBXFileReference; fileEncoding = 4; lastKnownFileType = sourcecode.swift; path = LicenseModelMapper.swift; sourceTree = "<group>"; };
		3864D63524A7698800A94E05 /* GithubRequestStatus.swift */ = {isa = PBXFileReference; fileEncoding = 4; lastKnownFileType = sourcecode.swift; path = GithubRequestStatus.swift; sourceTree = "<group>"; };
		3864D63624A7698800A94E05 /* Links.swift */ = {isa = PBXFileReference; fileEncoding = 4; lastKnownFileType = sourcecode.swift; path = Links.swift; sourceTree = "<group>"; };
		3864D63724A7698800A94E05 /* GithubRepository.swift */ = {isa = PBXFileReference; fileEncoding = 4; lastKnownFileType = sourcecode.swift; path = GithubRepository.swift; sourceTree = "<group>"; };
		3864D63824A7698800A94E05 /* GithubRepositoryUrlDecoder.swift */ = {isa = PBXFileReference; fileEncoding = 4; lastKnownFileType = sourcecode.swift; path = GithubRepositoryUrlDecoder.swift; sourceTree = "<group>"; };
		3864D63924A7698800A94E05 /* GithubLicense.swift */ = {isa = PBXFileReference; fileEncoding = 4; lastKnownFileType = sourcecode.swift; path = GithubLicense.swift; sourceTree = "<group>"; };
		3864D63A24A7698800A94E05 /* License.swift */ = {isa = PBXFileReference; fileEncoding = 4; lastKnownFileType = sourcecode.swift; path = License.swift; sourceTree = "<group>"; };
		3864D63B24A7698800A94E05 /* Repository.swift */ = {isa = PBXFileReference; fileEncoding = 4; lastKnownFileType = sourcecode.swift; path = Repository.swift; sourceTree = "<group>"; };
		3864D63C24A7698800A94E05 /* LinksModelMapper.swift */ = {isa = PBXFileReference; fileEncoding = 4; lastKnownFileType = sourcecode.swift; path = LinksModelMapper.swift; sourceTree = "<group>"; };
		3864D63D24A7698800A94E05 /* PackageManager.swift */ = {isa = PBXFileReference; fileEncoding = 4; lastKnownFileType = sourcecode.swift; path = PackageManager.swift; sourceTree = "<group>"; };
		3864D6CE24A76BBF00A94E05 /* .swiftlint.yml */ = {isa = PBXFileReference; fileEncoding = 4; lastKnownFileType = text.yaml; path = .swiftlint.yml; sourceTree = SOURCE_ROOT; };
		3864D6D624A76CE500A94E05 /* Test.swift */ = {isa = PBXFileReference; lastKnownFileType = sourcecode.swift; path = Test.swift; sourceTree = "<group>"; };
		3864D6D924A76CEC00A94E05 /* Test2.swift */ = {isa = PBXFileReference; lastKnownFileType = sourcecode.swift; path = Test2.swift; sourceTree = "<group>"; };
		3864D6DC24A76DA600A94E05 /* Assets.swift */ = {isa = PBXFileReference; fileEncoding = 4; lastKnownFileType = sourcecode.swift; path = Assets.swift; sourceTree = "<group>"; };
		3864D6DF24A76EA800A94E05 /* Images.xcassets */ = {isa = PBXFileReference; lastKnownFileType = folder.assetcatalog; path = Images.xcassets; sourceTree = "<group>"; };
		3864D6E724A770BD00A94E05 /* en */ = {isa = PBXFileReference; lastKnownFileType = text.plist.strings; name = en; path = en.lproj/Localizable.strings; sourceTree = "<group>"; };
		3864D6E924A770CD00A94E05 /* de */ = {isa = PBXFileReference; lastKnownFileType = text.plist.strings; name = de; path = de.lproj/Localizable.strings; sourceTree = "<group>"; };
		3864D6EA24A7717700A94E05 /* Strings.swift */ = {isa = PBXFileReference; fileEncoding = 4; lastKnownFileType = sourcecode.swift; path = Strings.swift; sourceTree = "<group>"; };
		388F5A0724A77BC800D2C098 /* Manifest.swift */ = {isa = PBXFileReference; lastKnownFileType = sourcecode.swift; path = Manifest.swift; sourceTree = "<group>"; };
/* End PBXFileReference section */

/* Begin PBXFrameworksBuildPhase section */
		3864D5AE24A768CB00A94E05 /* Frameworks */ = {
			isa = PBXFrameworksBuildPhase;
			buildActionMask = 2147483647;
			files = (
				3864D5EA24A7695900A94E05 /* Aphrodite in Frameworks */,
			);
			runOnlyForDeploymentPostprocessing = 0;
		};
		3864D5B624A768CB00A94E05 /* Frameworks */ = {
			isa = PBXFrameworksBuildPhase;
			buildActionMask = 2147483647;
			files = (
				3864D5ED24A7695F00A94E05 /* Aphrodite in Frameworks */,
			);
			runOnlyForDeploymentPostprocessing = 0;
		};
		3864D5BE24A768CB00A94E05 /* Frameworks */ = {
			isa = PBXFrameworksBuildPhase;
			buildActionMask = 2147483647;
			files = (
			);
			runOnlyForDeploymentPostprocessing = 0;
		};
		3864D5C924A768CB00A94E05 /* Frameworks */ = {
			isa = PBXFrameworksBuildPhase;
			buildActionMask = 2147483647;
			files = (
			);
			runOnlyForDeploymentPostprocessing = 0;
		};
/* End PBXFrameworksBuildPhase section */

/* Begin PBXGroup section */
		3864D5A424A768C900A94E05 = {
			isa = PBXGroup;
			children = (
				3864D5A924A768C900A94E05 /* Shared */,
				3864D5B324A768CB00A94E05 /* iOS */,
				3864D5BA24A768CB00A94E05 /* macOS */,
				3864D5E724A7692200A94E05 /* Tests */,
				3864D6CD24A76BAD00A94E05 /* RootFiles */,
				3864D5B224A768CB00A94E05 /* Products */,
				3864D5EB24A7695F00A94E05 /* Frameworks */,
			);
			sourceTree = "<group>";
		};
		3864D5A924A768C900A94E05 /* Shared */ = {
			isa = PBXGroup;
			children = (
				3864D5F324A7698800A94E05 /* Sources */,
				3864D5EF24A7698800A94E05 /* Resources */,
				3864D63E24A7698800A94E05 /* Generated */,
			);
			path = Shared;
			sourceTree = "<group>";
		};
		3864D5B224A768CB00A94E05 /* Products */ = {
			isa = PBXGroup;
			children = (
				3864D5B124A768CB00A94E05 /* Licenses.app */,
				3864D5B924A768CB00A94E05 /* Licenses.app */,
				3864D5C124A768CB00A94E05 /* Tests iOS.xctest */,
				3864D5CC24A768CB00A94E05 /* Tests macOS.xctest */,
			);
			name = Products;
			sourceTree = "<group>";
		};
		3864D5B324A768CB00A94E05 /* iOS */ = {
			isa = PBXGroup;
			children = (
				3864D6C524A769A300A94E05 /* Sources */,
				3864D6C224A7699100A94E05 /* SupportingFiles */,
			);
			path = iOS;
			sourceTree = "<group>";
		};
		3864D5BA24A768CB00A94E05 /* macOS */ = {
			isa = PBXGroup;
			children = (
				3864D6C424A7699F00A94E05 /* Sources */,
				3864D6C324A7699900A94E05 /* SupportingFiles */,
			);
			path = macOS;
			sourceTree = "<group>";
		};
		3864D5C424A768CB00A94E05 /* iOS */ = {
			isa = PBXGroup;
			children = (
				3864D6D124A76BCE00A94E05 /* Sources */,
				3864D6D524A76BF400A94E05 /* SupportingFiles */,
			);
			path = iOS;
			sourceTree = "<group>";
		};
		3864D5CF24A768CB00A94E05 /* macOS */ = {
			isa = PBXGroup;
			children = (
				3864D6D224A76BD400A94E05 /* Sources */,
				3864D6D324A76BD900A94E05 /* SupportingFiles */,
			);
			path = macOS;
			sourceTree = "<group>";
		};
		3864D5E724A7692200A94E05 /* Tests */ = {
			isa = PBXGroup;
			children = (
				3864D5C424A768CB00A94E05 /* iOS */,
				3864D5CF24A768CB00A94E05 /* macOS */,
			);
			path = Tests;
			sourceTree = "<group>";
		};
		3864D5EB24A7695F00A94E05 /* Frameworks */ = {
			isa = PBXGroup;
			children = (
			);
			name = Frameworks;
			sourceTree = "<group>";
		};
		3864D5EF24A7698800A94E05 /* Resources */ = {
			isa = PBXGroup;
			children = (
				3864D6E824A770BD00A94E05 /* Localizable.strings */,
				3864D5F124A7698800A94E05 /* Colors.xcassets */,
				3864D6DF24A76EA800A94E05 /* Images.xcassets */,
			);
			path = Resources;
			sourceTree = "<group>";
		};
		3864D5F324A7698800A94E05 /* Sources */ = {
			isa = PBXGroup;
			children = (
				3864D5AA24A768C900A94E05 /* LicensesApp.swift */,
				3864D60224A7698800A94E05 /* StoreProvider.swift */,
				3864D61624A7698800A94E05 /* Architecture */,
				3864D62424A7698800A94E05 /* Domain */,
				3864D62124A7698800A94E05 /* FileAccess */,
				3864D5F424A7698800A94E05 /* Globals */,
				3864D60324A7698800A94E05 /* Networking */,
				3864D5FA24A7698800A94E05 /* UI */,
			);
			path = Sources;
			sourceTree = "<group>";
		};
		3864D5F424A7698800A94E05 /* Globals */ = {
			isa = PBXGroup;
			children = (
				3864D5F524A7698800A94E05 /* Extensions */,
			);
			path = Globals;
			sourceTree = "<group>";
		};
		3864D5F524A7698800A94E05 /* Extensions */ = {
			isa = PBXGroup;
			children = (
				3864D5F624A7698800A94E05 /* JSONDecoderExtensions.swift */,
				3864D5F724A7698800A94E05 /* NSRegularExpressionExtensions.swift */,
				3864D5F824A7698800A94E05 /* StringExtensions.swift */,
				3864D5F924A7698800A94E05 /* JSONEncoderExtensions.swift */,
			);
			path = Extensions;
			sourceTree = "<group>";
		};
		3864D5FA24A7698800A94E05 /* UI */ = {
			isa = PBXGroup;
			children = (
				3864D5FC24A7698800A94E05 /* RepositoryDetail.swift */,
				3864D5FE24A7698800A94E05 /* ProgressBar.swift */,
				3864D5FF24A7698800A94E05 /* RespositoryList.swift */,
				3864D60024A7698800A94E05 /* ContentView.swift */,
				3864D60124A7698800A94E05 /* GithubRequestLimitView.swift */,
			);
			path = UI;
			sourceTree = "<group>";
		};
		3864D60324A7698800A94E05 /* Networking */ = {
			isa = PBXGroup;
			children = (
				3864D60424A7698800A94E05 /* Targets */,
				3864D60824A7698800A94E05 /* Plugins */,
				3864D60C24A7698800A94E05 /* DomainErrorFactory.swift */,
				3864D60D24A7698800A94E05 /* API.swift */,
				3864D60E24A7698800A94E05 /* Entities */,
			);
			path = Networking;
			sourceTree = "<group>";
		};
		3864D60424A7698800A94E05 /* Targets */ = {
			isa = PBXGroup;
			children = (
				3864D60524A7698800A94E05 /* Github.swift */,
				3864D60624A7698800A94E05 /* CocoaPodsTrunk.swift */,
				3864D60724A7698800A94E05 /* Generic.swift */,
			);
			path = Targets;
			sourceTree = "<group>";
		};
		3864D60824A7698800A94E05 /* Plugins */ = {
			isa = PBXGroup;
			children = (
				3864D60924A7698800A94E05 /* GithubRequestStatusFactory.swift */,
				3864D60A24A7698800A94E05 /* AuthPlugin.swift */,
				3864D60B24A7698800A94E05 /* RemainingGithubRequestsPlugin.swift */,
			);
			path = Plugins;
			sourceTree = "<group>";
		};
		3864D60E24A7698800A94E05 /* Entities */ = {
			isa = PBXGroup;
			children = (
				3864D60F24A7698800A94E05 /* PodSpecEntity.swift */,
				3864D61024A7698800A94E05 /* LicenseEntity.swift */,
				3864D61124A7698800A94E05 /* LinksEntity.swift */,
				3864D61224A7698800A94E05 /* TrunkResponseModelMapper.swift */,
				3864D61324A7698800A94E05 /* TrunkResponse.swift */,
				3864D61424A7698800A94E05 /* GithubLicenseEntity.swift */,
				3864D61524A7698800A94E05 /* TrunkResponseEntity.swift */,
			);
			path = Entities;
			sourceTree = "<group>";
		};
		3864D61624A7698800A94E05 /* Architecture */ = {
			isa = PBXGroup;
			children = (
				3864D61724A7698800A94E05 /* AppState.swift */,
				3864D61824A7698800A94E05 /* Reducer.swift */,
				3864D61924A7698800A94E05 /* ViewStoreProvider.swift */,
				3864D61A24A7698800A94E05 /* AppAction.swift */,
				3864D61B24A7698800A94E05 /* ReducerFactory.swift */,
				3864D61C24A7698800A94E05 /* Store.swift */,
				3864D61D24A7698800A94E05 /* SideEffect.swift */,
				3864D61E24A7698800A94E05 /* AppEnvironment.swift */,
				3864D61F24A7698800A94E05 /* ViewStore.swift */,
			);
			path = Architecture;
			sourceTree = "<group>";
		};
		3864D62124A7698800A94E05 /* FileAccess */ = {
			isa = PBXGroup;
			children = (
				3864D62224A7698800A94E05 /* Entities */,
			);
			path = FileAccess;
			sourceTree = "<group>";
		};
		3864D62224A7698800A94E05 /* Entities */ = {
			isa = PBXGroup;
			children = (
				3864D62324A7698800A94E05 /* ResolvedPackages.swift */,
			);
			path = Entities;
			sourceTree = "<group>";
		};
		3864D62424A7698800A94E05 /* Domain */ = {
			isa = PBXGroup;
			children = (
				3864D63124A7698800A94E05 /* GitHub */,
				3864D62524A7698800A94E05 /* Manifest */,
				3864D62E24A7698800A94E05 /* Processors */,
			);
			path = Domain;
			sourceTree = "<group>";
		};
		3864D62524A7698800A94E05 /* Manifest */ = {
			isa = PBXGroup;
			children = (
				388F5A0724A77BC800D2C098 /* Manifest.swift */,
				3864D62724A7698800A94E05 /* ManifestCollector.swift */,
				3864D62624A7698800A94E05 /* ManifestDecoder.swift */,
				3864D62A24A7698800A94E05 /* ManifestDecodingStrategy.swift */,
				3864D63D24A7698800A94E05 /* PackageManager.swift */,
				3864D62D24A7698800A94E05 /* RegexPatterns.swift */,
				3864D6ED24A77A5B00A94E05 /* Strategies */,
			);
			path = Manifest;
			sourceTree = "<group>";
		};
		3864D62E24A7698800A94E05 /* Processors */ = {
			isa = PBXGroup;
			children = (
				3864D62F24A7698800A94E05 /* LicenseProcessor.swift */,
				3864D63024A7698800A94E05 /* CocoaPodsRepositoryProcessor.swift */,
			);
			path = Processors;
			sourceTree = "<group>";
		};
		3864D63124A7698800A94E05 /* GitHub */ = {
			isa = PBXGroup;
			children = (
				3864D63224A7698800A94E05 /* GithubLicenseModelMapper.swift */,
				3864D63324A7698800A94E05 /* GithubRepositoryUrlEncoder.swift */,
				3864D63424A7698800A94E05 /* LicenseModelMapper.swift */,
				3864D63524A7698800A94E05 /* GithubRequestStatus.swift */,
				3864D63624A7698800A94E05 /* Links.swift */,
				3864D63724A7698800A94E05 /* GithubRepository.swift */,
				3864D63824A7698800A94E05 /* GithubRepositoryUrlDecoder.swift */,
				3864D63924A7698800A94E05 /* GithubLicense.swift */,
				3864D63A24A7698800A94E05 /* License.swift */,
				3864D63B24A7698800A94E05 /* Repository.swift */,
				3864D63C24A7698800A94E05 /* LinksModelMapper.swift */,
			);
			path = GitHub;
			sourceTree = "<group>";
		};
		3864D63E24A7698800A94E05 /* Generated */ = {
			isa = PBXGroup;
			children = (
				3864D63F24A7698800A94E05 /* SwiftGen */,
			);
			path = Generated;
			sourceTree = "<group>";
		};
		3864D63F24A7698800A94E05 /* SwiftGen */ = {
			isa = PBXGroup;
			children = (
				3864D6DC24A76DA600A94E05 /* Assets.swift */,
				3864D6EA24A7717700A94E05 /* Strings.swift */,
			);
			path = SwiftGen;
			sourceTree = "<group>";
		};
		3864D6C224A7699100A94E05 /* SupportingFiles */ = {
			isa = PBXGroup;
			children = (
				3864D5B424A768CB00A94E05 /* Info.plist */,
			);
			path = SupportingFiles;
			sourceTree = "<group>";
		};
		3864D6C324A7699900A94E05 /* SupportingFiles */ = {
			isa = PBXGroup;
			children = (
				3864D5BB24A768CB00A94E05 /* Info.plist */,
				3864D5BC24A768CB00A94E05 /* Info.plist */,
			);
			path = SupportingFiles;
			sourceTree = "<group>";
		};
		3864D6C424A7699F00A94E05 /* Sources */ = {
			isa = PBXGroup;
			children = (
				3864D6EE24A77B4800A94E05 /* UI */,
				3864D6D624A76CE500A94E05 /* Test.swift */,
			);
			path = Sources;
			sourceTree = "<group>";
		};
		3864D6C524A769A300A94E05 /* Sources */ = {
			isa = PBXGroup;
			children = (
				3864D6D924A76CEC00A94E05 /* Test2.swift */,
			);
			path = Sources;
			sourceTree = "<group>";
		};
		3864D6CD24A76BAD00A94E05 /* RootFiles */ = {
			isa = PBXGroup;
			children = (
				3864D6CE24A76BBF00A94E05 /* .swiftlint.yml */,
			);
			path = RootFiles;
			sourceTree = "<group>";
		};
		3864D6D124A76BCE00A94E05 /* Sources */ = {
			isa = PBXGroup;
			children = (
				3864D5C524A768CB00A94E05 /* Tests_iOS.swift */,
			);
			path = Sources;
			sourceTree = "<group>";
		};
		3864D6D224A76BD400A94E05 /* Sources */ = {
			isa = PBXGroup;
			children = (
				3864D5D024A768CB00A94E05 /* Tests_macOS.swift */,
			);
			path = Sources;
			sourceTree = "<group>";
		};
		3864D6D324A76BD900A94E05 /* SupportingFiles */ = {
			isa = PBXGroup;
			children = (
				3864D5D224A768CB00A94E05 /* Info.plist */,
			);
			path = SupportingFiles;
			sourceTree = "<group>";
		};
		3864D6D524A76BF400A94E05 /* SupportingFiles */ = {
			isa = PBXGroup;
			children = (
				3864D5C724A768CB00A94E05 /* Info.plist */,
			);
			path = SupportingFiles;
			sourceTree = "<group>";
		};
		3864D6ED24A77A5B00A94E05 /* Strategies */ = {
			isa = PBXGroup;
			children = (
				3864D62924A7698800A94E05 /* CarthageManifestDecodingStrategy.swift */,
				3864D62B24A7698800A94E05 /* CocoaPodsPackageDecodingStrategy.swift */,
				3864D62C24A7698800A94E05 /* SwiftPmManifestDecodingStrategy.swift */,
			);
			path = Strategies;
			sourceTree = "<group>";
		};
		3864D6EE24A77B4800A94E05 /* UI */ = {
			isa = PBXGroup;
			children = (
				3864D5FB24A7698800A94E05 /* FileDropArea.swift */,
			);
			path = UI;
			sourceTree = "<group>";
		};
/* End PBXGroup section */

/* Begin PBXNativeTarget section */
		3864D5B024A768CB00A94E05 /* iOS */ = {
			isa = PBXNativeTarget;
			buildConfigurationList = 3864D5DB24A768CB00A94E05 /* Build configuration list for PBXNativeTarget "iOS" */;
			buildPhases = (
				3864D6C924A76A9F00A94E05 /* SwiftLint */,
				3864D6CA24A76AA800A94E05 /* SwiftGen */,
				3864D5AD24A768CB00A94E05 /* Sources */,
				3864D5AE24A768CB00A94E05 /* Frameworks */,
				3864D5AF24A768CB00A94E05 /* Resources */,
			);
			buildRules = (
			);
			dependencies = (
			);
			name = iOS;
			packageProductDependencies = (
				3864D5E924A7695900A94E05 /* Aphrodite */,
			);
			productName = iOS;
			productReference = 3864D5B124A768CB00A94E05 /* Licenses.app */;
			productType = "com.apple.product-type.application";
		};
		3864D5B824A768CB00A94E05 /* macOS */ = {
			isa = PBXNativeTarget;
			buildConfigurationList = 3864D5DE24A768CB00A94E05 /* Build configuration list for PBXNativeTarget "macOS" */;
			buildPhases = (
				3864D6CB24A76AB100A94E05 /* SwiftLint */,
				3864D6CC24A76AB800A94E05 /* SwiftGen */,
				3864D5B524A768CB00A94E05 /* Sources */,
				3864D5B624A768CB00A94E05 /* Frameworks */,
				3864D5B724A768CB00A94E05 /* Resources */,
			);
			buildRules = (
			);
			dependencies = (
			);
			name = macOS;
			packageProductDependencies = (
				3864D5EC24A7695F00A94E05 /* Aphrodite */,
			);
			productName = macOS;
			productReference = 3864D5B924A768CB00A94E05 /* Licenses.app */;
			productType = "com.apple.product-type.application";
		};
		3864D5C024A768CB00A94E05 /* Tests iOS */ = {
			isa = PBXNativeTarget;
			buildConfigurationList = 3864D5E124A768CB00A94E05 /* Build configuration list for PBXNativeTarget "Tests iOS" */;
			buildPhases = (
				3864D5BD24A768CB00A94E05 /* Sources */,
				3864D5BE24A768CB00A94E05 /* Frameworks */,
				3864D5BF24A768CB00A94E05 /* Resources */,
			);
			buildRules = (
			);
			dependencies = (
				3864D5C324A768CB00A94E05 /* PBXTargetDependency */,
			);
			name = "Tests iOS";
			productName = "Tests iOS";
			productReference = 3864D5C124A768CB00A94E05 /* Tests iOS.xctest */;
			productType = "com.apple.product-type.bundle.ui-testing";
		};
		3864D5CB24A768CB00A94E05 /* Tests macOS */ = {
			isa = PBXNativeTarget;
			buildConfigurationList = 3864D5E424A768CB00A94E05 /* Build configuration list for PBXNativeTarget "Tests macOS" */;
			buildPhases = (
				3864D5C824A768CB00A94E05 /* Sources */,
				3864D5C924A768CB00A94E05 /* Frameworks */,
				3864D5CA24A768CB00A94E05 /* Resources */,
			);
			buildRules = (
			);
			dependencies = (
				3864D5CE24A768CB00A94E05 /* PBXTargetDependency */,
			);
			name = "Tests macOS";
			productName = "Tests macOS";
			productReference = 3864D5CC24A768CB00A94E05 /* Tests macOS.xctest */;
			productType = "com.apple.product-type.bundle.ui-testing";
		};
/* End PBXNativeTarget section */

/* Begin PBXProject section */
		3864D5A524A768C900A94E05 /* Project object */ = {
			isa = PBXProject;
			attributes = {
				LastSwiftUpdateCheck = 1200;
				LastUpgradeCheck = 1200;
				TargetAttributes = {
					3864D5B024A768CB00A94E05 = {
						CreatedOnToolsVersion = 12.0;
					};
					3864D5B824A768CB00A94E05 = {
						CreatedOnToolsVersion = 12.0;
					};
					3864D5C024A768CB00A94E05 = {
						CreatedOnToolsVersion = 12.0;
						TestTargetID = 3864D5B024A768CB00A94E05;
					};
					3864D5CB24A768CB00A94E05 = {
						CreatedOnToolsVersion = 12.0;
						TestTargetID = 3864D5B824A768CB00A94E05;
					};
				};
			};
			buildConfigurationList = 3864D5A824A768C900A94E05 /* Build configuration list for PBXProject "Licenses" */;
			compatibilityVersion = "Xcode 9.3";
			developmentRegion = en;
			hasScannedForEncodings = 0;
			knownRegions = (
				en,
				Base,
				de,
			);
			mainGroup = 3864D5A424A768C900A94E05;
			packageReferences = (
				3864D5E824A7695900A94E05 /* XCRemoteSwiftPackageReference "Aphrodite" */,
			);
			productRefGroup = 3864D5B224A768CB00A94E05 /* Products */;
			projectDirPath = "";
			projectRoot = "";
			targets = (
				3864D5B024A768CB00A94E05 /* iOS */,
				3864D5B824A768CB00A94E05 /* macOS */,
				3864D5C024A768CB00A94E05 /* Tests iOS */,
				3864D5CB24A768CB00A94E05 /* Tests macOS */,
			);
		};
/* End PBXProject section */

/* Begin PBXResourcesBuildPhase section */
		3864D5AF24A768CB00A94E05 /* Resources */ = {
			isa = PBXResourcesBuildPhase;
			buildActionMask = 2147483647;
			files = (
				3864D6E024A76EA800A94E05 /* Images.xcassets in Resources */,
				3864D6E524A770BD00A94E05 /* Localizable.strings in Resources */,
				3864D6CF24A76BBF00A94E05 /* .swiftlint.yml in Resources */,
				3864D64424A7698800A94E05 /* Colors.xcassets in Resources */,
			);
			runOnlyForDeploymentPostprocessing = 0;
		};
		3864D5B724A768CB00A94E05 /* Resources */ = {
			isa = PBXResourcesBuildPhase;
			buildActionMask = 2147483647;
			files = (
				3864D6E124A76EA800A94E05 /* Images.xcassets in Resources */,
				3864D6E624A770BD00A94E05 /* Localizable.strings in Resources */,
				3864D6D024A76BBF00A94E05 /* .swiftlint.yml in Resources */,
				3864D64524A7698800A94E05 /* Colors.xcassets in Resources */,
			);
			runOnlyForDeploymentPostprocessing = 0;
		};
		3864D5BF24A768CB00A94E05 /* Resources */ = {
			isa = PBXResourcesBuildPhase;
			buildActionMask = 2147483647;
			files = (
			);
			runOnlyForDeploymentPostprocessing = 0;
		};
		3864D5CA24A768CB00A94E05 /* Resources */ = {
			isa = PBXResourcesBuildPhase;
			buildActionMask = 2147483647;
			files = (
			);
			runOnlyForDeploymentPostprocessing = 0;
		};
/* End PBXResourcesBuildPhase section */

/* Begin PBXShellScriptBuildPhase section */
		3864D6C924A76A9F00A94E05 /* SwiftLint */ = {
			isa = PBXShellScriptBuildPhase;
			buildActionMask = 2147483647;
			files = (
			);
			inputFileListPaths = (
			);
			inputPaths = (
			);
			name = SwiftLint;
			outputFileListPaths = (
			);
			outputPaths = (
			);
			runOnlyForDeploymentPostprocessing = 0;
			shellPath = /bin/sh;
			shellScript = "if which swiftlint >/dev/null; then\nswiftlint\nelse\necho \"warning: SwiftLint not installed, download from https://github.com/realm/SwiftLint\"\nfi\n";
		};
		3864D6CA24A76AA800A94E05 /* SwiftGen */ = {
			isa = PBXShellScriptBuildPhase;
			buildActionMask = 2147483647;
			files = (
			);
			inputFileListPaths = (
			);
			inputPaths = (
			);
			name = SwiftGen;
			outputFileListPaths = (
			);
			outputPaths = (
			);
			runOnlyForDeploymentPostprocessing = 0;
			shellPath = /bin/sh;
			shellScript = "if which swiftgen > /dev/null; then\n    swiftgen\nelse\n    echo \"warning: SwiftGen not installed, download it from https://github.com/AliSoftware/SwiftGen\"\nfi\n";
		};
		3864D6CB24A76AB100A94E05 /* SwiftLint */ = {
			isa = PBXShellScriptBuildPhase;
			buildActionMask = 2147483647;
			files = (
			);
			inputFileListPaths = (
			);
			inputPaths = (
			);
			name = SwiftLint;
			outputFileListPaths = (
			);
			outputPaths = (
			);
			runOnlyForDeploymentPostprocessing = 0;
			shellPath = /bin/sh;
			shellScript = "if which swiftlint >/dev/null; then\nswiftlint\nelse\necho \"warning: SwiftLint not installed, download from https://github.com/realm/SwiftLint\"\nfi\n";
		};
		3864D6CC24A76AB800A94E05 /* SwiftGen */ = {
			isa = PBXShellScriptBuildPhase;
			buildActionMask = 2147483647;
			files = (
			);
			inputFileListPaths = (
			);
			inputPaths = (
			);
			name = SwiftGen;
			outputFileListPaths = (
			);
			outputPaths = (
			);
			runOnlyForDeploymentPostprocessing = 0;
			shellPath = /bin/sh;
			shellScript = "if which swiftgen > /dev/null; then\n    swiftgen\nelse\n    echo \"warning: SwiftGen not installed, download it from https://github.com/AliSoftware/SwiftGen\"\nfi\n";
		};
/* End PBXShellScriptBuildPhase section */

/* Begin PBXSourcesBuildPhase section */
		3864D5AD24A768CB00A94E05 /* Sources */ = {
			isa = PBXSourcesBuildPhase;
			buildActionMask = 2147483647;
			files = (
				3864D6AA24A7698800A94E05 /* LicenseModelMapper.swift in Sources */,
				3864D68824A7698800A94E05 /* Store.swift in Sources */,
				3864D66E24A7698800A94E05 /* API.swift in Sources */,
				3864D66624A7698800A94E05 /* GithubRequestStatusFactory.swift in Sources */,
				3864D66424A7698800A94E05 /* Generic.swift in Sources */,
				3864D6A224A7698800A94E05 /* LicenseProcessor.swift in Sources */,
				3864D6AC24A7698800A94E05 /* GithubRequestStatus.swift in Sources */,
				3864D68424A7698800A94E05 /* AppAction.swift in Sources */,
				3864D67624A7698800A94E05 /* TrunkResponseModelMapper.swift in Sources */,
				3864D68224A7698800A94E05 /* ViewStoreProvider.swift in Sources */,
				3864D64A24A7698800A94E05 /* NSRegularExpressionExtensions.swift in Sources */,
				3864D69424A7698800A94E05 /* ManifestDecoder.swift in Sources */,
				3864D65A24A7698800A94E05 /* ContentView.swift in Sources */,
				3864D6B224A7698800A94E05 /* GithubRepositoryUrlDecoder.swift in Sources */,
				388F5A0824A77BC800D2C098 /* Manifest.swift in Sources */,
				3864D64C24A7698800A94E05 /* StringExtensions.swift in Sources */,
				3864D6A424A7698800A94E05 /* CocoaPodsRepositoryProcessor.swift in Sources */,
				3864D69624A7698800A94E05 /* ManifestCollector.swift in Sources */,
				3864D67424A7698800A94E05 /* LinksEntity.swift in Sources */,
				3864D68024A7698800A94E05 /* Reducer.swift in Sources */,
				3864D6A624A7698800A94E05 /* GithubLicenseModelMapper.swift in Sources */,
				3864D67824A7698800A94E05 /* TrunkResponse.swift in Sources */,
				3864D6B424A7698800A94E05 /* GithubLicense.swift in Sources */,
				3864D6BC24A7698800A94E05 /* PackageManager.swift in Sources */,
				3864D69C24A7698800A94E05 /* CocoaPodsPackageDecodingStrategy.swift in Sources */,
				3864D6B024A7698800A94E05 /* GithubRepository.swift in Sources */,
				3864D66A24A7698800A94E05 /* RemainingGithubRequestsPlugin.swift in Sources */,
				3864D6A024A7698800A94E05 /* RegexPatterns.swift in Sources */,
				3864D6DD24A76DA600A94E05 /* Assets.swift in Sources */,
				3864D65E24A7698800A94E05 /* StoreProvider.swift in Sources */,
				3864D67024A7698800A94E05 /* PodSpecEntity.swift in Sources */,
				3864D65C24A7698800A94E05 /* GithubRequestLimitView.swift in Sources */,
				3864D69A24A7698800A94E05 /* ManifestDecodingStrategy.swift in Sources */,
				3864D6B824A7698800A94E05 /* Repository.swift in Sources */,
				3864D68E24A7698800A94E05 /* ViewStore.swift in Sources */,
				3864D69824A7698800A94E05 /* CarthageManifestDecodingStrategy.swift in Sources */,
				3864D67C24A7698800A94E05 /* TrunkResponseEntity.swift in Sources */,
				3864D69224A7698800A94E05 /* ResolvedPackages.swift in Sources */,
				3864D64824A7698800A94E05 /* JSONDecoderExtensions.swift in Sources */,
				3864D6D724A76CE500A94E05 /* Test.swift in Sources */,
				3864D66824A7698800A94E05 /* AuthPlugin.swift in Sources */,
				3864D68A24A7698800A94E05 /* SideEffect.swift in Sources */,
				3864D65224A7698800A94E05 /* RepositoryDetail.swift in Sources */,
				3864D6EB24A7717700A94E05 /* Strings.swift in Sources */,
				3864D69E24A7698800A94E05 /* SwiftPmManifestDecodingStrategy.swift in Sources */,
				3864D64E24A7698800A94E05 /* JSONEncoderExtensions.swift in Sources */,
				3864D65024A7698800A94E05 /* FileDropArea.swift in Sources */,
				3864D67A24A7698800A94E05 /* GithubLicenseEntity.swift in Sources */,
				3864D6A824A7698800A94E05 /* GithubRepositoryUrlEncoder.swift in Sources */,
				3864D6B624A7698800A94E05 /* License.swift in Sources */,
				3864D67E24A7698800A94E05 /* AppState.swift in Sources */,
				3864D68C24A7698800A94E05 /* AppEnvironment.swift in Sources */,
				3864D65624A7698800A94E05 /* ProgressBar.swift in Sources */,
				3864D66024A7698800A94E05 /* Github.swift in Sources */,
				3864D6BA24A7698800A94E05 /* LinksModelMapper.swift in Sources */,
				3864D66C24A7698800A94E05 /* DomainErrorFactory.swift in Sources */,
				3864D65824A7698800A94E05 /* RespositoryList.swift in Sources */,
				3864D6DA24A76CEC00A94E05 /* Test2.swift in Sources */,
				3864D6AE24A7698800A94E05 /* Links.swift in Sources */,
				3864D66224A7698800A94E05 /* CocoaPodsTrunk.swift in Sources */,
				3864D68624A7698800A94E05 /* ReducerFactory.swift in Sources */,
				3864D67224A7698800A94E05 /* LicenseEntity.swift in Sources */,
				3864D5D324A768CB00A94E05 /* LicensesApp.swift in Sources */,
			);
			runOnlyForDeploymentPostprocessing = 0;
		};
		3864D5B524A768CB00A94E05 /* Sources */ = {
			isa = PBXSourcesBuildPhase;
			buildActionMask = 2147483647;
			files = (
				3864D6AB24A7698800A94E05 /* LicenseModelMapper.swift in Sources */,
				3864D68924A7698800A94E05 /* Store.swift in Sources */,
				3864D66F24A7698800A94E05 /* API.swift in Sources */,
				3864D66724A7698800A94E05 /* GithubRequestStatusFactory.swift in Sources */,
				3864D66524A7698800A94E05 /* Generic.swift in Sources */,
				3864D6A324A7698800A94E05 /* LicenseProcessor.swift in Sources */,
				3864D6AD24A7698800A94E05 /* GithubRequestStatus.swift in Sources */,
				3864D68524A7698800A94E05 /* AppAction.swift in Sources */,
				3864D67724A7698800A94E05 /* TrunkResponseModelMapper.swift in Sources */,
				3864D68324A7698800A94E05 /* ViewStoreProvider.swift in Sources */,
				3864D64B24A7698800A94E05 /* NSRegularExpressionExtensions.swift in Sources */,
				3864D69524A7698800A94E05 /* ManifestDecoder.swift in Sources */,
				3864D65B24A7698800A94E05 /* ContentView.swift in Sources */,
				3864D6B324A7698800A94E05 /* GithubRepositoryUrlDecoder.swift in Sources */,
				388F5A0924A77BC800D2C098 /* Manifest.swift in Sources */,
				3864D64D24A7698800A94E05 /* StringExtensions.swift in Sources */,
				3864D6A524A7698800A94E05 /* CocoaPodsRepositoryProcessor.swift in Sources */,
				3864D69724A7698800A94E05 /* ManifestCollector.swift in Sources */,
				3864D67524A7698800A94E05 /* LinksEntity.swift in Sources */,
				3864D68124A7698800A94E05 /* Reducer.swift in Sources */,
				3864D6A724A7698800A94E05 /* GithubLicenseModelMapper.swift in Sources */,
				3864D67924A7698800A94E05 /* TrunkResponse.swift in Sources */,
				3864D6B524A7698800A94E05 /* GithubLicense.swift in Sources */,
				3864D6BD24A7698800A94E05 /* PackageManager.swift in Sources */,
				3864D69D24A7698800A94E05 /* CocoaPodsPackageDecodingStrategy.swift in Sources */,
				3864D6B124A7698800A94E05 /* GithubRepository.swift in Sources */,
				3864D66B24A7698800A94E05 /* RemainingGithubRequestsPlugin.swift in Sources */,
				3864D6A124A7698800A94E05 /* RegexPatterns.swift in Sources */,
				3864D6DE24A76DA600A94E05 /* Assets.swift in Sources */,
				3864D65F24A7698800A94E05 /* StoreProvider.swift in Sources */,
				3864D67124A7698800A94E05 /* PodSpecEntity.swift in Sources */,
				3864D65D24A7698800A94E05 /* GithubRequestLimitView.swift in Sources */,
				3864D69B24A7698800A94E05 /* ManifestDecodingStrategy.swift in Sources */,
				3864D6B924A7698800A94E05 /* Repository.swift in Sources */,
				3864D68F24A7698800A94E05 /* ViewStore.swift in Sources */,
				3864D69924A7698800A94E05 /* CarthageManifestDecodingStrategy.swift in Sources */,
				3864D67D24A7698800A94E05 /* TrunkResponseEntity.swift in Sources */,
				3864D69324A7698800A94E05 /* ResolvedPackages.swift in Sources */,
				3864D64924A7698800A94E05 /* JSONDecoderExtensions.swift in Sources */,
				3864D6D824A76CE500A94E05 /* Test.swift in Sources */,
				3864D66924A7698800A94E05 /* AuthPlugin.swift in Sources */,
				3864D68B24A7698800A94E05 /* SideEffect.swift in Sources */,
				3864D65324A7698800A94E05 /* RepositoryDetail.swift in Sources */,
				3864D6EC24A7717700A94E05 /* Strings.swift in Sources */,
				3864D69F24A7698800A94E05 /* SwiftPmManifestDecodingStrategy.swift in Sources */,
				3864D64F24A7698800A94E05 /* JSONEncoderExtensions.swift in Sources */,
				3864D65124A7698800A94E05 /* FileDropArea.swift in Sources */,
				3864D67B24A7698800A94E05 /* GithubLicenseEntity.swift in Sources */,
				3864D6A924A7698800A94E05 /* GithubRepositoryUrlEncoder.swift in Sources */,
				3864D6B724A7698800A94E05 /* License.swift in Sources */,
				3864D67F24A7698800A94E05 /* AppState.swift in Sources */,
				3864D68D24A7698800A94E05 /* AppEnvironment.swift in Sources */,
				3864D65724A7698800A94E05 /* ProgressBar.swift in Sources */,
				3864D66124A7698800A94E05 /* Github.swift in Sources */,
				3864D6BB24A7698800A94E05 /* LinksModelMapper.swift in Sources */,
				3864D66D24A7698800A94E05 /* DomainErrorFactory.swift in Sources */,
				3864D65924A7698800A94E05 /* RespositoryList.swift in Sources */,
				3864D6DB24A76CEC00A94E05 /* Test2.swift in Sources */,
				3864D6AF24A7698800A94E05 /* Links.swift in Sources */,
				3864D66324A7698800A94E05 /* CocoaPodsTrunk.swift in Sources */,
				3864D68724A7698800A94E05 /* ReducerFactory.swift in Sources */,
				3864D67324A7698800A94E05 /* LicenseEntity.swift in Sources */,
				3864D5D424A768CB00A94E05 /* LicensesApp.swift in Sources */,
			);
			runOnlyForDeploymentPostprocessing = 0;
		};
		3864D5BD24A768CB00A94E05 /* Sources */ = {
			isa = PBXSourcesBuildPhase;
			buildActionMask = 2147483647;
			files = (
				3864D5C624A768CB00A94E05 /* Tests_iOS.swift in Sources */,
			);
			runOnlyForDeploymentPostprocessing = 0;
		};
		3864D5C824A768CB00A94E05 /* Sources */ = {
			isa = PBXSourcesBuildPhase;
			buildActionMask = 2147483647;
			files = (
				3864D5D124A768CB00A94E05 /* Tests_macOS.swift in Sources */,
			);
			runOnlyForDeploymentPostprocessing = 0;
		};
/* End PBXSourcesBuildPhase section */

/* Begin PBXTargetDependency section */
		3864D5C324A768CB00A94E05 /* PBXTargetDependency */ = {
			isa = PBXTargetDependency;
			target = 3864D5B024A768CB00A94E05 /* iOS */;
			targetProxy = 3864D5C224A768CB00A94E05 /* PBXContainerItemProxy */;
		};
		3864D5CE24A768CB00A94E05 /* PBXTargetDependency */ = {
			isa = PBXTargetDependency;
			target = 3864D5B824A768CB00A94E05 /* macOS */;
			targetProxy = 3864D5CD24A768CB00A94E05 /* PBXContainerItemProxy */;
		};
/* End PBXTargetDependency section */

/* Begin PBXVariantGroup section */
		3864D6E824A770BD00A94E05 /* Localizable.strings */ = {
			isa = PBXVariantGroup;
			children = (
				3864D6E724A770BD00A94E05 /* en */,
				3864D6E924A770CD00A94E05 /* de */,
			);
			name = Localizable.strings;
			sourceTree = "<group>";
		};
/* End PBXVariantGroup section */

/* Begin XCBuildConfiguration section */
		3864D5D924A768CB00A94E05 /* Debug */ = {
			isa = XCBuildConfiguration;
			buildSettings = {
				ALWAYS_SEARCH_USER_PATHS = NO;
				CLANG_ANALYZER_LOCALIZABILITY_NONLOCALIZED = YES;
				CLANG_ANALYZER_NONNULL = YES;
				CLANG_ANALYZER_NUMBER_OBJECT_CONVERSION = YES_AGGRESSIVE;
				CLANG_CXX_LANGUAGE_STANDARD = "gnu++14";
				CLANG_CXX_LIBRARY = "libc++";
				CLANG_ENABLE_MODULES = YES;
				CLANG_ENABLE_OBJC_ARC = YES;
				CLANG_ENABLE_OBJC_WEAK = YES;
				CLANG_WARN_BLOCK_CAPTURE_AUTORELEASING = YES;
				CLANG_WARN_BOOL_CONVERSION = YES;
				CLANG_WARN_COMMA = YES;
				CLANG_WARN_CONSTANT_CONVERSION = YES;
				CLANG_WARN_DEPRECATED_OBJC_IMPLEMENTATIONS = YES;
				CLANG_WARN_DIRECT_OBJC_ISA_USAGE = YES_ERROR;
				CLANG_WARN_DOCUMENTATION_COMMENTS = YES;
				CLANG_WARN_EMPTY_BODY = YES;
				CLANG_WARN_ENUM_CONVERSION = YES;
				CLANG_WARN_INFINITE_RECURSION = YES;
				CLANG_WARN_INT_CONVERSION = YES;
				CLANG_WARN_NON_LITERAL_NULL_CONVERSION = YES;
				CLANG_WARN_OBJC_IMPLICIT_RETAIN_SELF = YES;
				CLANG_WARN_OBJC_LITERAL_CONVERSION = YES;
				CLANG_WARN_OBJC_ROOT_CLASS = YES_ERROR;
				CLANG_WARN_QUOTED_INCLUDE_IN_FRAMEWORK_HEADER = YES;
				CLANG_WARN_RANGE_LOOP_ANALYSIS = YES;
				CLANG_WARN_STRICT_PROTOTYPES = YES;
				CLANG_WARN_SUSPICIOUS_MOVE = YES;
				CLANG_WARN_UNGUARDED_AVAILABILITY = YES_AGGRESSIVE;
				CLANG_WARN_UNREACHABLE_CODE = YES;
				CLANG_WARN__DUPLICATE_METHOD_MATCH = YES;
				COPY_PHASE_STRIP = NO;
				DEBUG_INFORMATION_FORMAT = dwarf;
				ENABLE_STRICT_OBJC_MSGSEND = YES;
				ENABLE_TESTABILITY = YES;
				GCC_C_LANGUAGE_STANDARD = gnu11;
				GCC_DYNAMIC_NO_PIC = NO;
				GCC_NO_COMMON_BLOCKS = YES;
				GCC_OPTIMIZATION_LEVEL = 0;
				GCC_PREPROCESSOR_DEFINITIONS = (
					"DEBUG=1",
					"$(inherited)",
				);
				GCC_WARN_64_TO_32_BIT_CONVERSION = YES;
				GCC_WARN_ABOUT_RETURN_TYPE = YES_ERROR;
				GCC_WARN_UNDECLARED_SELECTOR = YES;
				GCC_WARN_UNINITIALIZED_AUTOS = YES_AGGRESSIVE;
				GCC_WARN_UNUSED_FUNCTION = YES;
				GCC_WARN_UNUSED_VARIABLE = YES;
				MTL_ENABLE_DEBUG_INFO = INCLUDE_SOURCE;
				MTL_FAST_MATH = YES;
				ONLY_ACTIVE_ARCH = YES;
				SWIFT_ACTIVE_COMPILATION_CONDITIONS = DEBUG;
				SWIFT_OPTIMIZATION_LEVEL = "-Onone";
			};
			name = Debug;
		};
		3864D5DA24A768CB00A94E05 /* Release */ = {
			isa = XCBuildConfiguration;
			buildSettings = {
				ALWAYS_SEARCH_USER_PATHS = NO;
				CLANG_ANALYZER_LOCALIZABILITY_NONLOCALIZED = YES;
				CLANG_ANALYZER_NONNULL = YES;
				CLANG_ANALYZER_NUMBER_OBJECT_CONVERSION = YES_AGGRESSIVE;
				CLANG_CXX_LANGUAGE_STANDARD = "gnu++14";
				CLANG_CXX_LIBRARY = "libc++";
				CLANG_ENABLE_MODULES = YES;
				CLANG_ENABLE_OBJC_ARC = YES;
				CLANG_ENABLE_OBJC_WEAK = YES;
				CLANG_WARN_BLOCK_CAPTURE_AUTORELEASING = YES;
				CLANG_WARN_BOOL_CONVERSION = YES;
				CLANG_WARN_COMMA = YES;
				CLANG_WARN_CONSTANT_CONVERSION = YES;
				CLANG_WARN_DEPRECATED_OBJC_IMPLEMENTATIONS = YES;
				CLANG_WARN_DIRECT_OBJC_ISA_USAGE = YES_ERROR;
				CLANG_WARN_DOCUMENTATION_COMMENTS = YES;
				CLANG_WARN_EMPTY_BODY = YES;
				CLANG_WARN_ENUM_CONVERSION = YES;
				CLANG_WARN_INFINITE_RECURSION = YES;
				CLANG_WARN_INT_CONVERSION = YES;
				CLANG_WARN_NON_LITERAL_NULL_CONVERSION = YES;
				CLANG_WARN_OBJC_IMPLICIT_RETAIN_SELF = YES;
				CLANG_WARN_OBJC_LITERAL_CONVERSION = YES;
				CLANG_WARN_OBJC_ROOT_CLASS = YES_ERROR;
				CLANG_WARN_QUOTED_INCLUDE_IN_FRAMEWORK_HEADER = YES;
				CLANG_WARN_RANGE_LOOP_ANALYSIS = YES;
				CLANG_WARN_STRICT_PROTOTYPES = YES;
				CLANG_WARN_SUSPICIOUS_MOVE = YES;
				CLANG_WARN_UNGUARDED_AVAILABILITY = YES_AGGRESSIVE;
				CLANG_WARN_UNREACHABLE_CODE = YES;
				CLANG_WARN__DUPLICATE_METHOD_MATCH = YES;
				COPY_PHASE_STRIP = NO;
				DEBUG_INFORMATION_FORMAT = "dwarf-with-dsym";
				ENABLE_NS_ASSERTIONS = NO;
				ENABLE_STRICT_OBJC_MSGSEND = YES;
				GCC_C_LANGUAGE_STANDARD = gnu11;
				GCC_NO_COMMON_BLOCKS = YES;
				GCC_WARN_64_TO_32_BIT_CONVERSION = YES;
				GCC_WARN_ABOUT_RETURN_TYPE = YES_ERROR;
				GCC_WARN_UNDECLARED_SELECTOR = YES;
				GCC_WARN_UNINITIALIZED_AUTOS = YES_AGGRESSIVE;
				GCC_WARN_UNUSED_FUNCTION = YES;
				GCC_WARN_UNUSED_VARIABLE = YES;
				MTL_ENABLE_DEBUG_INFO = NO;
				MTL_FAST_MATH = YES;
				SWIFT_COMPILATION_MODE = wholemodule;
				SWIFT_OPTIMIZATION_LEVEL = "-O";
			};
			name = Release;
		};
		3864D5DC24A768CB00A94E05 /* Debug */ = {
			isa = XCBuildConfiguration;
			buildSettings = {
				ASSETCATALOG_COMPILER_APPICON_NAME = AppIcon;
				ASSETCATALOG_COMPILER_GLOBAL_ACCENT_COLOR_NAME = AccentColor;
				CODE_SIGN_STYLE = Automatic;
				DEVELOPMENT_TEAM = 59983C7393;
				ENABLE_PREVIEWS = YES;
				INFOPLIST_FILE = iOS/SupportingFiles/Info.plist;
				IPHONEOS_DEPLOYMENT_TARGET = 14.0;
				LD_RUNPATH_SEARCH_PATHS = (
					"$(inherited)",
					"@executable_path/Frameworks",
				);
				PRODUCT_BUNDLE_IDENTIFIER = de.linkandreas.Licenses;
				PRODUCT_NAME = Licenses;
				SDKROOT = iphoneos;
				SWIFT_VERSION = 5.0;
				TARGETED_DEVICE_FAMILY = "1,2";
			};
			name = Debug;
		};
		3864D5DD24A768CB00A94E05 /* Release */ = {
			isa = XCBuildConfiguration;
			buildSettings = {
				ASSETCATALOG_COMPILER_APPICON_NAME = AppIcon;
				ASSETCATALOG_COMPILER_GLOBAL_ACCENT_COLOR_NAME = AccentColor;
				CODE_SIGN_STYLE = Automatic;
				DEVELOPMENT_TEAM = 59983C7393;
				ENABLE_PREVIEWS = YES;
				INFOPLIST_FILE = iOS/SupportingFiles/Info.plist;
				IPHONEOS_DEPLOYMENT_TARGET = 14.0;
				LD_RUNPATH_SEARCH_PATHS = (
					"$(inherited)",
					"@executable_path/Frameworks",
				);
				PRODUCT_BUNDLE_IDENTIFIER = de.linkandreas.Licenses;
				PRODUCT_NAME = Licenses;
				SDKROOT = iphoneos;
				SWIFT_VERSION = 5.0;
				TARGETED_DEVICE_FAMILY = "1,2";
				VALIDATE_PRODUCT = YES;
			};
			name = Release;
		};
		3864D5DF24A768CB00A94E05 /* Debug */ = {
			isa = XCBuildConfiguration;
			buildSettings = {
				ASSETCATALOG_COMPILER_APPICON_NAME = AppIcon;
				ASSETCATALOG_COMPILER_GLOBAL_ACCENT_COLOR_NAME = AccentColor;
				CODE_SIGN_ENTITLEMENTS = macOS/SupportingFiles/macOS.entitlements;
				CODE_SIGN_STYLE = Automatic;
				COMBINE_HIDPI_IMAGES = YES;
				DEVELOPMENT_TEAM = 59983C7393;
				ENABLE_HARDENED_RUNTIME = YES;
				ENABLE_PREVIEWS = YES;
				INFOPLIST_FILE = macOS/SupportingFiles/Info.plist;
				LD_RUNPATH_SEARCH_PATHS = (
					"$(inherited)",
					"@executable_path/../Frameworks",
				);
				MACOSX_DEPLOYMENT_TARGET = 10.16;
				PRODUCT_BUNDLE_IDENTIFIER = de.linkandreas.Licenses;
				PRODUCT_NAME = Licenses;
				SDKROOT = macosx;
				SWIFT_VERSION = 5.0;
			};
			name = Debug;
		};
		3864D5E024A768CB00A94E05 /* Release */ = {
			isa = XCBuildConfiguration;
			buildSettings = {
				ASSETCATALOG_COMPILER_APPICON_NAME = AppIcon;
				ASSETCATALOG_COMPILER_GLOBAL_ACCENT_COLOR_NAME = AccentColor;
				CODE_SIGN_ENTITLEMENTS = macOS/SupportingFiles/macOS.entitlements;
				CODE_SIGN_STYLE = Automatic;
				COMBINE_HIDPI_IMAGES = YES;
				DEVELOPMENT_TEAM = 59983C7393;
				ENABLE_HARDENED_RUNTIME = YES;
				ENABLE_PREVIEWS = YES;
				INFOPLIST_FILE = macOS/SupportingFiles/Info.plist;
				LD_RUNPATH_SEARCH_PATHS = (
					"$(inherited)",
					"@executable_path/../Frameworks",
				);
				MACOSX_DEPLOYMENT_TARGET = 10.16;
				PRODUCT_BUNDLE_IDENTIFIER = de.linkandreas.Licenses;
				PRODUCT_NAME = Licenses;
				SDKROOT = macosx;
				SWIFT_VERSION = 5.0;
			};
			name = Release;
		};
		3864D5E224A768CB00A94E05 /* Debug */ = {
			isa = XCBuildConfiguration;
			buildSettings = {
				ALWAYS_EMBED_SWIFT_STANDARD_LIBRARIES = YES;
				CODE_SIGN_STYLE = Automatic;
				DEVELOPMENT_TEAM = 59983C7393;
				INFOPLIST_FILE = "Tests iOS/Info.plist";
				IPHONEOS_DEPLOYMENT_TARGET = 14.0;
				LD_RUNPATH_SEARCH_PATHS = (
					"$(inherited)",
					"@executable_path/Frameworks",
					"@loader_path/Frameworks",
				);
				PRODUCT_BUNDLE_IDENTIFIER = "de.linkandreas.Tests-iOS";
				PRODUCT_NAME = "$(TARGET_NAME)";
				SDKROOT = iphoneos;
				SWIFT_VERSION = 5.0;
				TARGETED_DEVICE_FAMILY = "1,2";
				TEST_TARGET_NAME = iOS;
			};
			name = Debug;
		};
		3864D5E324A768CB00A94E05 /* Release */ = {
			isa = XCBuildConfiguration;
			buildSettings = {
				ALWAYS_EMBED_SWIFT_STANDARD_LIBRARIES = YES;
				CODE_SIGN_STYLE = Automatic;
				DEVELOPMENT_TEAM = 59983C7393;
				INFOPLIST_FILE = "Tests iOS/Info.plist";
				IPHONEOS_DEPLOYMENT_TARGET = 14.0;
				LD_RUNPATH_SEARCH_PATHS = (
					"$(inherited)",
					"@executable_path/Frameworks",
					"@loader_path/Frameworks",
				);
				PRODUCT_BUNDLE_IDENTIFIER = "de.linkandreas.Tests-iOS";
				PRODUCT_NAME = "$(TARGET_NAME)";
				SDKROOT = iphoneos;
				SWIFT_VERSION = 5.0;
				TARGETED_DEVICE_FAMILY = "1,2";
				TEST_TARGET_NAME = iOS;
				VALIDATE_PRODUCT = YES;
			};
			name = Release;
		};
		3864D5E524A768CB00A94E05 /* Debug */ = {
			isa = XCBuildConfiguration;
			buildSettings = {
				ALWAYS_EMBED_SWIFT_STANDARD_LIBRARIES = YES;
				CODE_SIGN_STYLE = Automatic;
				COMBINE_HIDPI_IMAGES = YES;
				DEVELOPMENT_TEAM = 59983C7393;
				INFOPLIST_FILE = "Tests macOS/Info.plist";
				LD_RUNPATH_SEARCH_PATHS = (
					"$(inherited)",
					"@executable_path/../Frameworks",
					"@loader_path/../Frameworks",
				);
				MACOSX_DEPLOYMENT_TARGET = 10.16;
				PRODUCT_BUNDLE_IDENTIFIER = "de.linkandreas.Tests-macOS";
				PRODUCT_NAME = "$(TARGET_NAME)";
				SDKROOT = macosx;
				SWIFT_VERSION = 5.0;
				TEST_TARGET_NAME = macOS;
			};
			name = Debug;
		};
		3864D5E624A768CB00A94E05 /* Release */ = {
			isa = XCBuildConfiguration;
			buildSettings = {
				ALWAYS_EMBED_SWIFT_STANDARD_LIBRARIES = YES;
				CODE_SIGN_STYLE = Automatic;
				COMBINE_HIDPI_IMAGES = YES;
				DEVELOPMENT_TEAM = 59983C7393;
				INFOPLIST_FILE = "Tests macOS/Info.plist";
				LD_RUNPATH_SEARCH_PATHS = (
					"$(inherited)",
					"@executable_path/../Frameworks",
					"@loader_path/../Frameworks",
				);
				MACOSX_DEPLOYMENT_TARGET = 10.16;
				PRODUCT_BUNDLE_IDENTIFIER = "de.linkandreas.Tests-macOS";
				PRODUCT_NAME = "$(TARGET_NAME)";
				SDKROOT = macosx;
				SWIFT_VERSION = 5.0;
				TEST_TARGET_NAME = macOS;
			};
			name = Release;
		};
/* End XCBuildConfiguration section */

/* Begin XCConfigurationList section */
		3864D5A824A768C900A94E05 /* Build configuration list for PBXProject "Licenses" */ = {
			isa = XCConfigurationList;
			buildConfigurations = (
				3864D5D924A768CB00A94E05 /* Debug */,
				3864D5DA24A768CB00A94E05 /* Release */,
			);
			defaultConfigurationIsVisible = 0;
			defaultConfigurationName = Release;
		};
		3864D5DB24A768CB00A94E05 /* Build configuration list for PBXNativeTarget "iOS" */ = {
			isa = XCConfigurationList;
			buildConfigurations = (
				3864D5DC24A768CB00A94E05 /* Debug */,
				3864D5DD24A768CB00A94E05 /* Release */,
			);
			defaultConfigurationIsVisible = 0;
			defaultConfigurationName = Release;
		};
		3864D5DE24A768CB00A94E05 /* Build configuration list for PBXNativeTarget "macOS" */ = {
			isa = XCConfigurationList;
			buildConfigurations = (
				3864D5DF24A768CB00A94E05 /* Debug */,
				3864D5E024A768CB00A94E05 /* Release */,
			);
			defaultConfigurationIsVisible = 0;
			defaultConfigurationName = Release;
		};
		3864D5E124A768CB00A94E05 /* Build configuration list for PBXNativeTarget "Tests iOS" */ = {
			isa = XCConfigurationList;
			buildConfigurations = (
				3864D5E224A768CB00A94E05 /* Debug */,
				3864D5E324A768CB00A94E05 /* Release */,
			);
			defaultConfigurationIsVisible = 0;
			defaultConfigurationName = Release;
		};
		3864D5E424A768CB00A94E05 /* Build configuration list for PBXNativeTarget "Tests macOS" */ = {
			isa = XCConfigurationList;
			buildConfigurations = (
				3864D5E524A768CB00A94E05 /* Debug */,
				3864D5E624A768CB00A94E05 /* Release */,
			);
			defaultConfigurationIsVisible = 0;
			defaultConfigurationName = Release;
		};
/* End XCConfigurationList section */

/* Begin XCRemoteSwiftPackageReference section */
		3864D5E824A7695900A94E05 /* XCRemoteSwiftPackageReference "Aphrodite" */ = {
			isa = XCRemoteSwiftPackageReference;
			repositoryURL = "https://github.com/LinkAndreas/Aphrodite.git";
			requirement = {
				kind = upToNextMajorVersion;
				minimumVersion = 0.2.6;
			};
		};
/* End XCRemoteSwiftPackageReference section */

/* Begin XCSwiftPackageProductDependency section */
		3864D5E924A7695900A94E05 /* Aphrodite */ = {
			isa = XCSwiftPackageProductDependency;
			package = 3864D5E824A7695900A94E05 /* XCRemoteSwiftPackageReference "Aphrodite" */;
			productName = Aphrodite;
		};
		3864D5EC24A7695F00A94E05 /* Aphrodite */ = {
			isa = XCSwiftPackageProductDependency;
			package = 3864D5E824A7695900A94E05 /* XCRemoteSwiftPackageReference "Aphrodite" */;
			productName = Aphrodite;
		};
/* End XCSwiftPackageProductDependency section */
	};
	rootObject = 3864D5A524A768C900A94E05 /* Project object */;
}
