// !$*UTF8*$!
{
	archiveVersion = 1;
	classes = {
	};
	objectVersion = 52;
	objects = {

/* Begin PBXBuildFile section */
		3804F1B4258A6F0600BF1DC7 /* BrandedLinkButtonStyle.swift in Sources */ = {isa = PBXBuildFile; fileRef = 3804F1B3258A6F0600BF1DC7 /* BrandedLinkButtonStyle.swift */; };
		380EA4DE24CC2D7700514173 /* LicensesApp.swift in Sources */ = {isa = PBXBuildFile; fileRef = 380EA4DD24CC2D7700514173 /* LicensesApp.swift */; };
		380EA4F624CC2DE600514173 /* License.swift in Sources */ = {isa = PBXBuildFile; fileRef = 380EA4EB24CC2DE500514173 /* License.swift */; };
		380EA4F724CC2DE600514173 /* GithubRepository.swift in Sources */ = {isa = PBXBuildFile; fileRef = 380EA4EC24CC2DE500514173 /* GithubRepository.swift */; };
		380EA4F824CC2DE600514173 /* Repository.swift in Sources */ = {isa = PBXBuildFile; fileRef = 380EA4ED24CC2DE500514173 /* Repository.swift */; };
		380EA4F924CC2DE600514173 /* LinksModelMapper.swift in Sources */ = {isa = PBXBuildFile; fileRef = 380EA4EE24CC2DE500514173 /* LinksModelMapper.swift */; };
		380EA4FA24CC2DE600514173 /* GithubRepositoryUrlEncoder.swift in Sources */ = {isa = PBXBuildFile; fileRef = 380EA4EF24CC2DE600514173 /* GithubRepositoryUrlEncoder.swift */; };
		380EA4FB24CC2DE600514173 /* LicenseModelMapper.swift in Sources */ = {isa = PBXBuildFile; fileRef = 380EA4F024CC2DE600514173 /* LicenseModelMapper.swift */; };
		380EA4FC24CC2DE600514173 /* Links.swift in Sources */ = {isa = PBXBuildFile; fileRef = 380EA4F124CC2DE600514173 /* Links.swift */; };
		380EA4FD24CC2DE600514173 /* GithubLicenseModelMapper.swift in Sources */ = {isa = PBXBuildFile; fileRef = 380EA4F224CC2DE600514173 /* GithubLicenseModelMapper.swift */; };
		380EA4FE24CC2DE600514173 /* GithubRepositoryUrlDecoder.swift in Sources */ = {isa = PBXBuildFile; fileRef = 380EA4F324CC2DE600514173 /* GithubRepositoryUrlDecoder.swift */; };
		380EA4FF24CC2DE600514173 /* GithubRequestStatus.swift in Sources */ = {isa = PBXBuildFile; fileRef = 380EA4F424CC2DE600514173 /* GithubRequestStatus.swift */; };
		380EA50024CC2DE600514173 /* GithubLicense.swift in Sources */ = {isa = PBXBuildFile; fileRef = 380EA4F524CC2DE600514173 /* GithubLicense.swift */; };
		380EA50724CC2DF500514173 /* ManifestDecodingStrategy.swift in Sources */ = {isa = PBXBuildFile; fileRef = 380EA50124CC2DF500514173 /* ManifestDecodingStrategy.swift */; };
		380EA50824CC2DF500514173 /* ManifestPublisher.swift in Sources */ = {isa = PBXBuildFile; fileRef = 380EA50224CC2DF500514173 /* ManifestPublisher.swift */; };
		380EA50924CC2DF500514173 /* Manifest.swift in Sources */ = {isa = PBXBuildFile; fileRef = 380EA50324CC2DF500514173 /* Manifest.swift */; };
		380EA50A24CC2DF500514173 /* ManifestDecoder.swift in Sources */ = {isa = PBXBuildFile; fileRef = 380EA50424CC2DF500514173 /* ManifestDecoder.swift */; };
		380EA50B24CC2DF500514173 /* PackageManager.swift in Sources */ = {isa = PBXBuildFile; fileRef = 380EA50524CC2DF500514173 /* PackageManager.swift */; };
		380EA50C24CC2DF500514173 /* RegexPatterns.swift in Sources */ = {isa = PBXBuildFile; fileRef = 380EA50624CC2DF500514173 /* RegexPatterns.swift */; };
		380EA51124CC2E1000514173 /* CarthageManifestDecodingStrategy.swift in Sources */ = {isa = PBXBuildFile; fileRef = 380EA50E24CC2E1000514173 /* CarthageManifestDecodingStrategy.swift */; };
		380EA51224CC2E1000514173 /* SwiftPmManifestDecodingStrategy.swift in Sources */ = {isa = PBXBuildFile; fileRef = 380EA50F24CC2E1000514173 /* SwiftPmManifestDecodingStrategy.swift */; };
		380EA51324CC2E1000514173 /* CocoaPodsPackageDecodingStrategy.swift in Sources */ = {isa = PBXBuildFile; fileRef = 380EA51024CC2E1000514173 /* CocoaPodsPackageDecodingStrategy.swift */; };
		380EA51624CC2E2600514173 /* LicenseProcessor.swift in Sources */ = {isa = PBXBuildFile; fileRef = 380EA51424CC2E2600514173 /* LicenseProcessor.swift */; };
		380EA51724CC2E2600514173 /* CocoaPodsRepositoryProcessor.swift in Sources */ = {isa = PBXBuildFile; fileRef = 380EA51524CC2E2600514173 /* CocoaPodsRepositoryProcessor.swift */; };
		380EA51A24CC2E4300514173 /* ResolvedPackagesEntity.swift in Sources */ = {isa = PBXBuildFile; fileRef = 380EA51924CC2E4300514173 /* ResolvedPackagesEntity.swift */; };
		380EA52724CC2E7700514173 /* JSONEncoderExtensions.swift in Sources */ = {isa = PBXBuildFile; fileRef = 380EA52124CC2E7700514173 /* JSONEncoderExtensions.swift */; };
		380EA52924CC2E7700514173 /* StringExtensions.swift in Sources */ = {isa = PBXBuildFile; fileRef = 380EA52324CC2E7700514173 /* StringExtensions.swift */; };
		380EA52A24CC2E7700514173 /* JSONDecoderExtensions.swift in Sources */ = {isa = PBXBuildFile; fileRef = 380EA52424CC2E7700514173 /* JSONDecoderExtensions.swift */; };
		380EA52B24CC2E7700514173 /* NSRegularExpressionExtensions.swift in Sources */ = {isa = PBXBuildFile; fileRef = 380EA52524CC2E7700514173 /* NSRegularExpressionExtensions.swift */; };
		380EA52C24CC2E7700514173 /* ViewExtensions.swift in Sources */ = {isa = PBXBuildFile; fileRef = 380EA52624CC2E7700514173 /* ViewExtensions.swift */; };
		380EA53324CC2EB500514173 /* DomainErrorFactory.swift in Sources */ = {isa = PBXBuildFile; fileRef = 380EA53124CC2EB500514173 /* DomainErrorFactory.swift */; };
		380EA53424CC2EB500514173 /* API.swift in Sources */ = {isa = PBXBuildFile; fileRef = 380EA53224CC2EB500514173 /* API.swift */; };
		380EA53C24CC2EC300514173 /* PodSpecEntity.swift in Sources */ = {isa = PBXBuildFile; fileRef = 380EA53524CC2EC300514173 /* PodSpecEntity.swift */; };
		380EA53D24CC2EC300514173 /* LinksEntity.swift in Sources */ = {isa = PBXBuildFile; fileRef = 380EA53624CC2EC300514173 /* LinksEntity.swift */; };
		380EA53E24CC2EC300514173 /* GithubLicenseEntity.swift in Sources */ = {isa = PBXBuildFile; fileRef = 380EA53724CC2EC300514173 /* GithubLicenseEntity.swift */; };
		380EA53F24CC2EC300514173 /* TrunkResponse.swift in Sources */ = {isa = PBXBuildFile; fileRef = 380EA53824CC2EC300514173 /* TrunkResponse.swift */; };
		380EA54024CC2EC300514173 /* LicenseEntity.swift in Sources */ = {isa = PBXBuildFile; fileRef = 380EA53924CC2EC300514173 /* LicenseEntity.swift */; };
		380EA54124CC2EC300514173 /* TrunkResponseModelMapper.swift in Sources */ = {isa = PBXBuildFile; fileRef = 380EA53A24CC2EC300514173 /* TrunkResponseModelMapper.swift */; };
		380EA54224CC2EC300514173 /* TrunkResponseEntity.swift in Sources */ = {isa = PBXBuildFile; fileRef = 380EA53B24CC2EC300514173 /* TrunkResponseEntity.swift */; };
		380EA54624CC2ECF00514173 /* GithubRequestStatusFactory.swift in Sources */ = {isa = PBXBuildFile; fileRef = 380EA54324CC2ECF00514173 /* GithubRequestStatusFactory.swift */; };
		380EA54724CC2ECF00514173 /* AuthPlugin.swift in Sources */ = {isa = PBXBuildFile; fileRef = 380EA54424CC2ECF00514173 /* AuthPlugin.swift */; };
		380EA54824CC2ECF00514173 /* ErrorMessagePlugin.swift in Sources */ = {isa = PBXBuildFile; fileRef = 380EA54524CC2ECF00514173 /* ErrorMessagePlugin.swift */; };
		380EA54C24CC2EE500514173 /* Generic.swift in Sources */ = {isa = PBXBuildFile; fileRef = 380EA54924CC2EE500514173 /* Generic.swift */; };
		380EA54D24CC2EE500514173 /* Github.swift in Sources */ = {isa = PBXBuildFile; fileRef = 380EA54A24CC2EE500514173 /* Github.swift */; };
		380EA54E24CC2EE500514173 /* CocoaPodsTrunk.swift in Sources */ = {isa = PBXBuildFile; fileRef = 380EA54B24CC2EE500514173 /* CocoaPodsTrunk.swift */; };
		380EA57A24CC2F4700514173 /* SettingsView.swift in Sources */ = {isa = PBXBuildFile; fileRef = 380EA56924CC2F4600514173 /* SettingsView.swift */; };
		380EA57E24CC2F4700514173 /* ProgressBar.swift in Sources */ = {isa = PBXBuildFile; fileRef = 380EA56D24CC2F4600514173 /* ProgressBar.swift */; };
		380EA58324CC2F4700514173 /* FileDropArea.swift in Sources */ = {isa = PBXBuildFile; fileRef = 380EA57224CC2F4700514173 /* FileDropArea.swift */; };
		380EA58824CC2F6000514173 /* ProgressIndicatorView.swift in Sources */ = {isa = PBXBuildFile; fileRef = 380EA58624CC2F6000514173 /* ProgressIndicatorView.swift */; };
		380EA58924CC2F6000514173 /* ProgressIndicator.swift in Sources */ = {isa = PBXBuildFile; fileRef = 380EA58724CC2F6000514173 /* ProgressIndicator.swift */; };
		380EA59224CC2FCF00514173 /* swiftgen.yml in Resources */ = {isa = PBXBuildFile; fileRef = 380EA59124CC2FCF00514173 /* swiftgen.yml */; };
		380EA59324CC30A300514173 /* Tests.swift in Sources */ = {isa = PBXBuildFile; fileRef = 38CC1B4B24CC2B1200FDBE21 /* Tests.swift */; };
		380EA59524CC337F00514173 /* PinEntity.swift in Sources */ = {isa = PBXBuildFile; fileRef = 380EA59424CC337F00514173 /* PinEntity.swift */; };
		380EA59724CC33A100514173 /* PinStateEntity.swift in Sources */ = {isa = PBXBuildFile; fileRef = 380EA59624CC33A100514173 /* PinStateEntity.swift */; };
		380EA59924CC33C000514173 /* PinsEntity.swift in Sources */ = {isa = PBXBuildFile; fileRef = 380EA59824CC33C000514173 /* PinsEntity.swift */; };
		380EA5A124CC542A00514173 /* NSViewExtensions.swift in Sources */ = {isa = PBXBuildFile; fileRef = 380EA5A024CC542A00514173 /* NSViewExtensions.swift */; };
		3811FB78256112E90019CDB8 /* ToolbarItems.swift in Sources */ = {isa = PBXBuildFile; fileRef = 3811FB77256112E90019CDB8 /* ToolbarItems.swift */; };
		3811FBC125612F6B0019CDB8 /* AppDelegate.swift in Sources */ = {isa = PBXBuildFile; fileRef = 3811FBC025612F6B0019CDB8 /* AppDelegate.swift */; };
		3811FBCB256150160019CDB8 /* WindowContentView.swift in Sources */ = {isa = PBXBuildFile; fileRef = 3811FBCA256150160019CDB8 /* WindowContentView.swift */; };
		3813180A24FE324F0087FB05 /* AppReducer.swift in Sources */ = {isa = PBXBuildFile; fileRef = 3813180924FE324F0087FB05 /* AppReducer.swift */; };
		3816E62324D580B60053454E /* CSVExporter.swift in Sources */ = {isa = PBXBuildFile; fileRef = 3816E62224D580B60053454E /* CSVExporter.swift */; };
		3816E62524D697130053454E /* CSVRowFactory.swift in Sources */ = {isa = PBXBuildFile; fileRef = 3816E62424D697130053454E /* CSVRowFactory.swift */; };
		381FF77325035C800009C0A1 /* AppState.swift in Sources */ = {isa = PBXBuildFile; fileRef = 381FF77225035C800009C0A1 /* AppState.swift */; };
		381FF77525035C9C0009C0A1 /* AppAction.swift in Sources */ = {isa = PBXBuildFile; fileRef = 381FF77425035C9C0009C0A1 /* AppAction.swift */; };
		381FF77725035CAC0009C0A1 /* AppEnvironment.swift in Sources */ = {isa = PBXBuildFile; fileRef = 381FF77625035CAC0009C0A1 /* AppEnvironment.swift */; };
		381FF77A25035F300009C0A1 /* DetailView.swift in Sources */ = {isa = PBXBuildFile; fileRef = 380EA56724CC2F4600514173 /* DetailView.swift */; };
		381FF77B2503639C0009C0A1 /* InformationView.swift in Sources */ = {isa = PBXBuildFile; fileRef = 38E8808024D6B5F40012A36C /* InformationView.swift */; };
		381FF77D2503642D0009C0A1 /* ErrorMessageView.swift in Sources */ = {isa = PBXBuildFile; fileRef = 380EA56324CC2F4600514173 /* ErrorMessageView.swift */; };
		381FF77E250365020009C0A1 /* ProgressView.swift in Sources */ = {isa = PBXBuildFile; fileRef = 38E8807C24D6B2CE0012A36C /* ProgressView.swift */; };
		382C3D3A256967FB00A264A5 /* Storage.swift in Sources */ = {isa = PBXBuildFile; fileRef = 382C3D39256967FB00A264A5 /* Storage.swift */; };
		382C3D422569684D00A264A5 /* Defaults.swift in Sources */ = {isa = PBXBuildFile; fileRef = 382C3D412569684D00A264A5 /* Defaults.swift */; };
		38411BDE24CC9C82001CA0E7 /* DetailPlaceholderView.swift in Sources */ = {isa = PBXBuildFile; fileRef = 38411BDD24CC9C82001CA0E7 /* DetailPlaceholderView.swift */; };
		3864D5ED24A7695F00A94E05 /* Aphrodite in Frameworks */ = {isa = PBXBuildFile; productRef = 3864D5EC24A7695F00A94E05 /* Aphrodite */; };
		3864D64524A7698800A94E05 /* Colors.xcassets in Resources */ = {isa = PBXBuildFile; fileRef = 3864D5F124A7698800A94E05 /* Colors.xcassets */; };
		3864D6D024A76BBF00A94E05 /* .swiftlint.yml in Resources */ = {isa = PBXBuildFile; fileRef = 3864D6CE24A76BBF00A94E05 /* .swiftlint.yml */; };
		3864D6DE24A76DA600A94E05 /* Assets.swift in Sources */ = {isa = PBXBuildFile; fileRef = 3864D6DC24A76DA600A94E05 /* Assets.swift */; };
		3864D6E124A76EA800A94E05 /* Images.xcassets in Resources */ = {isa = PBXBuildFile; fileRef = 3864D6DF24A76EA800A94E05 /* Images.xcassets */; };
		3864D6E624A770BD00A94E05 /* Localizable.strings in Resources */ = {isa = PBXBuildFile; fileRef = 3864D6E824A770BD00A94E05 /* Localizable.strings */; };
		3864D6EC24A7717700A94E05 /* Strings.swift in Sources */ = {isa = PBXBuildFile; fileRef = 3864D6EA24A7717700A94E05 /* Strings.swift */; };
		38946C1B2587C7CD00F39DC1 /* DetailPlaceholderEntryView.swift in Sources */ = {isa = PBXBuildFile; fileRef = 38946C1A2587C7CD00F39DC1 /* DetailPlaceholderEntryView.swift */; };
		389AF7BF25972A2F007C5A3F /* Package.resolved in Resources */ = {isa = PBXBuildFile; fileRef = 389AF7BD25972A2F007C5A3F /* Package.resolved */; };
		389AF7C025972A2F007C5A3F /* Podfile.lock in Resources */ = {isa = PBXBuildFile; fileRef = 389AF7BE25972A2F007C5A3F /* Podfile.lock */; };
		389AF7F925975208007C5A3F /* InfoPlist.strings in Resources */ = {isa = PBXBuildFile; fileRef = 389AF7E725974F24007C5A3F /* InfoPlist.strings */; };
		38A48CD7257396BF00F1E72F /* DetailItemView.swift in Sources */ = {isa = PBXBuildFile; fileRef = 38A48CD6257396BF00F1E72F /* DetailItemView.swift */; };
		38A48CF42573ABF700F1E72F /* RepositoryListEntry.swift in Sources */ = {isa = PBXBuildFile; fileRef = 38A48CF22573ABF700F1E72F /* RepositoryListEntry.swift */; };
		38A48D0D2573C55F00F1E72F /* FileImporter.swift in Sources */ = {isa = PBXBuildFile; fileRef = 38A48D0C2573C55F00F1E72F /* FileImporter.swift */; };
		38A48D112573C68400F1E72F /* FileExporter.swift in Sources */ = {isa = PBXBuildFile; fileRef = 38A48D102573C68400F1E72F /* FileExporter.swift */; };
		38A48D2925740C0100F1E72F /* Cartfile.resolved in Resources */ = {isa = PBXBuildFile; fileRef = 38A48D2825740C0100F1E72F /* Cartfile.resolved */; };
		38B5E4F12584E39A002938F0 /* RepositoryListView.swift in Sources */ = {isa = PBXBuildFile; fileRef = 38DED0D5257B7DC900177783 /* RepositoryListView.swift */; };
		38B5E4FC2584E3DC002938F0 /* RepositoryListEntryFactory.swift in Sources */ = {isa = PBXBuildFile; fileRef = 38A48CF32573ABF700F1E72F /* RepositoryListEntryFactory.swift */; };
		38B5E50825850EC7002938F0 /* RepositoryListTableCellView.swift in Sources */ = {isa = PBXBuildFile; fileRef = 38B5E50725850EC7002938F0 /* RepositoryListTableCellView.swift */; };
		38D1C2412563956F000C3D8D /* Store.swift in Sources */ = {isa = PBXBuildFile; fileRef = 38D1C2402563956F000C3D8D /* Store.swift */; };
		38D1C24725639600000C3D8D /* Reducer.swift in Sources */ = {isa = PBXBuildFile; fileRef = 38D1C24625639600000C3D8D /* Reducer.swift */; };
		38DED0CE257B751D00177783 /* RepositoryListViewController.swift in Sources */ = {isa = PBXBuildFile; fileRef = 38DED0CD257B751D00177783 /* RepositoryListViewController.swift */; };
		38E8807F24D6B3AF0012A36C /* MasterView.swift in Sources */ = {isa = PBXBuildFile; fileRef = 38E8807E24D6B3AF0012A36C /* MasterView.swift */; };
		38F913AA257A278000E6E54D /* BrandedButtonStyle.swift in Sources */ = {isa = PBXBuildFile; fileRef = 38F913A9257A278000E6E54D /* BrandedButtonStyle.swift */; };
		38F913B1257A2BD700E6E54D /* OnboardingView.swift in Sources */ = {isa = PBXBuildFile; fileRef = 38F913B0257A2BD700E6E54D /* OnboardingView.swift */; };
/* End PBXBuildFile section */

/* Begin PBXContainerItemProxy section */
		3864D5CD24A768CB00A94E05 /* PBXContainerItemProxy */ = {
			isa = PBXContainerItemProxy;
			containerPortal = 3864D5A524A768C900A94E05 /* Project object */;
			proxyType = 1;
			remoteGlobalIDString = 3864D5B824A768CB00A94E05;
			remoteInfo = macOS;
		};
/* End PBXContainerItemProxy section */

/* Begin PBXFileReference section */
		3804F1B3258A6F0600BF1DC7 /* BrandedLinkButtonStyle.swift */ = {isa = PBXFileReference; lastKnownFileType = sourcecode.swift; path = BrandedLinkButtonStyle.swift; sourceTree = "<group>"; };
		380EA4DD24CC2D7700514173 /* LicensesApp.swift */ = {isa = PBXFileReference; fileEncoding = 4; lastKnownFileType = sourcecode.swift; path = LicensesApp.swift; sourceTree = "<group>"; };
		380EA4EB24CC2DE500514173 /* License.swift */ = {isa = PBXFileReference; fileEncoding = 4; lastKnownFileType = sourcecode.swift; path = License.swift; sourceTree = "<group>"; };
		380EA4EC24CC2DE500514173 /* GithubRepository.swift */ = {isa = PBXFileReference; fileEncoding = 4; lastKnownFileType = sourcecode.swift; path = GithubRepository.swift; sourceTree = "<group>"; };
		380EA4ED24CC2DE500514173 /* Repository.swift */ = {isa = PBXFileReference; fileEncoding = 4; lastKnownFileType = sourcecode.swift; path = Repository.swift; sourceTree = "<group>"; };
		380EA4EE24CC2DE500514173 /* LinksModelMapper.swift */ = {isa = PBXFileReference; fileEncoding = 4; lastKnownFileType = sourcecode.swift; path = LinksModelMapper.swift; sourceTree = "<group>"; };
		380EA4EF24CC2DE600514173 /* GithubRepositoryUrlEncoder.swift */ = {isa = PBXFileReference; fileEncoding = 4; lastKnownFileType = sourcecode.swift; path = GithubRepositoryUrlEncoder.swift; sourceTree = "<group>"; };
		380EA4F024CC2DE600514173 /* LicenseModelMapper.swift */ = {isa = PBXFileReference; fileEncoding = 4; lastKnownFileType = sourcecode.swift; path = LicenseModelMapper.swift; sourceTree = "<group>"; };
		380EA4F124CC2DE600514173 /* Links.swift */ = {isa = PBXFileReference; fileEncoding = 4; lastKnownFileType = sourcecode.swift; path = Links.swift; sourceTree = "<group>"; };
		380EA4F224CC2DE600514173 /* GithubLicenseModelMapper.swift */ = {isa = PBXFileReference; fileEncoding = 4; lastKnownFileType = sourcecode.swift; path = GithubLicenseModelMapper.swift; sourceTree = "<group>"; };
		380EA4F324CC2DE600514173 /* GithubRepositoryUrlDecoder.swift */ = {isa = PBXFileReference; fileEncoding = 4; lastKnownFileType = sourcecode.swift; path = GithubRepositoryUrlDecoder.swift; sourceTree = "<group>"; };
		380EA4F424CC2DE600514173 /* GithubRequestStatus.swift */ = {isa = PBXFileReference; fileEncoding = 4; lastKnownFileType = sourcecode.swift; path = GithubRequestStatus.swift; sourceTree = "<group>"; };
		380EA4F524CC2DE600514173 /* GithubLicense.swift */ = {isa = PBXFileReference; fileEncoding = 4; lastKnownFileType = sourcecode.swift; path = GithubLicense.swift; sourceTree = "<group>"; };
		380EA50124CC2DF500514173 /* ManifestDecodingStrategy.swift */ = {isa = PBXFileReference; fileEncoding = 4; lastKnownFileType = sourcecode.swift; path = ManifestDecodingStrategy.swift; sourceTree = "<group>"; };
		380EA50224CC2DF500514173 /* ManifestPublisher.swift */ = {isa = PBXFileReference; fileEncoding = 4; lastKnownFileType = sourcecode.swift; path = ManifestPublisher.swift; sourceTree = "<group>"; };
		380EA50324CC2DF500514173 /* Manifest.swift */ = {isa = PBXFileReference; fileEncoding = 4; lastKnownFileType = sourcecode.swift; path = Manifest.swift; sourceTree = "<group>"; };
		380EA50424CC2DF500514173 /* ManifestDecoder.swift */ = {isa = PBXFileReference; fileEncoding = 4; lastKnownFileType = sourcecode.swift; path = ManifestDecoder.swift; sourceTree = "<group>"; };
		380EA50524CC2DF500514173 /* PackageManager.swift */ = {isa = PBXFileReference; fileEncoding = 4; lastKnownFileType = sourcecode.swift; path = PackageManager.swift; sourceTree = "<group>"; };
		380EA50624CC2DF500514173 /* RegexPatterns.swift */ = {isa = PBXFileReference; fileEncoding = 4; lastKnownFileType = sourcecode.swift; path = RegexPatterns.swift; sourceTree = "<group>"; };
		380EA50E24CC2E1000514173 /* CarthageManifestDecodingStrategy.swift */ = {isa = PBXFileReference; fileEncoding = 4; lastKnownFileType = sourcecode.swift; path = CarthageManifestDecodingStrategy.swift; sourceTree = "<group>"; };
		380EA50F24CC2E1000514173 /* SwiftPmManifestDecodingStrategy.swift */ = {isa = PBXFileReference; fileEncoding = 4; lastKnownFileType = sourcecode.swift; path = SwiftPmManifestDecodingStrategy.swift; sourceTree = "<group>"; };
		380EA51024CC2E1000514173 /* CocoaPodsPackageDecodingStrategy.swift */ = {isa = PBXFileReference; fileEncoding = 4; lastKnownFileType = sourcecode.swift; path = CocoaPodsPackageDecodingStrategy.swift; sourceTree = "<group>"; };
		380EA51424CC2E2600514173 /* LicenseProcessor.swift */ = {isa = PBXFileReference; fileEncoding = 4; lastKnownFileType = sourcecode.swift; path = LicenseProcessor.swift; sourceTree = "<group>"; };
		380EA51524CC2E2600514173 /* CocoaPodsRepositoryProcessor.swift */ = {isa = PBXFileReference; fileEncoding = 4; lastKnownFileType = sourcecode.swift; path = CocoaPodsRepositoryProcessor.swift; sourceTree = "<group>"; };
		380EA51924CC2E4300514173 /* ResolvedPackagesEntity.swift */ = {isa = PBXFileReference; fileEncoding = 4; lastKnownFileType = sourcecode.swift; path = ResolvedPackagesEntity.swift; sourceTree = "<group>"; };
		380EA52124CC2E7700514173 /* JSONEncoderExtensions.swift */ = {isa = PBXFileReference; fileEncoding = 4; lastKnownFileType = sourcecode.swift; path = JSONEncoderExtensions.swift; sourceTree = "<group>"; };
		380EA52324CC2E7700514173 /* StringExtensions.swift */ = {isa = PBXFileReference; fileEncoding = 4; lastKnownFileType = sourcecode.swift; path = StringExtensions.swift; sourceTree = "<group>"; };
		380EA52424CC2E7700514173 /* JSONDecoderExtensions.swift */ = {isa = PBXFileReference; fileEncoding = 4; lastKnownFileType = sourcecode.swift; path = JSONDecoderExtensions.swift; sourceTree = "<group>"; };
		380EA52524CC2E7700514173 /* NSRegularExpressionExtensions.swift */ = {isa = PBXFileReference; fileEncoding = 4; lastKnownFileType = sourcecode.swift; path = NSRegularExpressionExtensions.swift; sourceTree = "<group>"; };
		380EA52624CC2E7700514173 /* ViewExtensions.swift */ = {isa = PBXFileReference; fileEncoding = 4; lastKnownFileType = sourcecode.swift; path = ViewExtensions.swift; sourceTree = "<group>"; };
		380EA53124CC2EB500514173 /* DomainErrorFactory.swift */ = {isa = PBXFileReference; fileEncoding = 4; lastKnownFileType = sourcecode.swift; path = DomainErrorFactory.swift; sourceTree = "<group>"; };
		380EA53224CC2EB500514173 /* API.swift */ = {isa = PBXFileReference; fileEncoding = 4; lastKnownFileType = sourcecode.swift; path = API.swift; sourceTree = "<group>"; };
		380EA53524CC2EC300514173 /* PodSpecEntity.swift */ = {isa = PBXFileReference; fileEncoding = 4; lastKnownFileType = sourcecode.swift; path = PodSpecEntity.swift; sourceTree = "<group>"; };
		380EA53624CC2EC300514173 /* LinksEntity.swift */ = {isa = PBXFileReference; fileEncoding = 4; lastKnownFileType = sourcecode.swift; path = LinksEntity.swift; sourceTree = "<group>"; };
		380EA53724CC2EC300514173 /* GithubLicenseEntity.swift */ = {isa = PBXFileReference; fileEncoding = 4; lastKnownFileType = sourcecode.swift; path = GithubLicenseEntity.swift; sourceTree = "<group>"; };
		380EA53824CC2EC300514173 /* TrunkResponse.swift */ = {isa = PBXFileReference; fileEncoding = 4; lastKnownFileType = sourcecode.swift; path = TrunkResponse.swift; sourceTree = "<group>"; };
		380EA53924CC2EC300514173 /* LicenseEntity.swift */ = {isa = PBXFileReference; fileEncoding = 4; lastKnownFileType = sourcecode.swift; path = LicenseEntity.swift; sourceTree = "<group>"; };
		380EA53A24CC2EC300514173 /* TrunkResponseModelMapper.swift */ = {isa = PBXFileReference; fileEncoding = 4; lastKnownFileType = sourcecode.swift; path = TrunkResponseModelMapper.swift; sourceTree = "<group>"; };
		380EA53B24CC2EC300514173 /* TrunkResponseEntity.swift */ = {isa = PBXFileReference; fileEncoding = 4; lastKnownFileType = sourcecode.swift; path = TrunkResponseEntity.swift; sourceTree = "<group>"; };
		380EA54324CC2ECF00514173 /* GithubRequestStatusFactory.swift */ = {isa = PBXFileReference; fileEncoding = 4; lastKnownFileType = sourcecode.swift; path = GithubRequestStatusFactory.swift; sourceTree = "<group>"; };
		380EA54424CC2ECF00514173 /* AuthPlugin.swift */ = {isa = PBXFileReference; fileEncoding = 4; lastKnownFileType = sourcecode.swift; path = AuthPlugin.swift; sourceTree = "<group>"; };
		380EA54524CC2ECF00514173 /* ErrorMessagePlugin.swift */ = {isa = PBXFileReference; fileEncoding = 4; lastKnownFileType = sourcecode.swift; path = ErrorMessagePlugin.swift; sourceTree = "<group>"; };
		380EA54924CC2EE500514173 /* Generic.swift */ = {isa = PBXFileReference; fileEncoding = 4; lastKnownFileType = sourcecode.swift; path = Generic.swift; sourceTree = "<group>"; };
		380EA54A24CC2EE500514173 /* Github.swift */ = {isa = PBXFileReference; fileEncoding = 4; lastKnownFileType = sourcecode.swift; path = Github.swift; sourceTree = "<group>"; };
		380EA54B24CC2EE500514173 /* CocoaPodsTrunk.swift */ = {isa = PBXFileReference; fileEncoding = 4; lastKnownFileType = sourcecode.swift; path = CocoaPodsTrunk.swift; sourceTree = "<group>"; };
		380EA56324CC2F4600514173 /* ErrorMessageView.swift */ = {isa = PBXFileReference; fileEncoding = 4; lastKnownFileType = sourcecode.swift; path = ErrorMessageView.swift; sourceTree = "<group>"; };
		380EA56724CC2F4600514173 /* DetailView.swift */ = {isa = PBXFileReference; fileEncoding = 4; lastKnownFileType = sourcecode.swift; path = DetailView.swift; sourceTree = "<group>"; };
		380EA56924CC2F4600514173 /* SettingsView.swift */ = {isa = PBXFileReference; fileEncoding = 4; lastKnownFileType = sourcecode.swift; path = SettingsView.swift; sourceTree = "<group>"; };
		380EA56D24CC2F4600514173 /* ProgressBar.swift */ = {isa = PBXFileReference; fileEncoding = 4; lastKnownFileType = sourcecode.swift; path = ProgressBar.swift; sourceTree = "<group>"; };
		380EA57224CC2F4700514173 /* FileDropArea.swift */ = {isa = PBXFileReference; fileEncoding = 4; lastKnownFileType = sourcecode.swift; path = FileDropArea.swift; sourceTree = "<group>"; };
		380EA58624CC2F6000514173 /* ProgressIndicatorView.swift */ = {isa = PBXFileReference; fileEncoding = 4; lastKnownFileType = sourcecode.swift; path = ProgressIndicatorView.swift; sourceTree = "<group>"; };
		380EA58724CC2F6000514173 /* ProgressIndicator.swift */ = {isa = PBXFileReference; fileEncoding = 4; lastKnownFileType = sourcecode.swift; path = ProgressIndicator.swift; sourceTree = "<group>"; };
		380EA59124CC2FCF00514173 /* swiftgen.yml */ = {isa = PBXFileReference; fileEncoding = 4; lastKnownFileType = text.yaml; path = swiftgen.yml; sourceTree = "<group>"; };
		380EA59424CC337F00514173 /* PinEntity.swift */ = {isa = PBXFileReference; lastKnownFileType = sourcecode.swift; path = PinEntity.swift; sourceTree = "<group>"; };
		380EA59624CC33A100514173 /* PinStateEntity.swift */ = {isa = PBXFileReference; lastKnownFileType = sourcecode.swift; path = PinStateEntity.swift; sourceTree = "<group>"; };
		380EA59824CC33C000514173 /* PinsEntity.swift */ = {isa = PBXFileReference; lastKnownFileType = sourcecode.swift; path = PinsEntity.swift; sourceTree = "<group>"; };
		380EA5A024CC542A00514173 /* NSViewExtensions.swift */ = {isa = PBXFileReference; lastKnownFileType = sourcecode.swift; path = NSViewExtensions.swift; sourceTree = "<group>"; };
		3811FB77256112E90019CDB8 /* ToolbarItems.swift */ = {isa = PBXFileReference; lastKnownFileType = sourcecode.swift; path = ToolbarItems.swift; sourceTree = "<group>"; };
		3811FBC025612F6B0019CDB8 /* AppDelegate.swift */ = {isa = PBXFileReference; lastKnownFileType = sourcecode.swift; path = AppDelegate.swift; sourceTree = "<group>"; };
		3811FBCA256150160019CDB8 /* WindowContentView.swift */ = {isa = PBXFileReference; lastKnownFileType = sourcecode.swift; path = WindowContentView.swift; sourceTree = "<group>"; };
		3813180924FE324F0087FB05 /* AppReducer.swift */ = {isa = PBXFileReference; lastKnownFileType = sourcecode.swift; path = AppReducer.swift; sourceTree = "<group>"; };
		3816E62224D580B60053454E /* CSVExporter.swift */ = {isa = PBXFileReference; lastKnownFileType = sourcecode.swift; path = CSVExporter.swift; sourceTree = "<group>"; };
		3816E62424D697130053454E /* CSVRowFactory.swift */ = {isa = PBXFileReference; lastKnownFileType = sourcecode.swift; path = CSVRowFactory.swift; sourceTree = "<group>"; };
		381E66C124B1ACD30083E9C1 /* macOS.entitlements */ = {isa = PBXFileReference; lastKnownFileType = text.plist.entitlements; path = macOS.entitlements; sourceTree = "<group>"; };
		381FF77225035C800009C0A1 /* AppState.swift */ = {isa = PBXFileReference; lastKnownFileType = sourcecode.swift; path = AppState.swift; sourceTree = "<group>"; };
		381FF77425035C9C0009C0A1 /* AppAction.swift */ = {isa = PBXFileReference; lastKnownFileType = sourcecode.swift; path = AppAction.swift; sourceTree = "<group>"; };
		381FF77625035CAC0009C0A1 /* AppEnvironment.swift */ = {isa = PBXFileReference; lastKnownFileType = sourcecode.swift; path = AppEnvironment.swift; sourceTree = "<group>"; };
		382C3D39256967FB00A264A5 /* Storage.swift */ = {isa = PBXFileReference; lastKnownFileType = sourcecode.swift; path = Storage.swift; sourceTree = "<group>"; };
		382C3D412569684D00A264A5 /* Defaults.swift */ = {isa = PBXFileReference; lastKnownFileType = sourcecode.swift; path = Defaults.swift; sourceTree = "<group>"; };
		38411BDD24CC9C82001CA0E7 /* DetailPlaceholderView.swift */ = {isa = PBXFileReference; lastKnownFileType = sourcecode.swift; path = DetailPlaceholderView.swift; sourceTree = "<group>"; };
		3864D5B924A768CB00A94E05 /* Licenses.app */ = {isa = PBXFileReference; explicitFileType = wrapper.application; includeInIndex = 0; path = Licenses.app; sourceTree = BUILT_PRODUCTS_DIR; };
		3864D5CC24A768CB00A94E05 /* LicensesTests.xctest */ = {isa = PBXFileReference; explicitFileType = wrapper.cfbundle; includeInIndex = 0; path = LicensesTests.xctest; sourceTree = BUILT_PRODUCTS_DIR; };
		3864D5F124A7698800A94E05 /* Colors.xcassets */ = {isa = PBXFileReference; lastKnownFileType = folder.assetcatalog; path = Colors.xcassets; sourceTree = "<group>"; };
		3864D6CE24A76BBF00A94E05 /* .swiftlint.yml */ = {isa = PBXFileReference; fileEncoding = 4; lastKnownFileType = text.yaml; path = .swiftlint.yml; sourceTree = SOURCE_ROOT; };
		3864D6DC24A76DA600A94E05 /* Assets.swift */ = {isa = PBXFileReference; fileEncoding = 4; lastKnownFileType = sourcecode.swift; path = Assets.swift; sourceTree = "<group>"; };
		3864D6DF24A76EA800A94E05 /* Images.xcassets */ = {isa = PBXFileReference; lastKnownFileType = folder.assetcatalog; path = Images.xcassets; sourceTree = "<group>"; };
		3864D6E724A770BD00A94E05 /* en */ = {isa = PBXFileReference; lastKnownFileType = text.plist.strings; name = en; path = en.lproj/Localizable.strings; sourceTree = "<group>"; };
		3864D6E924A770CD00A94E05 /* de */ = {isa = PBXFileReference; lastKnownFileType = text.plist.strings; name = de; path = de.lproj/Localizable.strings; sourceTree = "<group>"; };
		3864D6EA24A7717700A94E05 /* Strings.swift */ = {isa = PBXFileReference; fileEncoding = 4; lastKnownFileType = sourcecode.swift; path = Strings.swift; sourceTree = "<group>"; };
		38946C1A2587C7CD00F39DC1 /* DetailPlaceholderEntryView.swift */ = {isa = PBXFileReference; lastKnownFileType = sourcecode.swift; path = DetailPlaceholderEntryView.swift; sourceTree = "<group>"; };
		389AF7BD25972A2F007C5A3F /* Package.resolved */ = {isa = PBXFileReference; fileEncoding = 4; lastKnownFileType = text; path = Package.resolved; sourceTree = "<group>"; };
		389AF7BE25972A2F007C5A3F /* Podfile.lock */ = {isa = PBXFileReference; fileEncoding = 4; lastKnownFileType = text; path = Podfile.lock; sourceTree = "<group>"; };
		389AF7E625974F24007C5A3F /* en */ = {isa = PBXFileReference; lastKnownFileType = text.plist.strings; name = en; path = en.lproj/InfoPlist.strings; sourceTree = "<group>"; };
		389AF7E825974F27007C5A3F /* de */ = {isa = PBXFileReference; lastKnownFileType = text.plist.strings; name = de; path = de.lproj/InfoPlist.strings; sourceTree = "<group>"; };
		38A48CD6257396BF00F1E72F /* DetailItemView.swift */ = {isa = PBXFileReference; lastKnownFileType = sourcecode.swift; path = DetailItemView.swift; sourceTree = "<group>"; };
		38A48CF22573ABF700F1E72F /* RepositoryListEntry.swift */ = {isa = PBXFileReference; fileEncoding = 4; lastKnownFileType = sourcecode.swift; path = RepositoryListEntry.swift; sourceTree = "<group>"; };
		38A48CF32573ABF700F1E72F /* RepositoryListEntryFactory.swift */ = {isa = PBXFileReference; fileEncoding = 4; lastKnownFileType = sourcecode.swift; path = RepositoryListEntryFactory.swift; sourceTree = "<group>"; };
		38A48D0C2573C55F00F1E72F /* FileImporter.swift */ = {isa = PBXFileReference; lastKnownFileType = sourcecode.swift; path = FileImporter.swift; sourceTree = "<group>"; };
		38A48D102573C68400F1E72F /* FileExporter.swift */ = {isa = PBXFileReference; lastKnownFileType = sourcecode.swift; path = FileExporter.swift; sourceTree = "<group>"; };
		38A48D2825740C0100F1E72F /* Cartfile.resolved */ = {isa = PBXFileReference; fileEncoding = 4; lastKnownFileType = text; path = Cartfile.resolved; sourceTree = "<group>"; };
		38B5E50725850EC7002938F0 /* RepositoryListTableCellView.swift */ = {isa = PBXFileReference; lastKnownFileType = sourcecode.swift; path = RepositoryListTableCellView.swift; sourceTree = "<group>"; };
		38BC46A624B1ADEE0088B830 /* Info.plist */ = {isa = PBXFileReference; lastKnownFileType = text.plist.xml; path = Info.plist; sourceTree = "<group>"; };
		38CC1B4A24CC2B1200FDBE21 /* Info.plist */ = {isa = PBXFileReference; fileEncoding = 4; lastKnownFileType = text.plist.xml; path = Info.plist; sourceTree = "<group>"; };
		38CC1B4B24CC2B1200FDBE21 /* Tests.swift */ = {isa = PBXFileReference; fileEncoding = 4; lastKnownFileType = sourcecode.swift; path = Tests.swift; sourceTree = "<group>"; };
		38D1C2402563956F000C3D8D /* Store.swift */ = {isa = PBXFileReference; lastKnownFileType = sourcecode.swift; path = Store.swift; sourceTree = "<group>"; };
		38D1C24625639600000C3D8D /* Reducer.swift */ = {isa = PBXFileReference; lastKnownFileType = sourcecode.swift; path = Reducer.swift; sourceTree = "<group>"; };
		38DED0CD257B751D00177783 /* RepositoryListViewController.swift */ = {isa = PBXFileReference; lastKnownFileType = sourcecode.swift; path = RepositoryListViewController.swift; sourceTree = "<group>"; };
		38DED0D5257B7DC900177783 /* RepositoryListView.swift */ = {isa = PBXFileReference; lastKnownFileType = sourcecode.swift; path = RepositoryListView.swift; sourceTree = "<group>"; };
		38E8807C24D6B2CE0012A36C /* ProgressView.swift */ = {isa = PBXFileReference; lastKnownFileType = sourcecode.swift; path = ProgressView.swift; sourceTree = "<group>"; };
		38E8807E24D6B3AF0012A36C /* MasterView.swift */ = {isa = PBXFileReference; lastKnownFileType = sourcecode.swift; path = MasterView.swift; sourceTree = "<group>"; };
		38E8808024D6B5F40012A36C /* InformationView.swift */ = {isa = PBXFileReference; lastKnownFileType = sourcecode.swift; path = InformationView.swift; sourceTree = "<group>"; };
		38F913A9257A278000E6E54D /* BrandedButtonStyle.swift */ = {isa = PBXFileReference; lastKnownFileType = sourcecode.swift; path = BrandedButtonStyle.swift; sourceTree = "<group>"; };
		38F913B0257A2BD700E6E54D /* OnboardingView.swift */ = {isa = PBXFileReference; lastKnownFileType = sourcecode.swift; path = OnboardingView.swift; sourceTree = "<group>"; };
/* End PBXFileReference section */

/* Begin PBXFrameworksBuildPhase section */
		3864D5B624A768CB00A94E05 /* Frameworks */ = {
			isa = PBXFrameworksBuildPhase;
			buildActionMask = 2147483647;
			files = (
				3864D5ED24A7695F00A94E05 /* Aphrodite in Frameworks */,
			);
			runOnlyForDeploymentPostprocessing = 0;
		};
		3864D5C924A768CB00A94E05 /* Frameworks */ = {
			isa = PBXFrameworksBuildPhase;
			buildActionMask = 2147483647;
			files = (
			);
			runOnlyForDeploymentPostprocessing = 0;
		};
/* End PBXFrameworksBuildPhase section */

/* Begin PBXGroup section */
		380EA4DC24CC2D5400514173 /* Sources */ = {
			isa = PBXGroup;
			children = (
				380EA4DD24CC2D7700514173 /* LicensesApp.swift */,
				3811FBC025612F6B0019CDB8 /* AppDelegate.swift */,
				38D1C23F2563955B000C3D8D /* Architecture */,
				380EA4E624CC2D9E00514173 /* Domain */,
				380EA4E724CC2DA500514173 /* FileAccess */,
				380EA51B24CC2E5600514173 /* Globals */,
				380EA52D24CC2E8700514173 /* Networking */,
				380EA56224CC2F2600514173 /* UI */,
			);
			path = Sources;
			sourceTree = "<group>";
		};
		380EA4E624CC2D9E00514173 /* Domain */ = {
			isa = PBXGroup;
			children = (
				380EA4E824CC2DBA00514173 /* Github */,
				380EA4E924CC2DC400514173 /* Manifest */,
				380EA4EA24CC2DD000514173 /* Processors */,
			);
			path = Domain;
			sourceTree = "<group>";
		};
		380EA4E724CC2DA500514173 /* FileAccess */ = {
			isa = PBXGroup;
			children = (
				380EA51824CC2E3800514173 /* Entities */,
			);
			path = FileAccess;
			sourceTree = "<group>";
		};
		380EA4E824CC2DBA00514173 /* Github */ = {
			isa = PBXGroup;
			children = (
				380EA4F524CC2DE600514173 /* GithubLicense.swift */,
				380EA4F224CC2DE600514173 /* GithubLicenseModelMapper.swift */,
				380EA4EC24CC2DE500514173 /* GithubRepository.swift */,
				380EA4F324CC2DE600514173 /* GithubRepositoryUrlDecoder.swift */,
				380EA4EF24CC2DE600514173 /* GithubRepositoryUrlEncoder.swift */,
				380EA4F424CC2DE600514173 /* GithubRequestStatus.swift */,
				380EA4EB24CC2DE500514173 /* License.swift */,
				380EA4F024CC2DE600514173 /* LicenseModelMapper.swift */,
				380EA4F124CC2DE600514173 /* Links.swift */,
				380EA4EE24CC2DE500514173 /* LinksModelMapper.swift */,
				380EA4ED24CC2DE500514173 /* Repository.swift */,
			);
			path = Github;
			sourceTree = "<group>";
		};
		380EA4E924CC2DC400514173 /* Manifest */ = {
			isa = PBXGroup;
			children = (
				380EA50324CC2DF500514173 /* Manifest.swift */,
				380EA50224CC2DF500514173 /* ManifestPublisher.swift */,
				380EA50424CC2DF500514173 /* ManifestDecoder.swift */,
				380EA50124CC2DF500514173 /* ManifestDecodingStrategy.swift */,
				380EA50524CC2DF500514173 /* PackageManager.swift */,
				380EA50624CC2DF500514173 /* RegexPatterns.swift */,
				380EA50D24CC2E0300514173 /* Strategies */,
			);
			path = Manifest;
			sourceTree = "<group>";
		};
		380EA4EA24CC2DD000514173 /* Processors */ = {
			isa = PBXGroup;
			children = (
				380EA51524CC2E2600514173 /* CocoaPodsRepositoryProcessor.swift */,
				380EA51424CC2E2600514173 /* LicenseProcessor.swift */,
			);
			path = Processors;
			sourceTree = "<group>";
		};
		380EA50D24CC2E0300514173 /* Strategies */ = {
			isa = PBXGroup;
			children = (
				380EA50E24CC2E1000514173 /* CarthageManifestDecodingStrategy.swift */,
				380EA51024CC2E1000514173 /* CocoaPodsPackageDecodingStrategy.swift */,
				380EA50F24CC2E1000514173 /* SwiftPmManifestDecodingStrategy.swift */,
			);
			path = Strategies;
			sourceTree = "<group>";
		};
		380EA51824CC2E3800514173 /* Entities */ = {
			isa = PBXGroup;
			children = (
				380EA51924CC2E4300514173 /* ResolvedPackagesEntity.swift */,
				380EA59424CC337F00514173 /* PinEntity.swift */,
				380EA59824CC33C000514173 /* PinsEntity.swift */,
				380EA59624CC33A100514173 /* PinStateEntity.swift */,
			);
			path = Entities;
			sourceTree = "<group>";
		};
		380EA51B24CC2E5600514173 /* Globals */ = {
			isa = PBXGroup;
			children = (
				382C3D48256A4F3B00A264A5 /* CSVExport */,
				380EA52024CC2E6800514173 /* Extensions */,
				382C3D45256A4F2C00A264A5 /* UserDefaults */,
			);
			path = Globals;
			sourceTree = "<group>";
		};
		380EA52024CC2E6800514173 /* Extensions */ = {
			isa = PBXGroup;
			children = (
				380EA52424CC2E7700514173 /* JSONDecoderExtensions.swift */,
				380EA52124CC2E7700514173 /* JSONEncoderExtensions.swift */,
				380EA52524CC2E7700514173 /* NSRegularExpressionExtensions.swift */,
				380EA52324CC2E7700514173 /* StringExtensions.swift */,
				380EA52624CC2E7700514173 /* ViewExtensions.swift */,
				380EA5A024CC542A00514173 /* NSViewExtensions.swift */,
			);
			path = Extensions;
			sourceTree = "<group>";
		};
		380EA52D24CC2E8700514173 /* Networking */ = {
			isa = PBXGroup;
			children = (
				380EA53224CC2EB500514173 /* API.swift */,
				380EA53124CC2EB500514173 /* DomainErrorFactory.swift */,
				380EA54324CC2ECF00514173 /* GithubRequestStatusFactory.swift */,
				380EA53024CC2EA700514173 /* Entities */,
				380EA52F24CC2E9B00514173 /* Plugins */,
				380EA52E24CC2E9100514173 /* Targets */,
			);
			path = Networking;
			sourceTree = "<group>";
		};
		380EA52E24CC2E9100514173 /* Targets */ = {
			isa = PBXGroup;
			children = (
				380EA54B24CC2EE500514173 /* CocoaPodsTrunk.swift */,
				380EA54924CC2EE500514173 /* Generic.swift */,
				380EA54A24CC2EE500514173 /* Github.swift */,
			);
			path = Targets;
			sourceTree = "<group>";
		};
		380EA52F24CC2E9B00514173 /* Plugins */ = {
			isa = PBXGroup;
			children = (
				380EA54424CC2ECF00514173 /* AuthPlugin.swift */,
				380EA54524CC2ECF00514173 /* ErrorMessagePlugin.swift */,
			);
			path = Plugins;
			sourceTree = "<group>";
		};
		380EA53024CC2EA700514173 /* Entities */ = {
			isa = PBXGroup;
			children = (
				380EA53724CC2EC300514173 /* GithubLicenseEntity.swift */,
				380EA53924CC2EC300514173 /* LicenseEntity.swift */,
				380EA53624CC2EC300514173 /* LinksEntity.swift */,
				380EA53524CC2EC300514173 /* PodSpecEntity.swift */,
				380EA53824CC2EC300514173 /* TrunkResponse.swift */,
				380EA53B24CC2EC300514173 /* TrunkResponseEntity.swift */,
				380EA53A24CC2EC300514173 /* TrunkResponseModelMapper.swift */,
			);
			path = Entities;
			sourceTree = "<group>";
		};
		380EA56224CC2F2600514173 /* UI */ = {
			isa = PBXGroup;
			children = (
				3811FBCA256150160019CDB8 /* WindowContentView.swift */,
				38E9C2DF257A0EC400BFE40A /* BrandedButton */,
				3853B64E24FBEB9C0080C55F /* Detail */,
				3853B64B24FBEB2E0080C55F /* FileDrop */,
				3853B64F24FBEBA50080C55F /* Master */,
				38F913AF257A2BCB00E6E54D /* Onboarding */,
				38A48D142573C7BC00F1E72F /* Panels */,
				3853B64D24FBEB8A0080C55F /* Progress */,
				380EA58524CC2F4F00514173 /* ProgressIndicator */,
				3853B64824FBE8FB0080C55F /* Settings */,
				380EA58A24CC2F6A00514173 /* Toolbar */,
				3853B64C24FBEB3F0080C55F /* Warning */,
			);
			path = UI;
			sourceTree = "<group>";
		};
		380EA58524CC2F4F00514173 /* ProgressIndicator */ = {
			isa = PBXGroup;
			children = (
				380EA58724CC2F6000514173 /* ProgressIndicator.swift */,
				380EA58624CC2F6000514173 /* ProgressIndicatorView.swift */,
			);
			path = ProgressIndicator;
			sourceTree = "<group>";
		};
		380EA58A24CC2F6A00514173 /* Toolbar */ = {
			isa = PBXGroup;
			children = (
				3811FB77256112E90019CDB8 /* ToolbarItems.swift */,
			);
			path = Toolbar;
			sourceTree = "<group>";
		};
		382C3D45256A4F2C00A264A5 /* UserDefaults */ = {
			isa = PBXGroup;
			children = (
				382C3D39256967FB00A264A5 /* Storage.swift */,
				382C3D412569684D00A264A5 /* Defaults.swift */,
			);
			path = UserDefaults;
			sourceTree = "<group>";
		};
		382C3D48256A4F3B00A264A5 /* CSVExport */ = {
			isa = PBXGroup;
			children = (
				3816E62224D580B60053454E /* CSVExporter.swift */,
				3816E62424D697130053454E /* CSVRowFactory.swift */,
			);
			path = CSVExport;
			sourceTree = "<group>";
		};
		3853B64824FBE8FB0080C55F /* Settings */ = {
			isa = PBXGroup;
			children = (
				380EA56924CC2F4600514173 /* SettingsView.swift */,
			);
			path = Settings;
			sourceTree = "<group>";
		};
		3853B64B24FBEB2E0080C55F /* FileDrop */ = {
			isa = PBXGroup;
			children = (
				380EA57224CC2F4700514173 /* FileDropArea.swift */,
			);
			path = FileDrop;
			sourceTree = "<group>";
		};
		3853B64C24FBEB3F0080C55F /* Warning */ = {
			isa = PBXGroup;
			children = (
				380EA56324CC2F4600514173 /* ErrorMessageView.swift */,
				38E8808024D6B5F40012A36C /* InformationView.swift */,
			);
			path = Warning;
			sourceTree = "<group>";
		};
		3853B64D24FBEB8A0080C55F /* Progress */ = {
			isa = PBXGroup;
			children = (
				380EA56D24CC2F4600514173 /* ProgressBar.swift */,
				38E8807C24D6B2CE0012A36C /* ProgressView.swift */,
			);
			path = Progress;
			sourceTree = "<group>";
		};
		3853B64E24FBEB9C0080C55F /* Detail */ = {
			isa = PBXGroup;
			children = (
				38946C172587C7BC00F39DC1 /* Placeholder */,
				380EA56724CC2F4600514173 /* DetailView.swift */,
				38A48CD6257396BF00F1E72F /* DetailItemView.swift */,
			);
			path = Detail;
			sourceTree = "<group>";
		};
		3853B64F24FBEBA50080C55F /* Master */ = {
			isa = PBXGroup;
			children = (
				38E8807E24D6B3AF0012A36C /* MasterView.swift */,
				38DED0CC257B750200177783 /* RepositoryListView */,
			);
			path = Master;
			sourceTree = "<group>";
		};
		3864D5A424A768C900A94E05 = {
			isa = PBXGroup;
			children = (
				3864D5A924A768C900A94E05 /* App */,
				3864D5E724A7692200A94E05 /* Tests */,
				3864D6CD24A76BAD00A94E05 /* RootFiles */,
				3864D5B224A768CB00A94E05 /* Products */,
				3864D5EB24A7695F00A94E05 /* Frameworks */,
			);
			sourceTree = "<group>";
		};
		3864D5A924A768C900A94E05 /* App */ = {
			isa = PBXGroup;
			children = (
				380EA4DC24CC2D5400514173 /* Sources */,
				3864D6C324A7699900A94E05 /* SupportingFiles */,
				3864D5EF24A7698800A94E05 /* Resources */,
				3864D63E24A7698800A94E05 /* Generated */,
			);
			path = App;
			sourceTree = "<group>";
		};
		3864D5B224A768CB00A94E05 /* Products */ = {
			isa = PBXGroup;
			children = (
				3864D5B924A768CB00A94E05 /* Licenses.app */,
				3864D5CC24A768CB00A94E05 /* LicensesTests.xctest */,
			);
			name = Products;
			sourceTree = "<group>";
		};
		3864D5E724A7692200A94E05 /* Tests */ = {
			isa = PBXGroup;
			children = (
				38CC1B4A24CC2B1200FDBE21 /* Info.plist */,
				38CC1B4B24CC2B1200FDBE21 /* Tests.swift */,
			);
			path = Tests;
			sourceTree = "<group>";
		};
		3864D5EB24A7695F00A94E05 /* Frameworks */ = {
			isa = PBXGroup;
			children = (
			);
			name = Frameworks;
			sourceTree = "<group>";
		};
		3864D5EF24A7698800A94E05 /* Resources */ = {
			isa = PBXGroup;
			children = (
				38A48D252573EA6500F1E72F /* Examples */,
				3864D6E824A770BD00A94E05 /* Localizable.strings */,
				3864D5F124A7698800A94E05 /* Colors.xcassets */,
				3864D6DF24A76EA800A94E05 /* Images.xcassets */,
			);
			path = Resources;
			sourceTree = "<group>";
		};
		3864D63E24A7698800A94E05 /* Generated */ = {
			isa = PBXGroup;
			children = (
				3864D63F24A7698800A94E05 /* SwiftGen */,
			);
			path = Generated;
			sourceTree = "<group>";
		};
		3864D63F24A7698800A94E05 /* SwiftGen */ = {
			isa = PBXGroup;
			children = (
				3864D6DC24A76DA600A94E05 /* Assets.swift */,
				3864D6EA24A7717700A94E05 /* Strings.swift */,
			);
			path = SwiftGen;
			sourceTree = "<group>";
		};
		3864D6C324A7699900A94E05 /* SupportingFiles */ = {
			isa = PBXGroup;
			children = (
				38BC46A624B1ADEE0088B830 /* Info.plist */,
				389AF7E725974F24007C5A3F /* InfoPlist.strings */,
				381E66C124B1ACD30083E9C1 /* macOS.entitlements */,
			);
			path = SupportingFiles;
			sourceTree = "<group>";
		};
		3864D6CD24A76BAD00A94E05 /* RootFiles */ = {
			isa = PBXGroup;
			children = (
				380EA59124CC2FCF00514173 /* swiftgen.yml */,
				3864D6CE24A76BBF00A94E05 /* .swiftlint.yml */,
			);
			name = RootFiles;
			sourceTree = "<group>";
		};
		38946C172587C7BC00F39DC1 /* Placeholder */ = {
			isa = PBXGroup;
			children = (
				38411BDD24CC9C82001CA0E7 /* DetailPlaceholderView.swift */,
				38946C1A2587C7CD00F39DC1 /* DetailPlaceholderEntryView.swift */,
			);
			path = Placeholder;
			sourceTree = "<group>";
		};
		38A48D142573C7BC00F1E72F /* Panels */ = {
			isa = PBXGroup;
			children = (
				38A48D0C2573C55F00F1E72F /* FileImporter.swift */,
				38A48D102573C68400F1E72F /* FileExporter.swift */,
			);
			path = Panels;
			sourceTree = "<group>";
		};
		38A48D252573EA6500F1E72F /* Examples */ = {
			isa = PBXGroup;
			children = (
				389AF7BD25972A2F007C5A3F /* Package.resolved */,
				389AF7BE25972A2F007C5A3F /* Podfile.lock */,
				38A48D2825740C0100F1E72F /* Cartfile.resolved */,
			);
			path = Examples;
			sourceTree = "<group>";
		};
		38D1C23F2563955B000C3D8D /* Architecture */ = {
			isa = PBXGroup;
			children = (
				381FF77425035C9C0009C0A1 /* AppAction.swift */,
				381FF77625035CAC0009C0A1 /* AppEnvironment.swift */,
				3813180924FE324F0087FB05 /* AppReducer.swift */,
				381FF77225035C800009C0A1 /* AppState.swift */,
				38D1C24625639600000C3D8D /* Reducer.swift */,
				38D1C2402563956F000C3D8D /* Store.swift */,
			);
			path = Architecture;
			sourceTree = "<group>";
		};
		38DED0CC257B750200177783 /* RepositoryListView */ = {
			isa = PBXGroup;
			children = (
				38A48CF22573ABF700F1E72F /* RepositoryListEntry.swift */,
				38A48CF32573ABF700F1E72F /* RepositoryListEntryFactory.swift */,
				38DED0CD257B751D00177783 /* RepositoryListViewController.swift */,
				38DED0D5257B7DC900177783 /* RepositoryListView.swift */,
				38B5E50725850EC7002938F0 /* RepositoryListTableCellView.swift */,
			);
			path = RepositoryListView;
			sourceTree = "<group>";
		};
		38E9C2DF257A0EC400BFE40A /* BrandedButton */ = {
			isa = PBXGroup;
			children = (
				38F913A9257A278000E6E54D /* BrandedButtonStyle.swift */,
				3804F1B3258A6F0600BF1DC7 /* BrandedLinkButtonStyle.swift */,
			);
			path = BrandedButton;
			sourceTree = "<group>";
		};
		38F913AF257A2BCB00E6E54D /* Onboarding */ = {
			isa = PBXGroup;
			children = (
				38F913B0257A2BD700E6E54D /* OnboardingView.swift */,
			);
			path = Onboarding;
			sourceTree = "<group>";
		};
/* End PBXGroup section */

/* Begin PBXNativeTarget section */
		3864D5B824A768CB00A94E05 /* Licenses */ = {
			isa = PBXNativeTarget;
			buildConfigurationList = 3864D5DE24A768CB00A94E05 /* Build configuration list for PBXNativeTarget "Licenses" */;
			buildPhases = (
				3864D6CB24A76AB100A94E05 /* SwiftLint */,
				3864D6CC24A76AB800A94E05 /* SwiftGen */,
				3864D5B524A768CB00A94E05 /* Sources */,
				3864D5B624A768CB00A94E05 /* Frameworks */,
				3864D5B724A768CB00A94E05 /* Resources */,
			);
			buildRules = (
			);
			dependencies = (
			);
			name = Licenses;
			packageProductDependencies = (
				3864D5EC24A7695F00A94E05 /* Aphrodite */,
			);
			productName = macOS;
			productReference = 3864D5B924A768CB00A94E05 /* Licenses.app */;
			productType = "com.apple.product-type.application";
		};
		3864D5CB24A768CB00A94E05 /* LicensesTests */ = {
			isa = PBXNativeTarget;
			buildConfigurationList = 3864D5E424A768CB00A94E05 /* Build configuration list for PBXNativeTarget "LicensesTests" */;
			buildPhases = (
				3864D5C824A768CB00A94E05 /* Sources */,
				3864D5C924A768CB00A94E05 /* Frameworks */,
				3864D5CA24A768CB00A94E05 /* Resources */,
			);
			buildRules = (
			);
			dependencies = (
				3864D5CE24A768CB00A94E05 /* PBXTargetDependency */,
			);
			name = LicensesTests;
			productName = "Tests macOS";
			productReference = 3864D5CC24A768CB00A94E05 /* LicensesTests.xctest */;
			productType = "com.apple.product-type.bundle.ui-testing";
		};
/* End PBXNativeTarget section */

/* Begin PBXProject section */
		3864D5A524A768C900A94E05 /* Project object */ = {
			isa = PBXProject;
			attributes = {
				LastSwiftUpdateCheck = 1200;
				LastUpgradeCheck = 1210;
				ORGANIZATIONNAME = "Andreas Link";
				TargetAttributes = {
					3864D5B824A768CB00A94E05 = {
						CreatedOnToolsVersion = 12.0;
					};
					3864D5CB24A768CB00A94E05 = {
						CreatedOnToolsVersion = 12.0;
						TestTargetID = 3864D5B824A768CB00A94E05;
					};
				};
			};
			buildConfigurationList = 3864D5A824A768C900A94E05 /* Build configuration list for PBXProject "Licenses" */;
			compatibilityVersion = "Xcode 9.3";
			developmentRegion = en;
			hasScannedForEncodings = 0;
			knownRegions = (
				en,
				Base,
				de,
			);
			mainGroup = 3864D5A424A768C900A94E05;
			packageReferences = (
				3864D5E824A7695900A94E05 /* XCRemoteSwiftPackageReference "Aphrodite" */,
			);
			productRefGroup = 3864D5B224A768CB00A94E05 /* Products */;
			projectDirPath = "";
			projectRoot = "";
			targets = (
				3864D5B824A768CB00A94E05 /* Licenses */,
				3864D5CB24A768CB00A94E05 /* LicensesTests */,
			);
		};
/* End PBXProject section */

/* Begin PBXResourcesBuildPhase section */
		3864D5B724A768CB00A94E05 /* Resources */ = {
			isa = PBXResourcesBuildPhase;
			buildActionMask = 2147483647;
			files = (
				3864D6E124A76EA800A94E05 /* Images.xcassets in Resources */,
				38A48D2925740C0100F1E72F /* Cartfile.resolved in Resources */,
				389AF7BF25972A2F007C5A3F /* Package.resolved in Resources */,
				380EA59224CC2FCF00514173 /* swiftgen.yml in Resources */,
				3864D6E624A770BD00A94E05 /* Localizable.strings in Resources */,
				3864D6D024A76BBF00A94E05 /* .swiftlint.yml in Resources */,
				389AF7C025972A2F007C5A3F /* Podfile.lock in Resources */,
				389AF7F925975208007C5A3F /* InfoPlist.strings in Resources */,
				3864D64524A7698800A94E05 /* Colors.xcassets in Resources */,
			);
			runOnlyForDeploymentPostprocessing = 0;
		};
		3864D5CA24A768CB00A94E05 /* Resources */ = {
			isa = PBXResourcesBuildPhase;
			buildActionMask = 2147483647;
			files = (
			);
			runOnlyForDeploymentPostprocessing = 0;
		};
/* End PBXResourcesBuildPhase section */

/* Begin PBXShellScriptBuildPhase section */
		3864D6CB24A76AB100A94E05 /* SwiftLint */ = {
			isa = PBXShellScriptBuildPhase;
			buildActionMask = 2147483647;
			files = (
			);
			inputFileListPaths = (
			);
			inputPaths = (
			);
			name = SwiftLint;
			outputFileListPaths = (
			);
			outputPaths = (
			);
			runOnlyForDeploymentPostprocessing = 0;
			shellPath = /bin/sh;
			shellScript = "if which swiftlint >/dev/null; then\nswiftlint\nelse\necho \"warning: SwiftLint not installed, download from https://github.com/realm/SwiftLint\"\nfi\n";
		};
		3864D6CC24A76AB800A94E05 /* SwiftGen */ = {
			isa = PBXShellScriptBuildPhase;
			buildActionMask = 2147483647;
			files = (
			);
			inputFileListPaths = (
			);
			inputPaths = (
			);
			name = SwiftGen;
			outputFileListPaths = (
			);
			outputPaths = (
			);
			runOnlyForDeploymentPostprocessing = 0;
			shellPath = /bin/sh;
			shellScript = "if which swiftgen > /dev/null; then\n    swiftgen\nelse\n    echo \"warning: SwiftGen not installed, download it from https://github.com/AliSoftware/SwiftGen\"\nfi\n";
		};
/* End PBXShellScriptBuildPhase section */

/* Begin PBXSourcesBuildPhase section */
		3864D5B524A768CB00A94E05 /* Sources */ = {
			isa = PBXSourcesBuildPhase;
			buildActionMask = 2147483647;
			files = (
				380EA4FB24CC2DE600514173 /* LicenseModelMapper.swift in Sources */,
				381FF77A25035F300009C0A1 /* DetailView.swift in Sources */,
				380EA53F24CC2EC300514173 /* TrunkResponse.swift in Sources */,
				380EA54D24CC2EE500514173 /* Github.swift in Sources */,
				380EA4F724CC2DE600514173 /* GithubRepository.swift in Sources */,
				380EA4FD24CC2DE600514173 /* GithubLicenseModelMapper.swift in Sources */,
				38A48CF42573ABF700F1E72F /* RepositoryListEntry.swift in Sources */,
				380EA54124CC2EC300514173 /* TrunkResponseModelMapper.swift in Sources */,
				380EA4DE24CC2D7700514173 /* LicensesApp.swift in Sources */,
				380EA54624CC2ECF00514173 /* GithubRequestStatusFactory.swift in Sources */,
				380EA51724CC2E2600514173 /* CocoaPodsRepositoryProcessor.swift in Sources */,
				380EA53C24CC2EC300514173 /* PodSpecEntity.swift in Sources */,
				381FF77525035C9C0009C0A1 /* AppAction.swift in Sources */,
				3813180A24FE324F0087FB05 /* AppReducer.swift in Sources */,
				380EA50824CC2DF500514173 /* ManifestPublisher.swift in Sources */,
				380EA51124CC2E1000514173 /* CarthageManifestDecodingStrategy.swift in Sources */,
				380EA53E24CC2EC300514173 /* GithubLicenseEntity.swift in Sources */,
				38B5E4F12584E39A002938F0 /* RepositoryListView.swift in Sources */,
				380EA59924CC33C000514173 /* PinsEntity.swift in Sources */,
				380EA57E24CC2F4700514173 /* ProgressBar.swift in Sources */,
				380EA50024CC2DE600514173 /* GithubLicense.swift in Sources */,
				38946C1B2587C7CD00F39DC1 /* DetailPlaceholderEntryView.swift in Sources */,
				380EA52A24CC2E7700514173 /* JSONDecoderExtensions.swift in Sources */,
				3864D6DE24A76DA600A94E05 /* Assets.swift in Sources */,
				380EA57A24CC2F4700514173 /* SettingsView.swift in Sources */,
				3811FBCB256150160019CDB8 /* WindowContentView.swift in Sources */,
				380EA54C24CC2EE500514173 /* Generic.swift in Sources */,
				380EA50A24CC2DF500514173 /* ManifestDecoder.swift in Sources */,
				381FF77B2503639C0009C0A1 /* InformationView.swift in Sources */,
				380EA54224CC2EC300514173 /* TrunkResponseEntity.swift in Sources */,
				380EA51A24CC2E4300514173 /* ResolvedPackagesEntity.swift in Sources */,
				380EA53424CC2EB500514173 /* API.swift in Sources */,
				3816E62324D580B60053454E /* CSVExporter.swift in Sources */,
				380EA4F924CC2DE600514173 /* LinksModelMapper.swift in Sources */,
				380EA5A124CC542A00514173 /* NSViewExtensions.swift in Sources */,
				3811FB78256112E90019CDB8 /* ToolbarItems.swift in Sources */,
				381FF77D2503642D0009C0A1 /* ErrorMessageView.swift in Sources */,
				380EA50C24CC2DF500514173 /* RegexPatterns.swift in Sources */,
				380EA59524CC337F00514173 /* PinEntity.swift in Sources */,
				380EA50724CC2DF500514173 /* ManifestDecodingStrategy.swift in Sources */,
				38E8807F24D6B3AF0012A36C /* MasterView.swift in Sources */,
				38D1C24725639600000C3D8D /* Reducer.swift in Sources */,
				380EA52924CC2E7700514173 /* StringExtensions.swift in Sources */,
				380EA58924CC2F6000514173 /* ProgressIndicator.swift in Sources */,
				38A48D112573C68400F1E72F /* FileExporter.swift in Sources */,
				380EA4F624CC2DE600514173 /* License.swift in Sources */,
				381FF77725035CAC0009C0A1 /* AppEnvironment.swift in Sources */,
				380EA4FA24CC2DE600514173 /* GithubRepositoryUrlEncoder.swift in Sources */,
				380EA54724CC2ECF00514173 /* AuthPlugin.swift in Sources */,
				381FF77E250365020009C0A1 /* ProgressView.swift in Sources */,
				380EA58824CC2F6000514173 /* ProgressIndicatorView.swift in Sources */,
				380EA51324CC2E1000514173 /* CocoaPodsPackageDecodingStrategy.swift in Sources */,
				380EA50B24CC2DF500514173 /* PackageManager.swift in Sources */,
				380EA53D24CC2EC300514173 /* LinksEntity.swift in Sources */,
				382C3D3A256967FB00A264A5 /* Storage.swift in Sources */,
				380EA50924CC2DF500514173 /* Manifest.swift in Sources */,
				380EA54024CC2EC300514173 /* LicenseEntity.swift in Sources */,
				380EA51624CC2E2600514173 /* LicenseProcessor.swift in Sources */,
				38B5E4FC2584E3DC002938F0 /* RepositoryListEntryFactory.swift in Sources */,
				38DED0CE257B751D00177783 /* RepositoryListViewController.swift in Sources */,
				382C3D422569684D00A264A5 /* Defaults.swift in Sources */,
				380EA58324CC2F4700514173 /* FileDropArea.swift in Sources */,
				38B5E50825850EC7002938F0 /* RepositoryListTableCellView.swift in Sources */,
				380EA4F824CC2DE600514173 /* Repository.swift in Sources */,
				38D1C2412563956F000C3D8D /* Store.swift in Sources */,
				380EA52B24CC2E7700514173 /* NSRegularExpressionExtensions.swift in Sources */,
				380EA53324CC2EB500514173 /* DomainErrorFactory.swift in Sources */,
				380EA4FC24CC2DE600514173 /* Links.swift in Sources */,
				380EA59724CC33A100514173 /* PinStateEntity.swift in Sources */,
				3816E62524D697130053454E /* CSVRowFactory.swift in Sources */,
				380EA54E24CC2EE500514173 /* CocoaPodsTrunk.swift in Sources */,
				3811FBC125612F6B0019CDB8 /* AppDelegate.swift in Sources */,
				380EA52C24CC2E7700514173 /* ViewExtensions.swift in Sources */,
				38411BDE24CC9C82001CA0E7 /* DetailPlaceholderView.swift in Sources */,
				380EA51224CC2E1000514173 /* SwiftPmManifestDecodingStrategy.swift in Sources */,
				38A48CD7257396BF00F1E72F /* DetailItemView.swift in Sources */,
				38F913AA257A278000E6E54D /* BrandedButtonStyle.swift in Sources */,
				380EA4FF24CC2DE600514173 /* GithubRequestStatus.swift in Sources */,
				3864D6EC24A7717700A94E05 /* Strings.swift in Sources */,
				3804F1B4258A6F0600BF1DC7 /* BrandedLinkButtonStyle.swift in Sources */,
				381FF77325035C800009C0A1 /* AppState.swift in Sources */,
				380EA54824CC2ECF00514173 /* ErrorMessagePlugin.swift in Sources */,
				380EA4FE24CC2DE600514173 /* GithubRepositoryUrlDecoder.swift in Sources */,
				380EA52724CC2E7700514173 /* JSONEncoderExtensions.swift in Sources */,
				38F913B1257A2BD700E6E54D /* OnboardingView.swift in Sources */,
				38A48D0D2573C55F00F1E72F /* FileImporter.swift in Sources */,
			);
			runOnlyForDeploymentPostprocessing = 0;
		};
		3864D5C824A768CB00A94E05 /* Sources */ = {
			isa = PBXSourcesBuildPhase;
			buildActionMask = 2147483647;
			files = (
				380EA59324CC30A300514173 /* Tests.swift in Sources */,
			);
			runOnlyForDeploymentPostprocessing = 0;
		};
/* End PBXSourcesBuildPhase section */

/* Begin PBXTargetDependency section */
		3864D5CE24A768CB00A94E05 /* PBXTargetDependency */ = {
			isa = PBXTargetDependency;
			target = 3864D5B824A768CB00A94E05 /* Licenses */;
			targetProxy = 3864D5CD24A768CB00A94E05 /* PBXContainerItemProxy */;
		};
/* End PBXTargetDependency section */

/* Begin PBXVariantGroup section */
		3864D6E824A770BD00A94E05 /* Localizable.strings */ = {
			isa = PBXVariantGroup;
			children = (
				3864D6E724A770BD00A94E05 /* en */,
				3864D6E924A770CD00A94E05 /* de */,
			);
			name = Localizable.strings;
			sourceTree = "<group>";
		};
		389AF7E725974F24007C5A3F /* InfoPlist.strings */ = {
			isa = PBXVariantGroup;
			children = (
				389AF7E625974F24007C5A3F /* en */,
				389AF7E825974F27007C5A3F /* de */,
			);
			name = InfoPlist.strings;
			sourceTree = "<group>";
		};
/* End PBXVariantGroup section */

/* Begin XCBuildConfiguration section */
		3864D5D924A768CB00A94E05 /* Debug */ = {
			isa = XCBuildConfiguration;
			buildSettings = {
				ALWAYS_SEARCH_USER_PATHS = NO;
				CLANG_ANALYZER_LOCALIZABILITY_NONLOCALIZED = YES;
				CLANG_ANALYZER_NONNULL = YES;
				CLANG_ANALYZER_NUMBER_OBJECT_CONVERSION = YES_AGGRESSIVE;
				CLANG_CXX_LANGUAGE_STANDARD = "gnu++14";
				CLANG_CXX_LIBRARY = "libc++";
				CLANG_ENABLE_MODULES = YES;
				CLANG_ENABLE_OBJC_ARC = YES;
				CLANG_ENABLE_OBJC_WEAK = YES;
				CLANG_WARN_BLOCK_CAPTURE_AUTORELEASING = YES;
				CLANG_WARN_BOOL_CONVERSION = YES;
				CLANG_WARN_COMMA = YES;
				CLANG_WARN_CONSTANT_CONVERSION = YES;
				CLANG_WARN_DEPRECATED_OBJC_IMPLEMENTATIONS = YES;
				CLANG_WARN_DIRECT_OBJC_ISA_USAGE = YES_ERROR;
				CLANG_WARN_DOCUMENTATION_COMMENTS = YES;
				CLANG_WARN_EMPTY_BODY = YES;
				CLANG_WARN_ENUM_CONVERSION = YES;
				CLANG_WARN_INFINITE_RECURSION = YES;
				CLANG_WARN_INT_CONVERSION = YES;
				CLANG_WARN_NON_LITERAL_NULL_CONVERSION = YES;
				CLANG_WARN_OBJC_IMPLICIT_RETAIN_SELF = YES;
				CLANG_WARN_OBJC_LITERAL_CONVERSION = YES;
				CLANG_WARN_OBJC_ROOT_CLASS = YES_ERROR;
				CLANG_WARN_QUOTED_INCLUDE_IN_FRAMEWORK_HEADER = YES;
				CLANG_WARN_RANGE_LOOP_ANALYSIS = YES;
				CLANG_WARN_STRICT_PROTOTYPES = YES;
				CLANG_WARN_SUSPICIOUS_MOVE = YES;
				CLANG_WARN_UNGUARDED_AVAILABILITY = YES_AGGRESSIVE;
				CLANG_WARN_UNREACHABLE_CODE = YES;
				CLANG_WARN__DUPLICATE_METHOD_MATCH = YES;
				COPY_PHASE_STRIP = NO;
				DEBUG_INFORMATION_FORMAT = dwarf;
				ENABLE_STRICT_OBJC_MSGSEND = YES;
				ENABLE_TESTABILITY = YES;
				GCC_C_LANGUAGE_STANDARD = gnu11;
				GCC_DYNAMIC_NO_PIC = NO;
				GCC_NO_COMMON_BLOCKS = YES;
				GCC_OPTIMIZATION_LEVEL = 0;
				GCC_PREPROCESSOR_DEFINITIONS = (
					"DEBUG=1",
					"$(inherited)",
				);
				GCC_WARN_64_TO_32_BIT_CONVERSION = YES;
				GCC_WARN_ABOUT_RETURN_TYPE = YES_ERROR;
				GCC_WARN_UNDECLARED_SELECTOR = YES;
				GCC_WARN_UNINITIALIZED_AUTOS = YES_AGGRESSIVE;
				GCC_WARN_UNUSED_FUNCTION = YES;
				GCC_WARN_UNUSED_VARIABLE = YES;
				MTL_ENABLE_DEBUG_INFO = INCLUDE_SOURCE;
				MTL_FAST_MATH = YES;
				ONLY_ACTIVE_ARCH = YES;
				SWIFT_ACTIVE_COMPILATION_CONDITIONS = DEBUG;
				SWIFT_OPTIMIZATION_LEVEL = "-Onone";
			};
			name = Debug;
		};
		3864D5DA24A768CB00A94E05 /* Release */ = {
			isa = XCBuildConfiguration;
			buildSettings = {
				ALWAYS_SEARCH_USER_PATHS = NO;
				CLANG_ANALYZER_LOCALIZABILITY_NONLOCALIZED = YES;
				CLANG_ANALYZER_NONNULL = YES;
				CLANG_ANALYZER_NUMBER_OBJECT_CONVERSION = YES_AGGRESSIVE;
				CLANG_CXX_LANGUAGE_STANDARD = "gnu++14";
				CLANG_CXX_LIBRARY = "libc++";
				CLANG_ENABLE_MODULES = YES;
				CLANG_ENABLE_OBJC_ARC = YES;
				CLANG_ENABLE_OBJC_WEAK = YES;
				CLANG_WARN_BLOCK_CAPTURE_AUTORELEASING = YES;
				CLANG_WARN_BOOL_CONVERSION = YES;
				CLANG_WARN_COMMA = YES;
				CLANG_WARN_CONSTANT_CONVERSION = YES;
				CLANG_WARN_DEPRECATED_OBJC_IMPLEMENTATIONS = YES;
				CLANG_WARN_DIRECT_OBJC_ISA_USAGE = YES_ERROR;
				CLANG_WARN_DOCUMENTATION_COMMENTS = YES;
				CLANG_WARN_EMPTY_BODY = YES;
				CLANG_WARN_ENUM_CONVERSION = YES;
				CLANG_WARN_INFINITE_RECURSION = YES;
				CLANG_WARN_INT_CONVERSION = YES;
				CLANG_WARN_NON_LITERAL_NULL_CONVERSION = YES;
				CLANG_WARN_OBJC_IMPLICIT_RETAIN_SELF = YES;
				CLANG_WARN_OBJC_LITERAL_CONVERSION = YES;
				CLANG_WARN_OBJC_ROOT_CLASS = YES_ERROR;
				CLANG_WARN_QUOTED_INCLUDE_IN_FRAMEWORK_HEADER = YES;
				CLANG_WARN_RANGE_LOOP_ANALYSIS = YES;
				CLANG_WARN_STRICT_PROTOTYPES = YES;
				CLANG_WARN_SUSPICIOUS_MOVE = YES;
				CLANG_WARN_UNGUARDED_AVAILABILITY = YES_AGGRESSIVE;
				CLANG_WARN_UNREACHABLE_CODE = YES;
				CLANG_WARN__DUPLICATE_METHOD_MATCH = YES;
				COPY_PHASE_STRIP = NO;
				DEBUG_INFORMATION_FORMAT = "dwarf-with-dsym";
				ENABLE_NS_ASSERTIONS = NO;
				ENABLE_STRICT_OBJC_MSGSEND = YES;
				GCC_C_LANGUAGE_STANDARD = gnu11;
				GCC_NO_COMMON_BLOCKS = YES;
				GCC_WARN_64_TO_32_BIT_CONVERSION = YES;
				GCC_WARN_ABOUT_RETURN_TYPE = YES_ERROR;
				GCC_WARN_UNDECLARED_SELECTOR = YES;
				GCC_WARN_UNINITIALIZED_AUTOS = YES_AGGRESSIVE;
				GCC_WARN_UNUSED_FUNCTION = YES;
				GCC_WARN_UNUSED_VARIABLE = YES;
				MTL_ENABLE_DEBUG_INFO = NO;
				MTL_FAST_MATH = YES;
				SWIFT_COMPILATION_MODE = wholemodule;
				SWIFT_OPTIMIZATION_LEVEL = "-O";
			};
			name = Release;
		};
		3864D5DF24A768CB00A94E05 /* Debug */ = {
			isa = XCBuildConfiguration;
			buildSettings = {
				ASSETCATALOG_COMPILER_APPICON_NAME = AppIcon;
				ASSETCATALOG_COMPILER_GLOBAL_ACCENT_COLOR_NAME = AccentColor;
				CODE_SIGN_ENTITLEMENTS = App/SupportingFiles/macOS.entitlements;
				CODE_SIGN_IDENTITY = "Apple Development";
				CODE_SIGN_STYLE = Automatic;
				COMBINE_HIDPI_IMAGES = YES;
				CURRENT_PROJECT_VERSION = 6;
				DEVELOPMENT_TEAM = 59983C7393;
				ENABLE_HARDENED_RUNTIME = YES;
				ENABLE_PREVIEWS = YES;
				INFOPLIST_FILE = "$(SRCROOT)/App/SupportingFiles/Info.plist";
				IPHONEOS_DEPLOYMENT_TARGET = 13.0;
				LD_RUNPATH_SEARCH_PATHS = (
					"$(inherited)",
					"@executable_path/../Frameworks",
				);
				MACOSX_DEPLOYMENT_TARGET = 11.0;
				MARKETING_VERSION = 1.0.0;
				PRODUCT_BUNDLE_IDENTIFIER = de.linkandreas.licenses;
				PRODUCT_NAME = Licenses;
				SDKROOT = macosx;
				SWIFT_VERSION = 5.0;
				TVOS_DEPLOYMENT_TARGET = 13.0;
				WATCHOS_DEPLOYMENT_TARGET = 6.0;
			};
			name = Debug;
		};
		3864D5E024A768CB00A94E05 /* Release */ = {
			isa = XCBuildConfiguration;
			buildSettings = {
				ASSETCATALOG_COMPILER_APPICON_NAME = AppIcon;
				ASSETCATALOG_COMPILER_GLOBAL_ACCENT_COLOR_NAME = AccentColor;
				CODE_SIGN_ENTITLEMENTS = App/SupportingFiles/macOS.entitlements;
				CODE_SIGN_IDENTITY = "Apple Development";
				CODE_SIGN_STYLE = Automatic;
				COMBINE_HIDPI_IMAGES = YES;
				CURRENT_PROJECT_VERSION = 6;
				DEVELOPMENT_TEAM = 59983C7393;
				ENABLE_HARDENED_RUNTIME = YES;
				ENABLE_PREVIEWS = YES;
				INFOPLIST_FILE = "$(SRCROOT)/App/SupportingFiles/Info.plist";
				IPHONEOS_DEPLOYMENT_TARGET = 13.0;
				LD_RUNPATH_SEARCH_PATHS = (
					"$(inherited)",
					"@executable_path/../Frameworks",
				);
				MACOSX_DEPLOYMENT_TARGET = 11.0;
				MARKETING_VERSION = 1.0.0;
				PRODUCT_BUNDLE_IDENTIFIER = de.linkandreas.licenses;
				PRODUCT_NAME = Licenses;
				SDKROOT = macosx;
				SWIFT_VERSION = 5.0;
				TVOS_DEPLOYMENT_TARGET = 13.0;
				WATCHOS_DEPLOYMENT_TARGET = 6.0;
			};
			name = Release;
		};
		3864D5E524A768CB00A94E05 /* Debug */ = {
			isa = XCBuildConfiguration;
			buildSettings = {
				ALWAYS_EMBED_SWIFT_STANDARD_LIBRARIES = YES;
				CODE_SIGN_STYLE = Automatic;
				COMBINE_HIDPI_IMAGES = YES;
				DEVELOPMENT_TEAM = 59983C7393;
				INFOPLIST_FILE = Tests/Info.plist;
				IPHONEOS_DEPLOYMENT_TARGET = 13.0;
				LD_RUNPATH_SEARCH_PATHS = (
					"$(inherited)",
					"@executable_path/../Frameworks",
					"@loader_path/../Frameworks",
				);
				MACOSX_DEPLOYMENT_TARGET = 10.15;
				PRODUCT_BUNDLE_IDENTIFIER = de.linkandreas.licenses.tests;
				PRODUCT_NAME = "$(TARGET_NAME)";
				SDKROOT = macosx;
				SWIFT_VERSION = 5.0;
				TEST_TARGET_NAME = macOS;
				TVOS_DEPLOYMENT_TARGET = 13.0;
				WATCHOS_DEPLOYMENT_TARGET = 6.0;
			};
			name = Debug;
		};
		3864D5E624A768CB00A94E05 /* Release */ = {
			isa = XCBuildConfiguration;
			buildSettings = {
				ALWAYS_EMBED_SWIFT_STANDARD_LIBRARIES = YES;
				CODE_SIGN_STYLE = Automatic;
				COMBINE_HIDPI_IMAGES = YES;
				DEVELOPMENT_TEAM = 59983C7393;
				INFOPLIST_FILE = Tests/Info.plist;
				IPHONEOS_DEPLOYMENT_TARGET = 13.0;
				LD_RUNPATH_SEARCH_PATHS = (
					"$(inherited)",
					"@executable_path/../Frameworks",
					"@loader_path/../Frameworks",
				);
				MACOSX_DEPLOYMENT_TARGET = 10.15;
				PRODUCT_BUNDLE_IDENTIFIER = de.linkandreas.licenses.tests;
				PRODUCT_NAME = "$(TARGET_NAME)";
				SDKROOT = macosx;
				SWIFT_VERSION = 5.0;
				TEST_TARGET_NAME = macOS;
				TVOS_DEPLOYMENT_TARGET = 13.0;
				WATCHOS_DEPLOYMENT_TARGET = 6.0;
			};
			name = Release;
		};
/* End XCBuildConfiguration section */

/* Begin XCConfigurationList section */
		3864D5A824A768C900A94E05 /* Build configuration list for PBXProject "Licenses" */ = {
			isa = XCConfigurationList;
			buildConfigurations = (
				3864D5D924A768CB00A94E05 /* Debug */,
				3864D5DA24A768CB00A94E05 /* Release */,
			);
			defaultConfigurationIsVisible = 0;
			defaultConfigurationName = Release;
		};
		3864D5DE24A768CB00A94E05 /* Build configuration list for PBXNativeTarget "Licenses" */ = {
			isa = XCConfigurationList;
			buildConfigurations = (
				3864D5DF24A768CB00A94E05 /* Debug */,
				3864D5E024A768CB00A94E05 /* Release */,
			);
			defaultConfigurationIsVisible = 0;
			defaultConfigurationName = Release;
		};
		3864D5E424A768CB00A94E05 /* Build configuration list for PBXNativeTarget "LicensesTests" */ = {
			isa = XCConfigurationList;
			buildConfigurations = (
				3864D5E524A768CB00A94E05 /* Debug */,
				3864D5E624A768CB00A94E05 /* Release */,
			);
			defaultConfigurationIsVisible = 0;
			defaultConfigurationName = Release;
		};
/* End XCConfigurationList section */

/* Begin XCRemoteSwiftPackageReference section */
		3864D5E824A7695900A94E05 /* XCRemoteSwiftPackageReference "Aphrodite" */ = {
			isa = XCRemoteSwiftPackageReference;
			repositoryURL = "https://github.com/LinkAndreas/Aphrodite.git";
			requirement = {
				kind = upToNextMajorVersion;
				minimumVersion = 0.3.3;
			};
		};
/* End XCRemoteSwiftPackageReference section */

/* Begin XCSwiftPackageProductDependency section */
		3864D5EC24A7695F00A94E05 /* Aphrodite */ = {
			isa = XCSwiftPackageProductDependency;
			package = 3864D5E824A7695900A94E05 /* XCRemoteSwiftPackageReference "Aphrodite" */;
			productName = Aphrodite;
		};
/* End XCSwiftPackageProductDependency section */
	};
	rootObject = 3864D5A524A768C900A94E05 /* Project object */;
}
