// !$*UTF8*$!
{
	archiveVersion = 1;
	classes = {
	};
	objectVersion = 52;
	objects = {

/* Begin PBXBuildFile section */
		3829E8C324630B560075D1E6 /* AppDelegate.swift in Sources */ = {isa = PBXBuildFile; fileRef = 3829E8C224630B560075D1E6 /* AppDelegate.swift */; };
		3829E8C924630B570075D1E6 /* Images.xcassets in Resources */ = {isa = PBXBuildFile; fileRef = 3829E8C824630B570075D1E6 /* Images.xcassets */; };
		3829E8CC24630B570075D1E6 /* Preview Assets.xcassets in Resources */ = {isa = PBXBuildFile; fileRef = 3829E8CB24630B570075D1E6 /* Preview Assets.xcassets */; };
		3829E8DA24630B570075D1E6 /* LicensesTests.swift in Sources */ = {isa = PBXBuildFile; fileRef = 3829E8D924630B570075D1E6 /* LicensesTests.swift */; };
		3856C97D2483F76D005BE348 /* FileDropArea.swift in Sources */ = {isa = PBXBuildFile; fileRef = 3856C97C2483F76D005BE348 /* FileDropArea.swift */; };
		385DD9BF2484073A006BA462 /* ManifestDecodingStrategy.swift in Sources */ = {isa = PBXBuildFile; fileRef = 385DD9BE2484073A006BA462 /* ManifestDecodingStrategy.swift */; };
		385DD9C12484E08E006BA462 /* CocoaPodsRepositoryProcessor.swift in Sources */ = {isa = PBXBuildFile; fileRef = 385DD9C02484E08E006BA462 /* CocoaPodsRepositoryProcessor.swift */; };
		385DD9C32484E13D006BA462 /* TrunkResponse.swift in Sources */ = {isa = PBXBuildFile; fileRef = 385DD9C22484E13D006BA462 /* TrunkResponse.swift */; };
		385DD9C52484E15D006BA462 /* TrunkResponseModelMapper.swift in Sources */ = {isa = PBXBuildFile; fileRef = 385DD9C42484E15D006BA462 /* TrunkResponseModelMapper.swift */; };
		385DD9C72484E176006BA462 /* TrunkResponseEntity.swift in Sources */ = {isa = PBXBuildFile; fileRef = 385DD9C62484E176006BA462 /* TrunkResponseEntity.swift */; };
		385DD9C92484E1AC006BA462 /* CocoaPodsTrunk.swift in Sources */ = {isa = PBXBuildFile; fileRef = 385DD9C82484E1AC006BA462 /* CocoaPodsTrunk.swift */; };
		385DD9CB2484E1DA006BA462 /* Generic.swift in Sources */ = {isa = PBXBuildFile; fileRef = 385DD9CA2484E1DA006BA462 /* Generic.swift */; };
		385DD9CD2484E5AC006BA462 /* JSONDecoderExtensions.swift in Sources */ = {isa = PBXBuildFile; fileRef = 385DD9CC2484E5AC006BA462 /* JSONDecoderExtensions.swift */; };
		385DD9CF2484E5BD006BA462 /* JSONEncoderExtensions.swift in Sources */ = {isa = PBXBuildFile; fileRef = 385DD9CE2484E5BD006BA462 /* JSONEncoderExtensions.swift */; };
		385DD9D12484E633006BA462 /* PodSpecEntity.swift in Sources */ = {isa = PBXBuildFile; fileRef = 385DD9D02484E633006BA462 /* PodSpecEntity.swift */; };
		385DD9D32484EA2B006BA462 /* LicenseProcessor.swift in Sources */ = {isa = PBXBuildFile; fileRef = 385DD9D22484EA2B006BA462 /* LicenseProcessor.swift */; };
		385DD9D52484F1BB006BA462 /* RespositoryList.swift in Sources */ = {isa = PBXBuildFile; fileRef = 385DD9D42484F1BB006BA462 /* RespositoryList.swift */; };
		386D5EA02467E6E7008C5C21 /* Repository.swift in Sources */ = {isa = PBXBuildFile; fileRef = 386D5E9F2467E6E7008C5C21 /* Repository.swift */; };
		386D5EA624681639008C5C21 /* ManifestCollector.swift in Sources */ = {isa = PBXBuildFile; fileRef = 386D5EA524681639008C5C21 /* ManifestCollector.swift */; };
		386D5EAA2468166D008C5C21 /* CarthageManifestDecodingStrategy.swift in Sources */ = {isa = PBXBuildFile; fileRef = 386D5EA92468166D008C5C21 /* CarthageManifestDecodingStrategy.swift */; };
		386D5EAC2468167E008C5C21 /* SwiftPmManifestDecodingStrategy.swift in Sources */ = {isa = PBXBuildFile; fileRef = 386D5EAB2468167E008C5C21 /* SwiftPmManifestDecodingStrategy.swift */; };
		386D5EAE24681693008C5C21 /* PackageManager.swift in Sources */ = {isa = PBXBuildFile; fileRef = 386D5EAD24681693008C5C21 /* PackageManager.swift */; };
		386D5EB1246816EA008C5C21 /* RegexPatterns.swift in Sources */ = {isa = PBXBuildFile; fileRef = 386D5EB0246816EA008C5C21 /* RegexPatterns.swift */; };
		386D5EC424681900008C5C21 /* ResolvedPackages.swift in Sources */ = {isa = PBXBuildFile; fileRef = 386D5EC324681900008C5C21 /* ResolvedPackages.swift */; };
		386D5EC624681BCA008C5C21 /* StringExtensions.swift in Sources */ = {isa = PBXBuildFile; fileRef = 386D5EC524681BCA008C5C21 /* StringExtensions.swift */; };
		386D5ECA246824C6008C5C21 /* ManifestDecoder.swift in Sources */ = {isa = PBXBuildFile; fileRef = 386D5EC9246824C6008C5C21 /* ManifestDecoder.swift */; };
		38820C88248E8B17004AB45C /* GithubRepositoryUrlEncoder.swift in Sources */ = {isa = PBXBuildFile; fileRef = 38820C87248E8B17004AB45C /* GithubRepositoryUrlEncoder.swift */; };
		38856DE92482AC9000C10D19 /* GithubRepositoryUrlDecoder.swift in Sources */ = {isa = PBXBuildFile; fileRef = 38856DE82482AC9000C10D19 /* GithubRepositoryUrlDecoder.swift */; };
		3889BCBE24630F4A002F40ED /* .swiftlint.yml in Resources */ = {isa = PBXBuildFile; fileRef = 3889BCBD24630F4A002F40ED /* .swiftlint.yml */; };
		3889BCC724631089002F40ED /* Colors.swift in Sources */ = {isa = PBXBuildFile; fileRef = 3889BCC424631089002F40ED /* Colors.swift */; };
		3889BCC924631089002F40ED /* Images.swift in Sources */ = {isa = PBXBuildFile; fileRef = 3889BCC624631089002F40ED /* Images.swift */; };
		389093E92465AB5400367B2D /* GithubRepository.swift in Sources */ = {isa = PBXBuildFile; fileRef = 389093E82465AB5400367B2D /* GithubRepository.swift */; };
		38909C362467130E008A92C0 /* Main.storyboard in Resources */ = {isa = PBXBuildFile; fileRef = 38909C352467130E008A92C0 /* Main.storyboard */; };
		38CAFEB52479A3D6001279E7 /* Aphrodite in Frameworks */ = {isa = PBXBuildFile; productRef = 38CAFEB42479A3D6001279E7 /* Aphrodite */; };
		38CFB8C6248CC9F800097441 /* ComposableArchitecture in Frameworks */ = {isa = PBXBuildFile; productRef = 38CFB8C5248CC9F800097441 /* ComposableArchitecture */; };
		38CFB8C9248CCA8B00097441 /* AppState.swift in Sources */ = {isa = PBXBuildFile; fileRef = 38CFB8C8248CCA8B00097441 /* AppState.swift */; };
		38CFB8CB248CCACA00097441 /* AppAction.swift in Sources */ = {isa = PBXBuildFile; fileRef = 38CFB8CA248CCACA00097441 /* AppAction.swift */; };
		38CFB8CD248CCB7C00097441 /* AppEnvironment.swift in Sources */ = {isa = PBXBuildFile; fileRef = 38CFB8CC248CCB7C00097441 /* AppEnvironment.swift */; };
		38CFB8CF248D201700097441 /* RepositoryDetail.swift in Sources */ = {isa = PBXBuildFile; fileRef = 38CFB8CE248D201700097441 /* RepositoryDetail.swift */; };
		38CFB8D1248D204C00097441 /* ContentView.swift in Sources */ = {isa = PBXBuildFile; fileRef = 38CFB8D0248D204C00097441 /* ContentView.swift */; };
		38D5705E247A795E00ADCD4A /* CocoaPodsPackageDecodingStrategy.swift in Sources */ = {isa = PBXBuildFile; fileRef = 38D5705D247A795E00ADCD4A /* CocoaPodsPackageDecodingStrategy.swift */; };
		38E572EF246690860019B2F5 /* NSRegularExpressionExtensions.swift in Sources */ = {isa = PBXBuildFile; fileRef = 38E572EE246690860019B2F5 /* NSRegularExpressionExtensions.swift */; };
		38E81956246AEC5500C06758 /* API.swift in Sources */ = {isa = PBXBuildFile; fileRef = 38E81955246AEC5500C06758 /* API.swift */; };
		38E81958246AEC7900C06758 /* DomainErrorFactory.swift in Sources */ = {isa = PBXBuildFile; fileRef = 38E81957246AEC7900C06758 /* DomainErrorFactory.swift */; };
		38E8195B246AF2C100C06758 /* GithubLicenseEntity.swift in Sources */ = {isa = PBXBuildFile; fileRef = 38E8195A246AF2C100C06758 /* GithubLicenseEntity.swift */; };
		38E8195E246AF3C800C06758 /* Github.swift in Sources */ = {isa = PBXBuildFile; fileRef = 38E8195D246AF3C800C06758 /* Github.swift */; };
		38E81966246AF86A00C06758 /* GithubLicense.swift in Sources */ = {isa = PBXBuildFile; fileRef = 38E81965246AF86A00C06758 /* GithubLicense.swift */; };
		38E81968246AF8D600C06758 /* LicenseEntity.swift in Sources */ = {isa = PBXBuildFile; fileRef = 38E81967246AF8D600C06758 /* LicenseEntity.swift */; };
		38E8196A246AF8EE00C06758 /* LinksEntity.swift in Sources */ = {isa = PBXBuildFile; fileRef = 38E81969246AF8EE00C06758 /* LinksEntity.swift */; };
		38E8196C246AF94900C06758 /* GithubLicenseModelMapper.swift in Sources */ = {isa = PBXBuildFile; fileRef = 38E8196B246AF94900C06758 /* GithubLicenseModelMapper.swift */; };
		38E8196E246AF9EA00C06758 /* License.swift in Sources */ = {isa = PBXBuildFile; fileRef = 38E8196D246AF9EA00C06758 /* License.swift */; };
		38E81970246AF9F400C06758 /* Links.swift in Sources */ = {isa = PBXBuildFile; fileRef = 38E8196F246AF9F400C06758 /* Links.swift */; };
		38E81972246AFAB100C06758 /* LinksModelMapper.swift in Sources */ = {isa = PBXBuildFile; fileRef = 38E81971246AFAB100C06758 /* LinksModelMapper.swift */; };
		38E81974246AFB2F00C06758 /* LicenseModelMapper.swift in Sources */ = {isa = PBXBuildFile; fileRef = 38E81973246AFB2F00C06758 /* LicenseModelMapper.swift */; };
/* End PBXBuildFile section */

/* Begin PBXContainerItemProxy section */
		3829E8D624630B570075D1E6 /* PBXContainerItemProxy */ = {
			isa = PBXContainerItemProxy;
			containerPortal = 3829E8B724630B560075D1E6 /* Project object */;
			proxyType = 1;
			remoteGlobalIDString = 3829E8BE24630B560075D1E6;
			remoteInfo = Licenses;
		};
/* End PBXContainerItemProxy section */

/* Begin PBXFileReference section */
		3829E8BF24630B560075D1E6 /* Licenses.app */ = {isa = PBXFileReference; explicitFileType = wrapper.application; includeInIndex = 0; path = Licenses.app; sourceTree = BUILT_PRODUCTS_DIR; };
		3829E8C224630B560075D1E6 /* AppDelegate.swift */ = {isa = PBXFileReference; lastKnownFileType = sourcecode.swift; path = AppDelegate.swift; sourceTree = "<group>"; };
		3829E8C824630B570075D1E6 /* Images.xcassets */ = {isa = PBXFileReference; lastKnownFileType = folder.assetcatalog; path = Images.xcassets; sourceTree = "<group>"; };
		3829E8CB24630B570075D1E6 /* Preview Assets.xcassets */ = {isa = PBXFileReference; lastKnownFileType = folder.assetcatalog; path = "Preview Assets.xcassets"; sourceTree = "<group>"; };
		3829E8D524630B570075D1E6 /* LicensesTests.xctest */ = {isa = PBXFileReference; explicitFileType = wrapper.cfbundle; includeInIndex = 0; path = LicensesTests.xctest; sourceTree = BUILT_PRODUCTS_DIR; };
		3829E8D924630B570075D1E6 /* LicensesTests.swift */ = {isa = PBXFileReference; lastKnownFileType = sourcecode.swift; path = LicensesTests.swift; sourceTree = "<group>"; };
		3856C97C2483F76D005BE348 /* FileDropArea.swift */ = {isa = PBXFileReference; fileEncoding = 4; lastKnownFileType = sourcecode.swift; path = FileDropArea.swift; sourceTree = "<group>"; };
		385DD9BE2484073A006BA462 /* ManifestDecodingStrategy.swift */ = {isa = PBXFileReference; lastKnownFileType = sourcecode.swift; path = ManifestDecodingStrategy.swift; sourceTree = "<group>"; };
		385DD9C02484E08E006BA462 /* CocoaPodsRepositoryProcessor.swift */ = {isa = PBXFileReference; lastKnownFileType = sourcecode.swift; path = CocoaPodsRepositoryProcessor.swift; sourceTree = "<group>"; };
		385DD9C22484E13D006BA462 /* TrunkResponse.swift */ = {isa = PBXFileReference; lastKnownFileType = sourcecode.swift; path = TrunkResponse.swift; sourceTree = "<group>"; };
		385DD9C42484E15D006BA462 /* TrunkResponseModelMapper.swift */ = {isa = PBXFileReference; lastKnownFileType = sourcecode.swift; path = TrunkResponseModelMapper.swift; sourceTree = "<group>"; };
		385DD9C62484E176006BA462 /* TrunkResponseEntity.swift */ = {isa = PBXFileReference; lastKnownFileType = sourcecode.swift; path = TrunkResponseEntity.swift; sourceTree = "<group>"; };
		385DD9C82484E1AC006BA462 /* CocoaPodsTrunk.swift */ = {isa = PBXFileReference; lastKnownFileType = sourcecode.swift; path = CocoaPodsTrunk.swift; sourceTree = "<group>"; };
		385DD9CA2484E1DA006BA462 /* Generic.swift */ = {isa = PBXFileReference; lastKnownFileType = sourcecode.swift; path = Generic.swift; sourceTree = "<group>"; };
		385DD9CC2484E5AC006BA462 /* JSONDecoderExtensions.swift */ = {isa = PBXFileReference; lastKnownFileType = sourcecode.swift; path = JSONDecoderExtensions.swift; sourceTree = "<group>"; };
		385DD9CE2484E5BD006BA462 /* JSONEncoderExtensions.swift */ = {isa = PBXFileReference; lastKnownFileType = sourcecode.swift; path = JSONEncoderExtensions.swift; sourceTree = "<group>"; };
		385DD9D02484E633006BA462 /* PodSpecEntity.swift */ = {isa = PBXFileReference; lastKnownFileType = sourcecode.swift; path = PodSpecEntity.swift; sourceTree = "<group>"; };
		385DD9D22484EA2B006BA462 /* LicenseProcessor.swift */ = {isa = PBXFileReference; lastKnownFileType = sourcecode.swift; path = LicenseProcessor.swift; sourceTree = "<group>"; };
		385DD9D42484F1BB006BA462 /* RespositoryList.swift */ = {isa = PBXFileReference; lastKnownFileType = sourcecode.swift; path = RespositoryList.swift; sourceTree = "<group>"; };
		386D5E9F2467E6E7008C5C21 /* Repository.swift */ = {isa = PBXFileReference; lastKnownFileType = sourcecode.swift; path = Repository.swift; sourceTree = "<group>"; };
		386D5EA524681639008C5C21 /* ManifestCollector.swift */ = {isa = PBXFileReference; lastKnownFileType = sourcecode.swift; path = ManifestCollector.swift; sourceTree = "<group>"; };
		386D5EA92468166D008C5C21 /* CarthageManifestDecodingStrategy.swift */ = {isa = PBXFileReference; lastKnownFileType = sourcecode.swift; path = CarthageManifestDecodingStrategy.swift; sourceTree = "<group>"; };
		386D5EAB2468167E008C5C21 /* SwiftPmManifestDecodingStrategy.swift */ = {isa = PBXFileReference; lastKnownFileType = sourcecode.swift; path = SwiftPmManifestDecodingStrategy.swift; sourceTree = "<group>"; };
		386D5EAD24681693008C5C21 /* PackageManager.swift */ = {isa = PBXFileReference; lastKnownFileType = sourcecode.swift; path = PackageManager.swift; sourceTree = "<group>"; };
		386D5EB0246816EA008C5C21 /* RegexPatterns.swift */ = {isa = PBXFileReference; lastKnownFileType = sourcecode.swift; path = RegexPatterns.swift; sourceTree = "<group>"; };
		386D5EC324681900008C5C21 /* ResolvedPackages.swift */ = {isa = PBXFileReference; lastKnownFileType = sourcecode.swift; path = ResolvedPackages.swift; sourceTree = "<group>"; };
		386D5EC524681BCA008C5C21 /* StringExtensions.swift */ = {isa = PBXFileReference; lastKnownFileType = sourcecode.swift; path = StringExtensions.swift; sourceTree = "<group>"; };
		386D5EC9246824C6008C5C21 /* ManifestDecoder.swift */ = {isa = PBXFileReference; lastKnownFileType = sourcecode.swift; path = ManifestDecoder.swift; sourceTree = "<group>"; };
		38820C87248E8B17004AB45C /* GithubRepositoryUrlEncoder.swift */ = {isa = PBXFileReference; lastKnownFileType = sourcecode.swift; path = GithubRepositoryUrlEncoder.swift; sourceTree = "<group>"; };
		38856DE82482AC9000C10D19 /* GithubRepositoryUrlDecoder.swift */ = {isa = PBXFileReference; lastKnownFileType = sourcecode.swift; path = GithubRepositoryUrlDecoder.swift; sourceTree = "<group>"; };
		3889BCBD24630F4A002F40ED /* .swiftlint.yml */ = {isa = PBXFileReference; fileEncoding = 4; lastKnownFileType = text.yaml; path = .swiftlint.yml; sourceTree = SOURCE_ROOT; };
		3889BCC424631089002F40ED /* Colors.swift */ = {isa = PBXFileReference; fileEncoding = 4; lastKnownFileType = sourcecode.swift; path = Colors.swift; sourceTree = "<group>"; };
		3889BCC624631089002F40ED /* Images.swift */ = {isa = PBXFileReference; fileEncoding = 4; lastKnownFileType = sourcecode.swift; path = Images.swift; sourceTree = "<group>"; };
		389093E82465AB5400367B2D /* GithubRepository.swift */ = {isa = PBXFileReference; lastKnownFileType = sourcecode.swift; path = GithubRepository.swift; sourceTree = "<group>"; };
		38909C352467130E008A92C0 /* Main.storyboard */ = {isa = PBXFileReference; fileEncoding = 4; lastKnownFileType = file.storyboard; path = Main.storyboard; sourceTree = "<group>"; };
		38909C372467135C008A92C0 /* Info.plist */ = {isa = PBXFileReference; fileEncoding = 4; lastKnownFileType = text.plist.xml; path = Info.plist; sourceTree = "<group>"; };
		38CFB8C8248CCA8B00097441 /* AppState.swift */ = {isa = PBXFileReference; lastKnownFileType = sourcecode.swift; path = AppState.swift; sourceTree = "<group>"; };
		38CFB8CA248CCACA00097441 /* AppAction.swift */ = {isa = PBXFileReference; lastKnownFileType = sourcecode.swift; path = AppAction.swift; sourceTree = "<group>"; };
		38CFB8CC248CCB7C00097441 /* AppEnvironment.swift */ = {isa = PBXFileReference; lastKnownFileType = sourcecode.swift; path = AppEnvironment.swift; sourceTree = "<group>"; };
		38CFB8CE248D201700097441 /* RepositoryDetail.swift */ = {isa = PBXFileReference; lastKnownFileType = sourcecode.swift; path = RepositoryDetail.swift; sourceTree = "<group>"; };
		38CFB8D0248D204C00097441 /* ContentView.swift */ = {isa = PBXFileReference; lastKnownFileType = sourcecode.swift; path = ContentView.swift; sourceTree = "<group>"; };
		38D4759A24630CE500EEABF2 /* Licenses.entitlements */ = {isa = PBXFileReference; lastKnownFileType = text.plist.entitlements; path = Licenses.entitlements; sourceTree = "<group>"; };
		38D5705D247A795E00ADCD4A /* CocoaPodsPackageDecodingStrategy.swift */ = {isa = PBXFileReference; lastKnownFileType = sourcecode.swift; path = CocoaPodsPackageDecodingStrategy.swift; sourceTree = "<group>"; };
		38E572EE246690860019B2F5 /* NSRegularExpressionExtensions.swift */ = {isa = PBXFileReference; lastKnownFileType = sourcecode.swift; path = NSRegularExpressionExtensions.swift; sourceTree = "<group>"; };
		38E81955246AEC5500C06758 /* API.swift */ = {isa = PBXFileReference; lastKnownFileType = sourcecode.swift; path = API.swift; sourceTree = "<group>"; };
		38E81957246AEC7900C06758 /* DomainErrorFactory.swift */ = {isa = PBXFileReference; lastKnownFileType = sourcecode.swift; path = DomainErrorFactory.swift; sourceTree = "<group>"; };
		38E8195A246AF2C100C06758 /* GithubLicenseEntity.swift */ = {isa = PBXFileReference; lastKnownFileType = sourcecode.swift; path = GithubLicenseEntity.swift; sourceTree = "<group>"; };
		38E8195D246AF3C800C06758 /* Github.swift */ = {isa = PBXFileReference; lastKnownFileType = sourcecode.swift; path = Github.swift; sourceTree = "<group>"; };
		38E81965246AF86A00C06758 /* GithubLicense.swift */ = {isa = PBXFileReference; lastKnownFileType = sourcecode.swift; path = GithubLicense.swift; sourceTree = "<group>"; };
		38E81967246AF8D600C06758 /* LicenseEntity.swift */ = {isa = PBXFileReference; lastKnownFileType = sourcecode.swift; path = LicenseEntity.swift; sourceTree = "<group>"; };
		38E81969246AF8EE00C06758 /* LinksEntity.swift */ = {isa = PBXFileReference; lastKnownFileType = sourcecode.swift; path = LinksEntity.swift; sourceTree = "<group>"; };
		38E8196B246AF94900C06758 /* GithubLicenseModelMapper.swift */ = {isa = PBXFileReference; lastKnownFileType = sourcecode.swift; path = GithubLicenseModelMapper.swift; sourceTree = "<group>"; };
		38E8196D246AF9EA00C06758 /* License.swift */ = {isa = PBXFileReference; lastKnownFileType = sourcecode.swift; path = License.swift; sourceTree = "<group>"; };
		38E8196F246AF9F400C06758 /* Links.swift */ = {isa = PBXFileReference; lastKnownFileType = sourcecode.swift; path = Links.swift; sourceTree = "<group>"; };
		38E81971246AFAB100C06758 /* LinksModelMapper.swift */ = {isa = PBXFileReference; lastKnownFileType = sourcecode.swift; path = LinksModelMapper.swift; sourceTree = "<group>"; };
		38E81973246AFB2F00C06758 /* LicenseModelMapper.swift */ = {isa = PBXFileReference; lastKnownFileType = sourcecode.swift; path = LicenseModelMapper.swift; sourceTree = "<group>"; };
/* End PBXFileReference section */

/* Begin PBXFrameworksBuildPhase section */
		3829E8BC24630B560075D1E6 /* Frameworks */ = {
			isa = PBXFrameworksBuildPhase;
			buildActionMask = 2147483647;
			files = (
				38CFB8C6248CC9F800097441 /* ComposableArchitecture in Frameworks */,
				38CAFEB52479A3D6001279E7 /* Aphrodite in Frameworks */,
			);
			runOnlyForDeploymentPostprocessing = 0;
		};
		3829E8D224630B570075D1E6 /* Frameworks */ = {
			isa = PBXFrameworksBuildPhase;
			buildActionMask = 2147483647;
			files = (
			);
			runOnlyForDeploymentPostprocessing = 0;
		};
/* End PBXFrameworksBuildPhase section */

/* Begin PBXGroup section */
		381ADDEC24659AC600DC4D75 /* UI */ = {
			isa = PBXGroup;
			children = (
				3856C97C2483F76D005BE348 /* FileDropArea.swift */,
				38CFB8D0248D204C00097441 /* ContentView.swift */,
				385DD9D42484F1BB006BA462 /* RespositoryList.swift */,
				38CFB8CE248D201700097441 /* RepositoryDetail.swift */,
			);
			path = UI;
			sourceTree = "<group>";
		};
		3829E8B624630B560075D1E6 = {
			isa = PBXGroup;
			children = (
				3829E8C124630B560075D1E6 /* App */,
				3829E8D824630B570075D1E6 /* LicensesTests */,
				3829E8C024630B560075D1E6 /* Products */,
			);
			sourceTree = "<group>";
		};
		3829E8C024630B560075D1E6 /* Products */ = {
			isa = PBXGroup;
			children = (
				3829E8BF24630B560075D1E6 /* Licenses.app */,
				3829E8D524630B570075D1E6 /* LicensesTests.xctest */,
			);
			name = Products;
			sourceTree = "<group>";
		};
		3829E8C124630B560075D1E6 /* App */ = {
			isa = PBXGroup;
			children = (
				38D4759824630CA800EEABF2 /* Sources */,
				3889BCC224631038002F40ED /* Generated */,
				38D4759924630CC700EEABF2 /* Resources */,
				3889BCBC24630E33002F40ED /* RootFiles */,
				38D4759B24630D1A00EEABF2 /* SupportingFiles */,
			);
			path = App;
			sourceTree = "<group>";
		};
		3829E8D824630B570075D1E6 /* LicensesTests */ = {
			isa = PBXGroup;
			children = (
				3829E8D924630B570075D1E6 /* LicensesTests.swift */,
			);
			path = LicensesTests;
			sourceTree = "<group>";
		};
		386D5EAF246816A0008C5C21 /* Manifest */ = {
			isa = PBXGroup;
			children = (
				386D5EA524681639008C5C21 /* ManifestCollector.swift */,
				386D5EC9246824C6008C5C21 /* ManifestDecoder.swift */,
				38820C8A248F5FB1004AB45C /* ManifestDecodingStrategies */,
			);
			path = Manifest;
			sourceTree = "<group>";
		};
		386D5EC2246818F5008C5C21 /* Entities */ = {
			isa = PBXGroup;
			children = (
				386D5EC324681900008C5C21 /* ResolvedPackages.swift */,
			);
			path = Entities;
			sourceTree = "<group>";
		};
		38820C89248F5F17004AB45C /* Processors */ = {
			isa = PBXGroup;
			children = (
				385DD9C02484E08E006BA462 /* CocoaPodsRepositoryProcessor.swift */,
				385DD9D22484EA2B006BA462 /* LicenseProcessor.swift */,
			);
			path = Processors;
			sourceTree = "<group>";
		};
		38820C8A248F5FB1004AB45C /* ManifestDecodingStrategies */ = {
			isa = PBXGroup;
			children = (
				385DD9BE2484073A006BA462 /* ManifestDecodingStrategy.swift */,
				386D5EA92468166D008C5C21 /* CarthageManifestDecodingStrategy.swift */,
				386D5EAB2468167E008C5C21 /* SwiftPmManifestDecodingStrategy.swift */,
				38D5705D247A795E00ADCD4A /* CocoaPodsPackageDecodingStrategy.swift */,
			);
			path = ManifestDecodingStrategies;
			sourceTree = "<group>";
		};
		3889BCBC24630E33002F40ED /* RootFiles */ = {
			isa = PBXGroup;
			children = (
				3889BCBD24630F4A002F40ED /* .swiftlint.yml */,
			);
			name = RootFiles;
			sourceTree = "<group>";
		};
		3889BCC224631038002F40ED /* Generated */ = {
			isa = PBXGroup;
			children = (
				3889BCC32463104B002F40ED /* SwiftGen */,
			);
			path = Generated;
			sourceTree = "<group>";
		};
		3889BCC32463104B002F40ED /* SwiftGen */ = {
			isa = PBXGroup;
			children = (
				3889BCC424631089002F40ED /* Colors.swift */,
				3889BCC624631089002F40ED /* Images.swift */,
			);
			path = SwiftGen;
			sourceTree = "<group>";
		};
		38CFB8C7248CCA7E00097441 /* Architecture */ = {
			isa = PBXGroup;
			children = (
				38CFB8C8248CCA8B00097441 /* AppState.swift */,
				38CFB8CA248CCACA00097441 /* AppAction.swift */,
				38CFB8CC248CCB7C00097441 /* AppEnvironment.swift */,
			);
			path = Architecture;
			sourceTree = "<group>";
		};
		38D1A7352465A03800E63302 /* Domain */ = {
			isa = PBXGroup;
			children = (
				386D5EAD24681693008C5C21 /* PackageManager.swift */,
				386D5EB0246816EA008C5C21 /* RegexPatterns.swift */,
				38E81976246AFDDF00C06758 /* GitHub */,
				38820C89248F5F17004AB45C /* Processors */,
				386D5EAF246816A0008C5C21 /* Manifest */,
			);
			path = Domain;
			sourceTree = "<group>";
		};
		38D4759824630CA800EEABF2 /* Sources */ = {
			isa = PBXGroup;
			children = (
				3829E8C224630B560075D1E6 /* AppDelegate.swift */,
				38CFB8C7248CCA7E00097441 /* Architecture */,
				38D1A7352465A03800E63302 /* Domain */,
				38E81977246AFDFC00C06758 /* FileAccess */,
				38E572EC2466906D0019B2F5 /* Globals */,
				38E81954246AEC4900C06758 /* Networking */,
				381ADDEC24659AC600DC4D75 /* UI */,
			);
			path = Sources;
			sourceTree = "<group>";
		};
		38D4759924630CC700EEABF2 /* Resources */ = {
			isa = PBXGroup;
			children = (
				3829E8CB24630B570075D1E6 /* Preview Assets.xcassets */,
				3829E8C824630B570075D1E6 /* Images.xcassets */,
			);
			path = Resources;
			sourceTree = "<group>";
		};
		38D4759B24630D1A00EEABF2 /* SupportingFiles */ = {
			isa = PBXGroup;
			children = (
				38909C372467135C008A92C0 /* Info.plist */,
				38D4759A24630CE500EEABF2 /* Licenses.entitlements */,
				38909C352467130E008A92C0 /* Main.storyboard */,
			);
			path = SupportingFiles;
			sourceTree = "<group>";
		};
		38E572EC2466906D0019B2F5 /* Globals */ = {
			isa = PBXGroup;
			children = (
				38E572ED246690720019B2F5 /* Extensions */,
			);
			path = Globals;
			sourceTree = "<group>";
		};
		38E572ED246690720019B2F5 /* Extensions */ = {
			isa = PBXGroup;
			children = (
				38E572EE246690860019B2F5 /* NSRegularExpressionExtensions.swift */,
				386D5EC524681BCA008C5C21 /* StringExtensions.swift */,
				385DD9CC2484E5AC006BA462 /* JSONDecoderExtensions.swift */,
				385DD9CE2484E5BD006BA462 /* JSONEncoderExtensions.swift */,
			);
			path = Extensions;
			sourceTree = "<group>";
		};
		38E81954246AEC4900C06758 /* Networking */ = {
			isa = PBXGroup;
			children = (
				38E81955246AEC5500C06758 /* API.swift */,
				38E81957246AEC7900C06758 /* DomainErrorFactory.swift */,
				38E8195C246AF3B400C06758 /* Entities */,
				38E81959246AF2B200C06758 /* Targets */,
			);
			path = Networking;
			sourceTree = "<group>";
		};
		38E81959246AF2B200C06758 /* Targets */ = {
			isa = PBXGroup;
			children = (
				38E8195D246AF3C800C06758 /* Github.swift */,
				385DD9C82484E1AC006BA462 /* CocoaPodsTrunk.swift */,
				385DD9CA2484E1DA006BA462 /* Generic.swift */,
			);
			path = Targets;
			sourceTree = "<group>";
		};
		38E8195C246AF3B400C06758 /* Entities */ = {
			isa = PBXGroup;
			children = (
				38E8195A246AF2C100C06758 /* GithubLicenseEntity.swift */,
				385DD9D02484E633006BA462 /* PodSpecEntity.swift */,
				38E81967246AF8D600C06758 /* LicenseEntity.swift */,
				38E81969246AF8EE00C06758 /* LinksEntity.swift */,
				385DD9C62484E176006BA462 /* TrunkResponseEntity.swift */,
				385DD9C22484E13D006BA462 /* TrunkResponse.swift */,
				385DD9C42484E15D006BA462 /* TrunkResponseModelMapper.swift */,
			);
			path = Entities;
			sourceTree = "<group>";
		};
		38E81976246AFDDF00C06758 /* GitHub */ = {
			isa = PBXGroup;
			children = (
				38E81965246AF86A00C06758 /* GithubLicense.swift */,
				38E8196B246AF94900C06758 /* GithubLicenseModelMapper.swift */,
				389093E82465AB5400367B2D /* GithubRepository.swift */,
				38856DE82482AC9000C10D19 /* GithubRepositoryUrlDecoder.swift */,
				38820C87248E8B17004AB45C /* GithubRepositoryUrlEncoder.swift */,
				38E8196D246AF9EA00C06758 /* License.swift */,
				38E81973246AFB2F00C06758 /* LicenseModelMapper.swift */,
				38E8196F246AF9F400C06758 /* Links.swift */,
				38E81971246AFAB100C06758 /* LinksModelMapper.swift */,
				386D5E9F2467E6E7008C5C21 /* Repository.swift */,
			);
			path = GitHub;
			sourceTree = "<group>";
		};
		38E81977246AFDFC00C06758 /* FileAccess */ = {
			isa = PBXGroup;
			children = (
				386D5EC2246818F5008C5C21 /* Entities */,
			);
			path = FileAccess;
			sourceTree = "<group>";
		};
/* End PBXGroup section */

/* Begin PBXNativeTarget section */
		3829E8BE24630B560075D1E6 /* Licenses */ = {
			isa = PBXNativeTarget;
			buildConfigurationList = 3829E8DE24630B570075D1E6 /* Build configuration list for PBXNativeTarget "Licenses" */;
			buildPhases = (
				3889BCBF24630F5A002F40ED /* SwiftLint */,
				3889BCC024630F89002F40ED /* SwiftGen */,
				3829E8BB24630B560075D1E6 /* Sources */,
				3829E8BC24630B560075D1E6 /* Frameworks */,
				3829E8BD24630B560075D1E6 /* Resources */,
			);
			buildRules = (
			);
			dependencies = (
			);
			name = Licenses;
			packageProductDependencies = (
				38CAFEB42479A3D6001279E7 /* Aphrodite */,
				38CFB8C5248CC9F800097441 /* ComposableArchitecture */,
			);
			productName = Licenses;
			productReference = 3829E8BF24630B560075D1E6 /* Licenses.app */;
			productType = "com.apple.product-type.application";
		};
		3829E8D424630B570075D1E6 /* LicensesTests */ = {
			isa = PBXNativeTarget;
			buildConfigurationList = 3829E8E124630B570075D1E6 /* Build configuration list for PBXNativeTarget "LicensesTests" */;
			buildPhases = (
				3829E8D124630B570075D1E6 /* Sources */,
				3829E8D224630B570075D1E6 /* Frameworks */,
				3829E8D324630B570075D1E6 /* Resources */,
			);
			buildRules = (
			);
			dependencies = (
				3829E8D724630B570075D1E6 /* PBXTargetDependency */,
			);
			name = LicensesTests;
			productName = LicensesTests;
			productReference = 3829E8D524630B570075D1E6 /* LicensesTests.xctest */;
			productType = "com.apple.product-type.bundle.unit-test";
		};
/* End PBXNativeTarget section */

/* Begin PBXProject section */
		3829E8B724630B560075D1E6 /* Project object */ = {
			isa = PBXProject;
			attributes = {
				LastSwiftUpdateCheck = 1140;
				LastUpgradeCheck = 1150;
				ORGANIZATIONNAME = "Andreas Link";
				TargetAttributes = {
					3829E8BE24630B560075D1E6 = {
						CreatedOnToolsVersion = 11.4.1;
					};
					3829E8D424630B570075D1E6 = {
						CreatedOnToolsVersion = 11.4.1;
						TestTargetID = 3829E8BE24630B560075D1E6;
					};
				};
			};
			buildConfigurationList = 3829E8BA24630B560075D1E6 /* Build configuration list for PBXProject "Licenses" */;
			compatibilityVersion = "Xcode 9.3";
			developmentRegion = en;
			hasScannedForEncodings = 0;
			knownRegions = (
				en,
				Base,
			);
			mainGroup = 3829E8B624630B560075D1E6;
			packageReferences = (
				38CAFEB32479A3D6001279E7 /* XCRemoteSwiftPackageReference "Aphrodite" */,
				38CFB8C4248CC9F800097441 /* XCRemoteSwiftPackageReference "swift-composable-architecture" */,
			);
			productRefGroup = 3829E8C024630B560075D1E6 /* Products */;
			projectDirPath = "";
			projectRoot = "";
			targets = (
				3829E8BE24630B560075D1E6 /* Licenses */,
				3829E8D424630B570075D1E6 /* LicensesTests */,
			);
		};
/* End PBXProject section */

/* Begin PBXResourcesBuildPhase section */
		3829E8BD24630B560075D1E6 /* Resources */ = {
			isa = PBXResourcesBuildPhase;
			buildActionMask = 2147483647;
			files = (
				3889BCBE24630F4A002F40ED /* .swiftlint.yml in Resources */,
				38909C362467130E008A92C0 /* Main.storyboard in Resources */,
				3829E8CC24630B570075D1E6 /* Preview Assets.xcassets in Resources */,
				3829E8C924630B570075D1E6 /* Images.xcassets in Resources */,
			);
			runOnlyForDeploymentPostprocessing = 0;
		};
		3829E8D324630B570075D1E6 /* Resources */ = {
			isa = PBXResourcesBuildPhase;
			buildActionMask = 2147483647;
			files = (
			);
			runOnlyForDeploymentPostprocessing = 0;
		};
/* End PBXResourcesBuildPhase section */

/* Begin PBXShellScriptBuildPhase section */
		3889BCBF24630F5A002F40ED /* SwiftLint */ = {
			isa = PBXShellScriptBuildPhase;
			buildActionMask = 2147483647;
			files = (
			);
			inputFileListPaths = (
			);
			inputPaths = (
			);
			name = SwiftLint;
			outputFileListPaths = (
			);
			outputPaths = (
			);
			runOnlyForDeploymentPostprocessing = 0;
			shellPath = /bin/sh;
			shellScript = "if which swiftlint >/dev/null; then\nswiftlint\nelse\necho \"warning: SwiftLint not installed, download from https://github.com/realm/SwiftLint\"\nfi\n";
		};
		3889BCC024630F89002F40ED /* SwiftGen */ = {
			isa = PBXShellScriptBuildPhase;
			buildActionMask = 2147483647;
			files = (
			);
			inputFileListPaths = (
			);
			inputPaths = (
			);
			name = SwiftGen;
			outputFileListPaths = (
			);
			outputPaths = (
			);
			runOnlyForDeploymentPostprocessing = 0;
			shellPath = /bin/sh;
			shellScript = "if which swiftgen > /dev/null; then\n    swiftgen strings \"$PROJECT_DIR/App/Resources/en.lproj/Localizable.strings\" -t structured-swift3 -o \"$PROJECT_DIR/App/Generated/SwiftGen/Strings.swift\"\n    swiftgen colors \"$PROJECT_DIR/App/Resources/Colors.txt\" -p \"$PROJECT_DIR/colors.stencil\" --output \"$PROJECT_DIR/App/Generated/SwiftGen/Colors.swift\"\n    swiftgen xcassets \"$PROJECT_DIR/App/Resources/Images.xcassets\" -p \"$PROJECT_DIR/images.stencil\" --output \"$PROJECT_DIR/App/Generated/SwiftGen/Images.swift\"\nelse\n    echo \"warning: SwiftGen not installed, download it from https://github.com/AliSoftware/SwiftGen\"\nfi\n";
		};
/* End PBXShellScriptBuildPhase section */

/* Begin PBXSourcesBuildPhase section */
		3829E8BB24630B560075D1E6 /* Sources */ = {
			isa = PBXSourcesBuildPhase;
			buildActionMask = 2147483647;
			files = (
				3856C97D2483F76D005BE348 /* FileDropArea.swift in Sources */,
				38E8195E246AF3C800C06758 /* Github.swift in Sources */,
				3829E8C324630B560075D1E6 /* AppDelegate.swift in Sources */,
				3889BCC924631089002F40ED /* Images.swift in Sources */,
				386D5EC424681900008C5C21 /* ResolvedPackages.swift in Sources */,
				386D5EAC2468167E008C5C21 /* SwiftPmManifestDecodingStrategy.swift in Sources */,
				3889BCC724631089002F40ED /* Colors.swift in Sources */,
				38E572EF246690860019B2F5 /* NSRegularExpressionExtensions.swift in Sources */,
				385DD9CD2484E5AC006BA462 /* JSONDecoderExtensions.swift in Sources */,
				38E81966246AF86A00C06758 /* GithubLicense.swift in Sources */,
				38CFB8CF248D201700097441 /* RepositoryDetail.swift in Sources */,
				38E8196A246AF8EE00C06758 /* LinksEntity.swift in Sources */,
				389093E92465AB5400367B2D /* GithubRepository.swift in Sources */,
				385DD9C12484E08E006BA462 /* CocoaPodsRepositoryProcessor.swift in Sources */,
				38E81970246AF9F400C06758 /* Links.swift in Sources */,
				385DD9C52484E15D006BA462 /* TrunkResponseModelMapper.swift in Sources */,
				38E81974246AFB2F00C06758 /* LicenseModelMapper.swift in Sources */,
				38E81972246AFAB100C06758 /* LinksModelMapper.swift in Sources */,
				38820C88248E8B17004AB45C /* GithubRepositoryUrlEncoder.swift in Sources */,
				385DD9BF2484073A006BA462 /* ManifestDecodingStrategy.swift in Sources */,
				386D5EAA2468166D008C5C21 /* CarthageManifestDecodingStrategy.swift in Sources */,
				385DD9C32484E13D006BA462 /* TrunkResponse.swift in Sources */,
				38E8195B246AF2C100C06758 /* GithubLicenseEntity.swift in Sources */,
				38CFB8CD248CCB7C00097441 /* AppEnvironment.swift in Sources */,
				386D5EB1246816EA008C5C21 /* RegexPatterns.swift in Sources */,
				386D5ECA246824C6008C5C21 /* ManifestDecoder.swift in Sources */,
				38856DE92482AC9000C10D19 /* GithubRepositoryUrlDecoder.swift in Sources */,
				38E8196E246AF9EA00C06758 /* License.swift in Sources */,
				385DD9C72484E176006BA462 /* TrunkResponseEntity.swift in Sources */,
				38E81958246AEC7900C06758 /* DomainErrorFactory.swift in Sources */,
				38D5705E247A795E00ADCD4A /* CocoaPodsPackageDecodingStrategy.swift in Sources */,
				385DD9D32484EA2B006BA462 /* LicenseProcessor.swift in Sources */,
				38E8196C246AF94900C06758 /* GithubLicenseModelMapper.swift in Sources */,
				38E81956246AEC5500C06758 /* API.swift in Sources */,
				385DD9CB2484E1DA006BA462 /* Generic.swift in Sources */,
				385DD9D52484F1BB006BA462 /* RespositoryList.swift in Sources */,
				385DD9C92484E1AC006BA462 /* CocoaPodsTrunk.swift in Sources */,
				385DD9CF2484E5BD006BA462 /* JSONEncoderExtensions.swift in Sources */,
				38CFB8C9248CCA8B00097441 /* AppState.swift in Sources */,
				386D5EAE24681693008C5C21 /* PackageManager.swift in Sources */,
				38E81968246AF8D600C06758 /* LicenseEntity.swift in Sources */,
				38CFB8D1248D204C00097441 /* ContentView.swift in Sources */,
				38CFB8CB248CCACA00097441 /* AppAction.swift in Sources */,
				386D5EA02467E6E7008C5C21 /* Repository.swift in Sources */,
				386D5EA624681639008C5C21 /* ManifestCollector.swift in Sources */,
				386D5EC624681BCA008C5C21 /* StringExtensions.swift in Sources */,
				385DD9D12484E633006BA462 /* PodSpecEntity.swift in Sources */,
			);
			runOnlyForDeploymentPostprocessing = 0;
		};
		3829E8D124630B570075D1E6 /* Sources */ = {
			isa = PBXSourcesBuildPhase;
			buildActionMask = 2147483647;
			files = (
				3829E8DA24630B570075D1E6 /* LicensesTests.swift in Sources */,
			);
			runOnlyForDeploymentPostprocessing = 0;
		};
/* End PBXSourcesBuildPhase section */

/* Begin PBXTargetDependency section */
		3829E8D724630B570075D1E6 /* PBXTargetDependency */ = {
			isa = PBXTargetDependency;
			target = 3829E8BE24630B560075D1E6 /* Licenses */;
			targetProxy = 3829E8D624630B570075D1E6 /* PBXContainerItemProxy */;
		};
/* End PBXTargetDependency section */

/* Begin XCBuildConfiguration section */
		3829E8DC24630B570075D1E6 /* Debug */ = {
			isa = XCBuildConfiguration;
			buildSettings = {
				ALWAYS_SEARCH_USER_PATHS = NO;
				CLANG_ANALYZER_NONNULL = YES;
				CLANG_ANALYZER_NUMBER_OBJECT_CONVERSION = YES_AGGRESSIVE;
				CLANG_CXX_LANGUAGE_STANDARD = "gnu++14";
				CLANG_CXX_LIBRARY = "libc++";
				CLANG_ENABLE_MODULES = YES;
				CLANG_ENABLE_OBJC_ARC = YES;
				CLANG_ENABLE_OBJC_WEAK = YES;
				CLANG_WARN_BLOCK_CAPTURE_AUTORELEASING = YES;
				CLANG_WARN_BOOL_CONVERSION = YES;
				CLANG_WARN_COMMA = YES;
				CLANG_WARN_CONSTANT_CONVERSION = YES;
				CLANG_WARN_DEPRECATED_OBJC_IMPLEMENTATIONS = YES;
				CLANG_WARN_DIRECT_OBJC_ISA_USAGE = YES_ERROR;
				CLANG_WARN_DOCUMENTATION_COMMENTS = YES;
				CLANG_WARN_EMPTY_BODY = YES;
				CLANG_WARN_ENUM_CONVERSION = YES;
				CLANG_WARN_INFINITE_RECURSION = YES;
				CLANG_WARN_INT_CONVERSION = YES;
				CLANG_WARN_NON_LITERAL_NULL_CONVERSION = YES;
				CLANG_WARN_OBJC_IMPLICIT_RETAIN_SELF = YES;
				CLANG_WARN_OBJC_LITERAL_CONVERSION = YES;
				CLANG_WARN_OBJC_ROOT_CLASS = YES_ERROR;
				CLANG_WARN_RANGE_LOOP_ANALYSIS = YES;
				CLANG_WARN_STRICT_PROTOTYPES = YES;
				CLANG_WARN_SUSPICIOUS_MOVE = YES;
				CLANG_WARN_UNGUARDED_AVAILABILITY = YES_AGGRESSIVE;
				CLANG_WARN_UNREACHABLE_CODE = YES;
				CLANG_WARN__DUPLICATE_METHOD_MATCH = YES;
				COPY_PHASE_STRIP = NO;
				DEBUG_INFORMATION_FORMAT = dwarf;
				ENABLE_STRICT_OBJC_MSGSEND = YES;
				ENABLE_TESTABILITY = YES;
				GCC_C_LANGUAGE_STANDARD = gnu11;
				GCC_DYNAMIC_NO_PIC = NO;
				GCC_NO_COMMON_BLOCKS = YES;
				GCC_OPTIMIZATION_LEVEL = 0;
				GCC_PREPROCESSOR_DEFINITIONS = (
					"DEBUG=1",
					"$(inherited)",
				);
				GCC_WARN_64_TO_32_BIT_CONVERSION = YES;
				GCC_WARN_ABOUT_RETURN_TYPE = YES_ERROR;
				GCC_WARN_UNDECLARED_SELECTOR = YES;
				GCC_WARN_UNINITIALIZED_AUTOS = YES_AGGRESSIVE;
				GCC_WARN_UNUSED_FUNCTION = YES;
				GCC_WARN_UNUSED_VARIABLE = YES;
				IPHONEOS_DEPLOYMENT_TARGET = 13.4;
				MTL_ENABLE_DEBUG_INFO = INCLUDE_SOURCE;
				MTL_FAST_MATH = YES;
				ONLY_ACTIVE_ARCH = YES;
				SDKROOT = iphoneos;
				SWIFT_ACTIVE_COMPILATION_CONDITIONS = DEBUG;
				SWIFT_OPTIMIZATION_LEVEL = "-Onone";
			};
			name = Debug;
		};
		3829E8DD24630B570075D1E6 /* Release */ = {
			isa = XCBuildConfiguration;
			buildSettings = {
				ALWAYS_SEARCH_USER_PATHS = NO;
				CLANG_ANALYZER_NONNULL = YES;
				CLANG_ANALYZER_NUMBER_OBJECT_CONVERSION = YES_AGGRESSIVE;
				CLANG_CXX_LANGUAGE_STANDARD = "gnu++14";
				CLANG_CXX_LIBRARY = "libc++";
				CLANG_ENABLE_MODULES = YES;
				CLANG_ENABLE_OBJC_ARC = YES;
				CLANG_ENABLE_OBJC_WEAK = YES;
				CLANG_WARN_BLOCK_CAPTURE_AUTORELEASING = YES;
				CLANG_WARN_BOOL_CONVERSION = YES;
				CLANG_WARN_COMMA = YES;
				CLANG_WARN_CONSTANT_CONVERSION = YES;
				CLANG_WARN_DEPRECATED_OBJC_IMPLEMENTATIONS = YES;
				CLANG_WARN_DIRECT_OBJC_ISA_USAGE = YES_ERROR;
				CLANG_WARN_DOCUMENTATION_COMMENTS = YES;
				CLANG_WARN_EMPTY_BODY = YES;
				CLANG_WARN_ENUM_CONVERSION = YES;
				CLANG_WARN_INFINITE_RECURSION = YES;
				CLANG_WARN_INT_CONVERSION = YES;
				CLANG_WARN_NON_LITERAL_NULL_CONVERSION = YES;
				CLANG_WARN_OBJC_IMPLICIT_RETAIN_SELF = YES;
				CLANG_WARN_OBJC_LITERAL_CONVERSION = YES;
				CLANG_WARN_OBJC_ROOT_CLASS = YES_ERROR;
				CLANG_WARN_RANGE_LOOP_ANALYSIS = YES;
				CLANG_WARN_STRICT_PROTOTYPES = YES;
				CLANG_WARN_SUSPICIOUS_MOVE = YES;
				CLANG_WARN_UNGUARDED_AVAILABILITY = YES_AGGRESSIVE;
				CLANG_WARN_UNREACHABLE_CODE = YES;
				CLANG_WARN__DUPLICATE_METHOD_MATCH = YES;
				COPY_PHASE_STRIP = NO;
				DEBUG_INFORMATION_FORMAT = "dwarf-with-dsym";
				ENABLE_NS_ASSERTIONS = NO;
				ENABLE_STRICT_OBJC_MSGSEND = YES;
				GCC_C_LANGUAGE_STANDARD = gnu11;
				GCC_NO_COMMON_BLOCKS = YES;
				GCC_WARN_64_TO_32_BIT_CONVERSION = YES;
				GCC_WARN_ABOUT_RETURN_TYPE = YES_ERROR;
				GCC_WARN_UNDECLARED_SELECTOR = YES;
				GCC_WARN_UNINITIALIZED_AUTOS = YES_AGGRESSIVE;
				GCC_WARN_UNUSED_FUNCTION = YES;
				GCC_WARN_UNUSED_VARIABLE = YES;
				IPHONEOS_DEPLOYMENT_TARGET = 13.4;
				MTL_ENABLE_DEBUG_INFO = NO;
				MTL_FAST_MATH = YES;
				SDKROOT = iphoneos;
				SWIFT_COMPILATION_MODE = wholemodule;
				SWIFT_OPTIMIZATION_LEVEL = "-O";
				VALIDATE_PRODUCT = YES;
			};
			name = Release;
		};
		3829E8DF24630B570075D1E6 /* Debug */ = {
			isa = XCBuildConfiguration;
			buildSettings = {
				ASSETCATALOG_COMPILER_APPICON_NAME = AppIcon;
				CODE_SIGN_ENTITLEMENTS = App/SupportingFiles/Licenses.entitlements;
				CODE_SIGN_STYLE = Automatic;
				DEVELOPMENT_ASSET_PATHS = "\"App/Resources/\"";
				DEVELOPMENT_TEAM = 59983C7393;
				ENABLE_PREVIEWS = YES;
				INFOPLIST_FILE = App/SupportingFiles/Info.plist;
				LD_RUNPATH_SEARCH_PATHS = (
					"$(inherited)",
					"@executable_path/Frameworks",
				);
				PRODUCT_BUNDLE_IDENTIFIER = de.linkandreas.Licenses;
				PRODUCT_NAME = "$(TARGET_NAME)";
				SDKROOT = macosx;
				SUPPORTS_MACCATALYST = YES;
				SWIFT_VERSION = 5.0;
				TARGETED_DEVICE_FAMILY = "1,2";
			};
			name = Debug;
		};
		3829E8E024630B570075D1E6 /* Release */ = {
			isa = XCBuildConfiguration;
			buildSettings = {
				ASSETCATALOG_COMPILER_APPICON_NAME = AppIcon;
				CODE_SIGN_ENTITLEMENTS = App/SupportingFiles/Licenses.entitlements;
				CODE_SIGN_STYLE = Automatic;
				DEVELOPMENT_ASSET_PATHS = "\"App/Resources/\"";
				DEVELOPMENT_TEAM = 59983C7393;
				ENABLE_PREVIEWS = YES;
				INFOPLIST_FILE = App/SupportingFiles/Info.plist;
				LD_RUNPATH_SEARCH_PATHS = (
					"$(inherited)",
					"@executable_path/Frameworks",
				);
				PRODUCT_BUNDLE_IDENTIFIER = de.linkandreas.Licenses;
				PRODUCT_NAME = "$(TARGET_NAME)";
				SDKROOT = macosx;
				SUPPORTS_MACCATALYST = YES;
				SWIFT_VERSION = 5.0;
				TARGETED_DEVICE_FAMILY = "1,2";
			};
			name = Release;
		};
		3829E8E224630B570075D1E6 /* Debug */ = {
			isa = XCBuildConfiguration;
			buildSettings = {
				ALWAYS_EMBED_SWIFT_STANDARD_LIBRARIES = YES;
				BUNDLE_LOADER = "$(TEST_HOST)";
				CODE_SIGN_STYLE = Automatic;
				DEVELOPMENT_TEAM = 59983C7393;
				INFOPLIST_FILE = LicensesTests/Info.plist;
				IPHONEOS_DEPLOYMENT_TARGET = 13.4;
				LD_RUNPATH_SEARCH_PATHS = (
					"$(inherited)",
					"@executable_path/Frameworks",
					"@loader_path/Frameworks",
				);
				PRODUCT_BUNDLE_IDENTIFIER = de.linkandreas.LicensesTests;
				PRODUCT_NAME = "$(TARGET_NAME)";
				SWIFT_VERSION = 5.0;
				TARGETED_DEVICE_FAMILY = "1,2";
				TEST_HOST = "$(BUILT_PRODUCTS_DIR)/Licenses.app/Licenses";
			};
			name = Debug;
		};
		3829E8E324630B570075D1E6 /* Release */ = {
			isa = XCBuildConfiguration;
			buildSettings = {
				ALWAYS_EMBED_SWIFT_STANDARD_LIBRARIES = YES;
				BUNDLE_LOADER = "$(TEST_HOST)";
				CODE_SIGN_STYLE = Automatic;
				DEVELOPMENT_TEAM = 59983C7393;
				INFOPLIST_FILE = LicensesTests/Info.plist;
				IPHONEOS_DEPLOYMENT_TARGET = 13.4;
				LD_RUNPATH_SEARCH_PATHS = (
					"$(inherited)",
					"@executable_path/Frameworks",
					"@loader_path/Frameworks",
				);
				PRODUCT_BUNDLE_IDENTIFIER = de.linkandreas.LicensesTests;
				PRODUCT_NAME = "$(TARGET_NAME)";
				SWIFT_VERSION = 5.0;
				TARGETED_DEVICE_FAMILY = "1,2";
				TEST_HOST = "$(BUILT_PRODUCTS_DIR)/Licenses.app/Licenses";
			};
			name = Release;
		};
/* End XCBuildConfiguration section */

/* Begin XCConfigurationList section */
		3829E8BA24630B560075D1E6 /* Build configuration list for PBXProject "Licenses" */ = {
			isa = XCConfigurationList;
			buildConfigurations = (
				3829E8DC24630B570075D1E6 /* Debug */,
				3829E8DD24630B570075D1E6 /* Release */,
			);
			defaultConfigurationIsVisible = 0;
			defaultConfigurationName = Release;
		};
		3829E8DE24630B570075D1E6 /* Build configuration list for PBXNativeTarget "Licenses" */ = {
			isa = XCConfigurationList;
			buildConfigurations = (
				3829E8DF24630B570075D1E6 /* Debug */,
				3829E8E024630B570075D1E6 /* Release */,
			);
			defaultConfigurationIsVisible = 0;
			defaultConfigurationName = Release;
		};
		3829E8E124630B570075D1E6 /* Build configuration list for PBXNativeTarget "LicensesTests" */ = {
			isa = XCConfigurationList;
			buildConfigurations = (
				3829E8E224630B570075D1E6 /* Debug */,
				3829E8E324630B570075D1E6 /* Release */,
			);
			defaultConfigurationIsVisible = 0;
			defaultConfigurationName = Release;
		};
/* End XCConfigurationList section */

/* Begin XCRemoteSwiftPackageReference section */
		38CAFEB32479A3D6001279E7 /* XCRemoteSwiftPackageReference "Aphrodite" */ = {
			isa = XCRemoteSwiftPackageReference;
			repositoryURL = "https://github.com/LinkAndreas/Aphrodite.git";
			requirement = {
				kind = upToNextMajorVersion;
				minimumVersion = 0.2.0;
			};
		};
		38CFB8C4248CC9F800097441 /* XCRemoteSwiftPackageReference "swift-composable-architecture" */ = {
			isa = XCRemoteSwiftPackageReference;
			repositoryURL = "https://github.com/pointfreeco/swift-composable-architecture.git";
			requirement = {
				kind = upToNextMajorVersion;
				minimumVersion = 0.3.0;
			};
		};
/* End XCRemoteSwiftPackageReference section */

/* Begin XCSwiftPackageProductDependency section */
		38CAFEB42479A3D6001279E7 /* Aphrodite */ = {
			isa = XCSwiftPackageProductDependency;
			package = 38CAFEB32479A3D6001279E7 /* XCRemoteSwiftPackageReference "Aphrodite" */;
			productName = Aphrodite;
		};
		38CFB8C5248CC9F800097441 /* ComposableArchitecture */ = {
			isa = XCSwiftPackageProductDependency;
			package = 38CFB8C4248CC9F800097441 /* XCRemoteSwiftPackageReference "swift-composable-architecture" */;
			productName = ComposableArchitecture;
		};
/* End XCSwiftPackageProductDependency section */
	};
	rootObject = 3829E8B724630B560075D1E6 /* Project object */;
}
