{
  "object": {
    "pins": [
      {
        "package": "Aphrodite",
        "repositoryURL": "https://github.com/LinkAndreas/Aphrodite.git",
        "state": {
          "branch": null,
          "revision": "3c13d3a4a36feb9e9e9983b31c6504e13ca91c38",
          "version": "0.2.2"
        }
      }
    ]
  },
  "version": 1
}
