{
  "object": {
    "pins": [
      {
        "package": "Aphrodite",
        "repositoryURL": "https://github.com/LinkAndreas/Aphrodite.git",
        "state": {
          "branch": null,
          "revision": "a91263d9d671e4c682630ff2e92bbbb1ce337c07",
          "version": "0.3.3"
        }
      },
      {
        "package": "combine-schedulers",
        "repositoryURL": "https://github.com/pointfreeco/combine-schedulers",
        "state": {
          "branch": null,
          "revision": "ff42ec9061d864de7982162011321d3df5080c10",
          "version": "0.1.2"
        }
      },
      {
        "package": "swift-case-paths",
        "repositoryURL": "https://github.com/pointfreeco/swift-case-paths",
        "state": {
          "branch": null,
          "revision": "ed1838ab4fa5d47db8aa640736dd5b7672548873",
          "version": "0.1.2"
        }
      },
      {
        "package": "swift-composable-architecture",
        "repositoryURL": "https://github.com/pointfreeco/swift-composable-architecture.git",
        "state": {
          "branch": null,
          "revision": "b67569f69813140cd9c984db33ee959d9711a008",
          "version": "0.9.0"
        }
      }
    ]
  },
  "version": 1
}
