{
  "object": {
    "pins": [
      {
        "package": "Aphrodite",
        "repositoryURL": "https://github.com/LinkAndreas/Aphrodite.git",
        "state": {
          "branch": null,
          "revision": "5920cb440ecd9a543e05241b3082f59eb559945f",
          "version": "0.2.3"
        }
      }
    ]
  },
  "version": 1
}
